%{
  "bimap": {:hex, :bimap, "1.3.0", "3ea4832e58dc83a9b5b407c6731e7bae87458aa618e6d11d8e12114a17afa4b3", [:mix], [], "hexpm", "bf5a2b078528465aa705f405a5c638becd63e41d280ada41e0f77e6d255a10b4"},
  "bunch": {:hex, :bunch, "1.6.0", "4775f8cdf5e801c06beed3913b0bd53fceec9d63380cdcccbda6be125a6cfd54", [:mix], [], "hexpm", "ef4e9abf83f0299d599daed3764d19e8eac5d27a5237e5e4d5e2c129cfeb9a22"},
  "bunch_native": {:hex, :bunch_native, "0.5.0", "8ac1536789a597599c10b652e0b526d8833348c19e4739a0759a2bedfd924e63", [:mix], [{:bundlex, "~> 1.0", [hex: :bundlex, repo: "hexpm", optional: false]}], "hexpm", "24190c760e32b23b36edeb2dc4852515c7c5b3b8675b1a864e0715bdd1c8f80d"},
  "bundlex": {:hex, :bundlex, "1.1.1", "e637b79a1eaab1bf019de4100b6db262aa3b660beff0cd2f3617949b1618eeda", [:mix], [{:bunch, "~> 1.0", [hex: :bunch, repo: "hexpm", optional: false]}, {:qex, "~> 0.5", [hex: :qex, repo: "hexpm", optional: false]}, {:secure_random, "~> 0.5", [hex: :secure_random, repo: "hexpm", optional: false]}], "hexpm", "1fdfa3d6240baa5a2d5496a86e2e43116f80105e93d9adfd4f1fc75be487ea30"},
  "coerce": {:hex, :coerce, "1.0.1", "211c27386315dc2894ac11bc1f413a0e38505d808153367bd5c6e75a4003d096", [:mix], [], "hexpm", "b44a691700f7a1a15b4b7e2ff1fa30bebd669929ac8aa43cffe9e2f8bf051cf1"},
  "dialyxir": {:hex, :dialyxir, "1.1.0", "c5aab0d6e71e5522e77beff7ba9e08f8e02bad90dfbeffae60eaf0cb47e29488", [:mix], [{:erlex, ">= 0.2.6", [hex: :erlex, repo: "hexpm", optional: false]}], "hexpm", "07ea8e49c45f15264ebe6d5b93799d4dd56a44036cf42d0ad9c960bc266c0b9a"},
  "erlex": {:hex, :erlex, "0.2.6", "c7987d15e899c7a2f34f5420d2a2ea0d659682c06ac607572df55a43753aa12e", [:mix], [], "hexpm", "2ed2e25711feb44d52b17d2780eabf998452f6efda104877a3881c2f8c0c0c75"},
  "membrane_aac_fdk_plugin": {:hex, :membrane_aac_fdk_plugin, "0.15.1", "35f70afcafdb27e5ea4bb67f3e5dbfd4a0ab4686c6fda7b2c422385fadabc4d2", [:mix], [{:bunch, "~> 1.4", [hex: :bunch, repo: "hexpm", optional: false]}, {:membrane_aac_format, "~> 0.7", [hex: :membrane_aac_format, repo: "hexpm", optional: false]}, {:membrane_common_c, "~> 0.15.0", [hex: :membrane_common_c, repo: "hexpm", optional: false]}, {:membrane_core, "~> 0.12.0", [hex: :membrane_core, repo: "hexpm", optional: false]}, {:membrane_raw_audio_format, "~> 0.11.0", [hex: :membrane_raw_audio_format, repo: "hexpm", optional: false]}, {:unifex, "~> 1.0", [hex: :unifex, repo: "hexpm", optional: false]}], "hexpm", "f48c3e3b1150cd87fae03a0e2f5fee6c77d32521f97a3f23a1620842ce5a64c4"},
  "membrane_aac_format": {:hex, :membrane_aac_format, "0.7.0", "93ea75b57d5cbee5db59f0250baba65a8949d32ee4cfa38224e93ea306c30048", [:mix], [{:bimap, "~> 1.1", [hex: :bimap, repo: "hexpm", optional: false]}], "hexpm", "3233d2a5a1b264039a198abcef3b7f1c64f5bde9704ec01afbf1bab43a56d415"},
  "membrane_audio_mix_plugin": {:hex, :membrane_audio_mix_plugin, "0.15.2", "6f52ccf1a052115f509520fe24261b547121e87a4c5e55b7245c0aabbfcb5ddc", [:mix], [{:bunch, "~> 1.3", [hex: :bunch, repo: "hexpm", optional: false]}, {:membrane_common_c, "~> 0.15.0", [hex: :membrane_common_c, repo: "hexpm", optional: false]}, {:membrane_core, "~> 0.12.1", [hex: :membrane_core, repo: "hexpm", optional: false]}, {:membrane_raw_audio_format, "~> 0.11.0", [hex: :membrane_raw_audio_format, repo: "hexpm", optional: false]}, {:unifex, "~> 1.0", [hex: :unifex, repo: "hexpm", optional: false]}], "hexpm", "06c29679b2ec997597519665d5f2c621800003fe8f0069b2e478a4771b3e44ba"},
  "membrane_audio_mixer_plugin": {:hex, :membrane_audio_mixer_plugin, "0.1.0", "fd3b2036687e0e0d53686d6c17b361cb75bd4e64f265ab6ec75f32c6b4515a83", [:mix], [{:bunch, "~> 1.0", [hex: :bunch, repo: "hexpm", optional: false]}, {:membrane_caps_audio_raw, "~> 0.4.0", [hex: :membrane_caps_audio_raw, repo: "hexpm", optional: false]}, {:membrane_core, "~> 0.7.0", [hex: :membrane_core, repo: "hexpm", optional: false]}], "hexpm", "3300f92caa4e792fe823b60fd7cb4729322dd87f39e1b2c1ea91efe2527dad2a"},
  "membrane_caps_audio_raw": {:hex, :membrane_caps_audio_raw, "0.4.0", "6a94d2e22c89d8995bfa3b00954ee25f0d441295d64e9a8ed153acb9149df54c", [:mix], [{:bimap, "~> 1.0", [hex: :bimap, repo: "hexpm", optional: false]}, {:bunch, "~> 1.0", [hex: :bunch, repo: "hexpm", optional: false]}, {:membrane_core, "~> 0.7.0", [hex: :membrane_core, repo: "hexpm", optional: false]}], "hexpm", "afba3a49c9c9862a58ab118de13e3d267f567e37266741c679ed446e03fa3a70"},
  "membrane_caps_video_h264": {:hex, :membrane_caps_video_h264, "0.2.0", "ecfe3a83b5e349b6ca56980c543cf3bf2275ccfb7769126fe62798f08fd7a2fe", [:mix], [], "hexpm", "36e447b8fd42cd4ad79bfa4dbf2e7f2ff3a9030c0ffa85ba951d21868a36376b"},
  "membrane_caps_video_raw": {:hex, :membrane_caps_video_raw, "0.1.0", "6aa751b0c338ea6672540b7ec7ad2be0d23bad931b8a8776757da9b279070a3b", [:mix], [], "hexpm", "3f60d65189bd9e3b0ab77e0ebf2e0c1b04d0fd6f67c546fc1d54d9958c362ce4"},
  "membrane_common_c": {:hex, :membrane_common_c, "0.15.0", "4b6005c562bf025e4a53c95a9646a9f5fa993ac440dd44c1a4d1ea210ec53793", [:mix], [{:membrane_core, "~> 0.12.0", [hex: :membrane_core, repo: "hexpm", optional: false]}, {:shmex, "~> 0.5.0", [hex: :shmex, repo: "hexpm", optional: false]}, {:unifex, "~> 1.0", [hex: :unifex, repo: "hexpm", optional: false]}], "hexpm", "f9584cca9865ed754b8333e362d49d6c449c708d7c87be6c5f7bd5a1d978d6bf"},
  "membrane_core": {:hex, :membrane_core, "0.12.7", "9d3dd564e32768919c1105b4579bd2eef12df7473da5d789185544ae22610e2d", [:mix], [{:bunch, "~> 1.6", [hex: :bunch, repo: "hexpm", optional: false]}, {:qex, "~> 0.3", [hex: :qex, repo: "hexpm", optional: false]}, {:ratio, "~> 2.0", [hex: :ratio, repo: "hexpm", optional: false]}, {:telemetry, "~> 1.0", [hex: :telemetry, repo: "hexpm", optional: false]}], "hexpm", "321e4009b7068ca04b65daf5c79b8c3772d4286c27d05e50939ec6d9b4d50e59"},
  "membrane_file_plugin": {:hex, :membrane_file_plugin, "0.14.0", "87f19f5f5afbfbaf2219b8f1d8496534cb9ad01fca74687910bf3f7aa866e244", [:mix], [{:membrane_core, "~> 0.12.0", [hex: :membrane_core, repo: "hexpm", optional: false]}], "hexpm", "28956f8d5d87735d499c57f1c24f62aeab71e0211863759e7e695ead966eb433"},
  "membrane_h264_ffmpeg_plugin": {:hex, :membrane_h264_ffmpeg_plugin, "0.27.0", "4fced15b5791b87758869537770d00b39d103d1239ef7311f4a883e036d83d7b", [:mix], [{:bunch, "~> 1.6", [hex: :bunch, repo: "hexpm", optional: false]}, {:membrane_common_c, "~> 0.15.0", [hex: :membrane_common_c, repo: "hexpm", optional: false]}, {:membrane_core, "~> 0.12.0", [hex: :membrane_core, repo: "hexpm", optional: false]}, {:membrane_h264_format, "~> 0.5.0", [hex: :membrane_h264_format, repo: "hexpm", optional: false]}, {:membrane_raw_video_format, "~> 0.3.0", [hex: :membrane_raw_video_format, repo: "hexpm", optional: false]}, {:ratio, "~> 2.4.0", [hex: :ratio, repo: "hexpm", optional: false]}, {:unifex, "~> 1.1", [hex: :unifex, repo: "hexpm", optional: false]}], "hexpm", "031887921970f793d11bfd2e2ed36ba6c3010b17c61a4702bcf50028431786dc"},
  "membrane_h264_format": {:hex, :membrane_h264_format, "0.5.0", "95c1cc00896dab6de322cee3be0c9b0b0840537b4cc49e82a34e901b4e4763f9", [:mix], [], "hexpm", "7b44e0b02d86b45d24699de3c970186dffbca6d51aca80bbed2f6a3fe5c9eba1"},
  "membrane_raw_audio_format": {:hex, :membrane_raw_audio_format, "0.11.0", "9b7e8c77f321a3fa1cac2ef157c897938084b704a90ac5450d9f5c87a249b613", [:mix], [{:bimap, "~> 1.1", [hex: :bimap, repo: "hexpm", optional: false]}, {:bunch, "~> 1.0", [hex: :bunch, repo: "hexpm", optional: false]}, {:membrane_core, "~> 0.12.0", [hex: :membrane_core, repo: "hexpm", optional: false]}], "hexpm", "89e0d46893b7cd63d1ab76467d3aae95bd8081e487b18ab0d1679c70d75f7bd8"},
  "membrane_raw_video_format": {:hex, :membrane_raw_video_format, "0.3.0", "ba10f475e0814a6fe79602a74536b796047577c7ef5b0e33def27cd344229699", [:mix], [], "hexpm", "2f08760061c8a5386ecf04273480f10e48d25a1a40aa99476302b0bcd34ccb1c"},
  "membrane_video_merger_plugin": {:hex, :membrane_video_merger_plugin, "0.8.0", "104a12c9aa85129a6d327dec3cb33689a94c7704b9186e16f8a15c06a0e1db09", [:mix], [{:membrane_core, "~> 0.12.0", [hex: :membrane_core, repo: "hexpm", optional: false]}, {:membrane_raw_video_format, "~> 0.3.0", [hex: :membrane_raw_video_format, repo: "hexpm", optional: false]}, {:ratio, "~> 2.4", [hex: :ratio, repo: "hexpm", optional: false]}], "hexpm", "06726461d5b1a5a77886859212015e9a65c7fbde97b3f37ba490de755631acb6"},
  "membrane_wav_plugin": {:hex, :membrane_wav_plugin, "0.9.1", "0ed4e5eb82d63c8ab0582133a8613055c5247040a56c7321316fc5440e0d55f7", [:mix], [{:membrane_core, "~> 0.12.0", [hex: :membrane_core, repo: "hexpm", optional: false]}, {:membrane_file_plugin, "~> 0.14.0", [hex: :membrane_file_plugin, repo: "hexpm", optional: true]}, {:membrane_raw_audio_format, "~> 0.11.0", [hex: :membrane_raw_audio_format, repo: "hexpm", optional: false]}], "hexpm", "4457df574da94d3bf663b2198f224808a821193be7fab90eb7926474cc9d5fdc"},
  "mockery": {:hex, :mockery, "2.3.1", "a02fd60b10ac9ed37a7a2ecf6786c1f1dd5c75d2b079a60594b089fba32dc087", [:mix], [], "hexpm", "1d0971d88ebf084e962da3f2cfee16f0ea8e04ff73a7710428500d4500b947fa"},
  "numbers": {:hex, :numbers, "5.2.4", "f123d5bb7f6acc366f8f445e10a32bd403c8469bdbce8ce049e1f0972b607080", [:mix], [{:coerce, "~> 1.0", [hex: :coerce, repo: "hexpm", optional: false]}, {:decimal, "~> 1.9 or ~> 2.0", [hex: :decimal, repo: "hexpm", optional: true]}], "hexpm", "eeccf5c61d5f4922198395bf87a465b6f980b8b862dd22d28198c5e6fab38582"},
  "qex": {:hex, :qex, "0.5.1", "0d82c0f008551d24fffb99d97f8299afcb8ea9cf99582b770bd004ed5af63fd6", [:mix], [], "hexpm", "935a39fdaf2445834b95951456559e9dc2063d0a055742c558a99987b38d6bab"},
  "ratio": {:hex, :ratio, "2.4.2", "c8518f3536d49b1b00d88dd20d49f8b11abb7819638093314a6348139f14f9f9", [:mix], [{:decimal, "~> 1.6 or ~> 2.0", [hex: :decimal, repo: "hexpm", optional: true]}, {:numbers, "~> 5.2.0", [hex: :numbers, repo: "hexpm", optional: false]}], "hexpm", "441ef6f73172a3503de65ccf1769030997b0d533b1039422f1e5e0e0b4cbf89e"},
  "secure_random": {:hex, :secure_random, "0.5.1", "c5532b37c89d175c328f5196a0c2a5680b15ebce3e654da37129a9fe40ebf51b", [:mix], [], "hexpm", "1b9754f15e3940a143baafd19da12293f100044df69ea12db5d72878312ae6ab"},
  "shmex": {:hex, :shmex, "0.5.0", "7dc4fb1a8bd851085a652605d690bdd070628717864b442f53d3447326bcd3e8", [:mix], [{:bunch_native, "~> 0.5.0", [hex: :bunch_native, repo: "hexpm", optional: false]}, {:bundlex, "~> 1.0", [hex: :bundlex, repo: "hexpm", optional: false]}], "hexpm", "b67bb1e22734758397c84458dbb746519e28eac210423c267c7248e59fc97bdc"},
  "telemetry": {:hex, :telemetry, "1.2.1", "68fdfe8d8f05a8428483a97d7aab2f268aaff24b49e0f599faa091f1d4e7f61c", [:rebar3], [], "hexpm", "dad9ce9d8effc621708f99eac538ef1cbe05d6a874dd741de2e689c47feafed5"},
  "unifex": {:hex, :unifex, "1.1.0", "26b1bcb6c3b3454e1ea15f85b2e570aaa5b5c609566aa9f5c2e0a8b213379d6b", [:mix], [{:bunch, "~> 1.0", [hex: :bunch, repo: "hexpm", optional: false]}, {:bundlex, "~> 1.0", [hex: :bundlex, repo: "hexpm", optional: false]}, {:shmex, "~> 0.5.0", [hex: :shmex, repo: "hexpm", optional: false]}], "hexpm", "d8f47e9e3240301f5b20eec5792d1d4341e1a3a268d94f7204703b48da4aaa06"},
}
