%{
  "bimap": {:hex, :bimap, "1.2.0", "a10b7138b75747a8ad7b602493b1fd1b221c1b73995e47dc8a7698d50d76ae98", [:mix], [], "hexpm", "f3b5a1e276c439ad35da15e7bd3b60e1f907767f1bf2155fb1690c4f10aed488"},
  "bunch": {:hex, :bunch, "1.3.0", "51b4423088b7fb9e21eae6d6bc5e5d219d955ea5556fbd6130bfb6213df4be32", [:mix], [], "hexpm", "9ad233a2bacc0dae8aa6553a9b9057f27446443b1c5903c3479b6f9f3820ce2d"},
  "bunch_native": {:hex, :bunch_native, "0.3.0", "a292baf340608d07bf2f2bbc7928a29648c15c90192e8f4c50b77ea16366d61c", [:mix], [{:bundlex, "~> 0.4.0", [hex: :bundlex, repo: "hexpm", optional: false]}], "hexpm", "8a3b4b4bc6de06f863469f6f06a0a37026bd87b0dcaa2dba688ea9da9b18b4c1"},
  "bundlex": {:hex, :bundlex, "0.4.1", "4bf149099cb6d12e8ec62601c66086442a427ff18eb6cd5fd6350451646d5db0", [:mix], [{:bunch, "~> 1.0", [hex: :bunch, repo: "hexpm", optional: false]}, {:qex, "~> 0.5", [hex: :qex, repo: "hexpm", optional: false]}, {:secure_random, "~> 0.5", [hex: :secure_random, repo: "hexpm", optional: false]}], "hexpm", "8779fe382555046edfc4efefc10a26867e3da9d5010f1b590a61dec210eedc32"},
  "coerce": {:hex, :coerce, "1.0.1", "211c27386315dc2894ac11bc1f413a0e38505d808153367bd5c6e75a4003d096", [:mix], [], "hexpm", "b44a691700f7a1a15b4b7e2ff1fa30bebd669929ac8aa43cffe9e2f8bf051cf1"},
  "dialyxir": {:hex, :dialyxir, "1.1.0", "c5aab0d6e71e5522e77beff7ba9e08f8e02bad90dfbeffae60eaf0cb47e29488", [:mix], [{:erlex, ">= 0.2.6", [hex: :erlex, repo: "hexpm", optional: false]}], "hexpm", "07ea8e49c45f15264ebe6d5b93799d4dd56a44036cf42d0ad9c960bc266c0b9a"},
  "erlex": {:hex, :erlex, "0.2.6", "c7987d15e899c7a2f34f5420d2a2ea0d659682c06ac607572df55a43753aa12e", [:mix], [], "hexpm", "2ed2e25711feb44d52b17d2780eabf998452f6efda104877a3881c2f8c0c0c75"},
  "membrane_aac_fdk_plugin": {:hex, :membrane_aac_fdk_plugin, "0.6.1", "741f4cb8456bb793fcf863b19d760888423337ebaf2d92f80045e029a0b5b627", [:mix], [{:bunch, "~> 1.0", [hex: :bunch, repo: "hexpm", optional: false]}, {:membrane_caps_audio_raw, "~> 0.4.0", [hex: :membrane_caps_audio_raw, repo: "hexpm", optional: false]}, {:membrane_common_c, "~> 0.7.0", [hex: :membrane_common_c, repo: "hexpm", optional: false]}, {:membrane_core, "~> 0.7.0", [hex: :membrane_core, repo: "hexpm", optional: false]}, {:unifex, "~> 0.4.0", [hex: :unifex, repo: "hexpm", optional: false]}], "hexpm", "8b42f2cab124f79a5e310394c4d0003d00b5d5621f0043cd0a89b2690b0a7ff1"},
  "membrane_audio_mixer_plugin": {:hex, :membrane_audio_mixer_plugin, "0.1.0", "fd3b2036687e0e0d53686d6c17b361cb75bd4e64f265ab6ec75f32c6b4515a83", [:mix], [{:bunch, "~> 1.0", [hex: :bunch, repo: "hexpm", optional: false]}, {:membrane_caps_audio_raw, "~> 0.4.0", [hex: :membrane_caps_audio_raw, repo: "hexpm", optional: false]}, {:membrane_core, "~> 0.7.0", [hex: :membrane_core, repo: "hexpm", optional: false]}], "hexpm", "3300f92caa4e792fe823b60fd7cb4729322dd87f39e1b2c1ea91efe2527dad2a"},
  "membrane_caps_audio_raw": {:hex, :membrane_caps_audio_raw, "0.4.0", "6a94d2e22c89d8995bfa3b00954ee25f0d441295d64e9a8ed153acb9149df54c", [:mix], [{:bimap, "~> 1.0", [hex: :bimap, repo: "hexpm", optional: false]}, {:bunch, "~> 1.0", [hex: :bunch, repo: "hexpm", optional: false]}, {:membrane_core, "~> 0.7.0", [hex: :membrane_core, repo: "hexpm", optional: false]}], "hexpm", "afba3a49c9c9862a58ab118de13e3d267f567e37266741c679ed446e03fa3a70"},
  "membrane_caps_video_h264": {:hex, :membrane_caps_video_h264, "0.2.0", "ecfe3a83b5e349b6ca56980c543cf3bf2275ccfb7769126fe62798f08fd7a2fe", [:mix], [], "hexpm", "36e447b8fd42cd4ad79bfa4dbf2e7f2ff3a9030c0ffa85ba951d21868a36376b"},
  "membrane_caps_video_raw": {:hex, :membrane_caps_video_raw, "0.1.0", "6aa751b0c338ea6672540b7ec7ad2be0d23bad931b8a8776757da9b279070a3b", [:mix], [], "hexpm", "3f60d65189bd9e3b0ab77e0ebf2e0c1b04d0fd6f67c546fc1d54d9958c362ce4"},
  "membrane_common_c": {:hex, :membrane_common_c, "0.7.0", "387a190ad47221712358bb66b2f9e504ad625cf372a125d076e6b22435f69ab3", [:mix], [{:membrane_core, "~> 0.7.0", [hex: :membrane_core, repo: "hexpm", optional: false]}, {:shmex, "~> 0.3.0", [hex: :shmex, repo: "hexpm", optional: false]}, {:unifex, "~> 0.4.0", [hex: :unifex, repo: "hexpm", optional: false]}], "hexpm", "33fe0740633c79443724e5d68038952fda239f36f3cecab8bbb5cde72557b4b6"},
  "membrane_core": {:hex, :membrane_core, "0.7.0", "fc773f3b79ad3b5631c3a0754c429b333a4e024989aa4a63e49aa796d2fa1bd8", [:mix], [{:bunch, "~> 1.3", [hex: :bunch, repo: "hexpm", optional: false]}, {:qex, "~> 0.3", [hex: :qex, repo: "hexpm", optional: false]}, {:ratio, "~> 2.0", [hex: :ratio, repo: "hexpm", optional: false]}, {:telemetry, "~> 0.4", [hex: :telemetry, repo: "hexpm", optional: false]}], "hexpm", "4d04d42712d5548cf22993d85a7fdee9f4b6dfe31500ed299ed692fabdbc9824"},
  "membrane_file_plugin": {:hex, :membrane_file_plugin, "0.6.0", "ddaaa67e9de7fd6f03aedb82b0c6f31110cdccce21adf4486af013b3eab943a1", [:mix], [{:membrane_core, "~> 0.7.0", [hex: :membrane_core, repo: "hexpm", optional: false]}, {:mockery, "~> 2.2", [hex: :mockery, repo: "hexpm", optional: false]}], "hexpm", "9a570b96bd6f1053cc33eb47285efcf102532dafdbf78e96c39f6897b01d287e"},
  "membrane_h264_ffmpeg_plugin": {:hex, :membrane_h264_ffmpeg_plugin, "0.10.0", "d67a27635db2375ffb667b372d8987ce24b5a90f47e45c8aa834f079eb71be30", [:mix], [{:bunch, "~> 1.3.0", [hex: :bunch, repo: "hexpm", optional: false]}, {:membrane_caps_video_h264, "~> 0.2.0", [hex: :membrane_caps_video_h264, repo: "hexpm", optional: false]}, {:membrane_caps_video_raw, "~> 0.1.0", [hex: :membrane_caps_video_raw, repo: "hexpm", optional: false]}, {:membrane_common_c, "~> 0.7.0", [hex: :membrane_common_c, repo: "hexpm", optional: false]}, {:membrane_core, "~> 0.7.0", [hex: :membrane_core, repo: "hexpm", optional: false]}, {:ratio, "~> 2.4.0", [hex: :ratio, repo: "hexpm", optional: false]}, {:unifex, "~> 0.4.0", [hex: :unifex, repo: "hexpm", optional: false]}], "hexpm", "0f9522870018cca066ccdcacfd4104524d939faa34575fc22ae7462b1595a431"},
  "membrane_video_merger_plugin": {:hex, :membrane_video_merger_plugin, "0.1.0", "e7ebc9a290219332d247f0b92b536005ad79dd18e2f9680b16f8a875bdad2648", [:mix], [{:membrane_caps_video_raw, "~> 0.1.0", [hex: :membrane_caps_video_raw, repo: "hexpm", optional: false]}, {:membrane_core, "~> 0.7.0", [hex: :membrane_core, repo: "hexpm", optional: false]}, {:membrane_h264_ffmpeg_plugin, "~> 0.10.0", [hex: :membrane_h264_ffmpeg_plugin, repo: "hexpm", optional: false]}, {:ratio, "~> 2.4", [hex: :ratio, repo: "hexpm", optional: false]}], "hexpm", "14bf3475fc7396fd4bff6fe514ac321123c09f29ba603548a20cb091835b4f5d"},
  "membrane_wav_plugin": {:hex, :membrane_wav_plugin, "0.1.0", "bc65618b8c87b95113ae7e2dbb17b99b20eb8a511b01618514f494ba3817e356", [:mix], [{:membrane_caps_audio_raw, "~> 0.4.0", [hex: :membrane_caps_audio_raw, repo: "hexpm", optional: false]}, {:membrane_core, "~> 0.7.0", [hex: :membrane_core, repo: "hexpm", optional: false]}], "hexpm", "46142aaf64668f31abe747f8b78968368096313e5a81ff4b9f306f424590b0c2"},
  "mockery": {:hex, :mockery, "2.3.1", "a02fd60b10ac9ed37a7a2ecf6786c1f1dd5c75d2b079a60594b089fba32dc087", [:mix], [], "hexpm", "1d0971d88ebf084e962da3f2cfee16f0ea8e04ff73a7710428500d4500b947fa"},
  "numbers": {:hex, :numbers, "5.2.4", "f123d5bb7f6acc366f8f445e10a32bd403c8469bdbce8ce049e1f0972b607080", [:mix], [{:coerce, "~> 1.0", [hex: :coerce, repo: "hexpm", optional: false]}, {:decimal, "~> 1.9 or ~> 2.0", [hex: :decimal, repo: "hexpm", optional: true]}], "hexpm", "eeccf5c61d5f4922198395bf87a465b6f980b8b862dd22d28198c5e6fab38582"},
  "qex": {:hex, :qex, "0.5.0", "5a3a9becf67d4006377c4c247ffdaaa8ae5b3634a0caadb788dc24d6125068f4", [:mix], [], "hexpm", "4ad6f6421163cd8204509a119a5c9813cbb969cfb8d802a9dc49b968bffbac2a"},
  "ratio": {:hex, :ratio, "2.4.2", "c8518f3536d49b1b00d88dd20d49f8b11abb7819638093314a6348139f14f9f9", [:mix], [{:decimal, "~> 1.6 or ~> 2.0", [hex: :decimal, repo: "hexpm", optional: true]}, {:numbers, "~> 5.2.0", [hex: :numbers, repo: "hexpm", optional: false]}], "hexpm", "441ef6f73172a3503de65ccf1769030997b0d533b1039422f1e5e0e0b4cbf89e"},
  "secure_random": {:hex, :secure_random, "0.5.1", "c5532b37c89d175c328f5196a0c2a5680b15ebce3e654da37129a9fe40ebf51b", [:mix], [], "hexpm", "1b9754f15e3940a143baafd19da12293f100044df69ea12db5d72878312ae6ab"},
  "shmex": {:hex, :shmex, "0.3.0", "5b995fa0bba3ff48fb9a93fdd116f5e6f7c0012da00775564a8d29d199618b8c", [:mix], [{:bunch_native, "~> 0.3.0", [hex: :bunch_native, repo: "hexpm", optional: false]}, {:bundlex, "~> 0.4.0", [hex: :bundlex, repo: "hexpm", optional: false]}], "hexpm", "05b2cc456eb549bd40a53bf641c47008acba0185f25c1906b934b0b91c36f1c4"},
  "telemetry": {:hex, :telemetry, "0.4.3", "a06428a514bdbc63293cd9a6263aad00ddeb66f608163bdec7c8995784080818", [:rebar3], [], "hexpm", "eb72b8365ffda5bed68a620d1da88525e326cb82a75ee61354fc24b844768041"},
  "unifex": {:hex, :unifex, "0.4.0", "391521000025bf767cd256454af602af8bf08094f7a378c5ebc7fc4e952ab61a", [:mix], [{:bunch, "~> 1.0", [hex: :bunch, repo: "hexpm", optional: false]}, {:bundlex, "~> 0.4.0", [hex: :bundlex, repo: "hexpm", optional: false]}, {:shmex, "~> 0.3.0", [hex: :shmex, repo: "hexpm", optional: false]}], "hexpm", "fa04d223eb34e464ce4c70874b2da905cf85123d0bfa6543cc42694f98d55693"},
}
