%{
  "bimap": {:hex, :bimap, "1.3.0", "3ea4832e58dc83a9b5b407c6731e7bae87458aa618e6d11d8e12114a17afa4b3", [:mix], [], "hexpm", "bf5a2b078528465aa705f405a5c638becd63e41d280ada41e0f77e6d255a10b4"},
  "bunch": {:hex, :bunch, "1.6.1", "5393d827a64d5f846092703441ea50e65bc09f37fd8e320878f13e63d410aec7", [:mix], [], "hexpm", "286cc3add551628b30605efbe2fca4e38cc1bea89bcd0a1a7226920b3364fe4a"},
  "bunch_native": {:hex, :bunch_native, "0.5.0", "8ac1536789a597599c10b652e0b526d8833348c19e4739a0759a2bedfd924e63", [:mix], [{:bundlex, "~> 1.0", [hex: :bundlex, repo: "hexpm", optional: false]}], "hexpm", "24190c760e32b23b36edeb2dc4852515c7c5b3b8675b1a864e0715bdd1c8f80d"},
  "bundlex": {:hex, :bundlex, "1.4.3", "0942e3b944b312a2d19f4ecf7056f878f6edb2d0b45156d90fb24c5899a2260f", [:mix], [{:bunch, "~> 1.0", [hex: :bunch, repo: "hexpm", optional: false]}, {:elixir_uuid, "~> 1.2", [hex: :elixir_uuid, repo: "hexpm", optional: false]}, {:qex, "~> 0.5", [hex: :qex, repo: "hexpm", optional: false]}, {:req, "~> 0.4.0", [hex: :req, repo: "hexpm", optional: false]}, {:zarex, "~> 1.0", [hex: :zarex, repo: "hexpm", optional: false]}], "hexpm", "0194b92c769110eda358b5bc3ecd80483bcc73255d0e504b7241bde1d416bd37"},
  "castore": {:hex, :castore, "1.0.5", "9eeebb394cc9a0f3ae56b813459f990abb0a3dedee1be6b27fdb50301930502f", [:mix], [], "hexpm", "8d7c597c3e4a64c395980882d4bca3cebb8d74197c590dc272cfd3b6a6310578"},
  "coerce": {:hex, :coerce, "1.0.1", "211c27386315dc2894ac11bc1f413a0e38505d808153367bd5c6e75a4003d096", [:mix], [], "hexpm", "b44a691700f7a1a15b4b7e2ff1fa30bebd669929ac8aa43cffe9e2f8bf051cf1"},
  "dialyxir": {:hex, :dialyxir, "1.4.3", "edd0124f358f0b9e95bfe53a9fcf806d615d8f838e2202a9f430d59566b6b53b", [:mix], [{:erlex, ">= 0.2.6", [hex: :erlex, repo: "hexpm", optional: false]}], "hexpm", "bf2cfb75cd5c5006bec30141b131663299c661a864ec7fbbc72dfa557487a986"},
  "elixir_uuid": {:hex, :elixir_uuid, "1.2.1", "dce506597acb7e6b0daeaff52ff6a9043f5919a4c3315abb4143f0b00378c097", [:mix], [], "hexpm", "f7eba2ea6c3555cea09706492716b0d87397b88946e6380898c2889d68585752"},
  "erlex": {:hex, :erlex, "0.2.6", "c7987d15e899c7a2f34f5420d2a2ea0d659682c06ac607572df55a43753aa12e", [:mix], [], "hexpm", "2ed2e25711feb44d52b17d2780eabf998452f6efda104877a3881c2f8c0c0c75"},
  "finch": {:hex, :finch, "0.16.0", "40733f02c89f94a112518071c0a91fe86069560f5dbdb39f9150042f44dcfb1a", [:mix], [{:castore, "~> 0.1 or ~> 1.0", [hex: :castore, repo: "hexpm", optional: false]}, {:mime, "~> 1.0 or ~> 2.0", [hex: :mime, repo: "hexpm", optional: false]}, {:mint, "~> 1.3", [hex: :mint, repo: "hexpm", optional: false]}, {:nimble_options, "~> 0.4 or ~> 1.0", [hex: :nimble_options, repo: "hexpm", optional: false]}, {:nimble_pool, "~> 0.2.6 or ~> 1.0", [hex: :nimble_pool, repo: "hexpm", optional: false]}, {:telemetry, "~> 0.4 or ~> 1.0", [hex: :telemetry, repo: "hexpm", optional: false]}], "hexpm", "f660174c4d519e5fec629016054d60edd822cdfe2b7270836739ac2f97735ec5"},
  "hpax": {:hex, :hpax, "0.1.2", "09a75600d9d8bbd064cdd741f21fc06fc1f4cf3d0fcc335e5aa19be1a7235c84", [:mix], [], "hexpm", "2c87843d5a23f5f16748ebe77969880e29809580efdaccd615cd3bed628a8c13"},
  "jason": {:hex, :jason, "1.4.1", "af1504e35f629ddcdd6addb3513c3853991f694921b1b9368b0bd32beb9f1b63", [:mix], [{:decimal, "~> 1.0 or ~> 2.0", [hex: :decimal, repo: "hexpm", optional: true]}], "hexpm", "fbb01ecdfd565b56261302f7e1fcc27c4fb8f32d56eab74db621fc154604a7a1"},
  "membrane_caps_audio_mpeg": {:hex, :membrane_caps_audio_mpeg, "0.2.0", "9cf9a63f03e25b31cf31445325aa68e60a07d36ee1e759caa1422fa45df49367", [:mix], [], "hexpm", "f7a80e4841d46164c148be880932ac7425329f4bcc32eb36ad2e47eafe5f23e4"},
  "membrane_caps_audio_raw": {:hex, :membrane_caps_audio_raw, "0.4.0", "6a94d2e22c89d8995bfa3b00954ee25f0d441295d64e9a8ed153acb9149df54c", [:mix], [{:bimap, "~> 1.0", [hex: :bimap, repo: "hexpm", optional: false]}, {:bunch, "~> 1.0", [hex: :bunch, repo: "hexpm", optional: false]}, {:membrane_core, "~> 0.7.0", [hex: :membrane_core, repo: "hexpm", optional: false]}], "hexpm", "afba3a49c9c9862a58ab118de13e3d267f567e37266741c679ed446e03fa3a70"},
  "membrane_common_c": {:hex, :membrane_common_c, "0.16.0", "caf3f29d2f5a1d32d8c2c122866110775866db2726e4272be58e66dfdf4bce40", [:mix], [{:membrane_core, "~> 1.0", [hex: :membrane_core, repo: "hexpm", optional: false]}, {:shmex, "~> 0.5.0", [hex: :shmex, repo: "hexpm", optional: false]}, {:unifex, "~> 1.0", [hex: :unifex, repo: "hexpm", optional: false]}], "hexpm", "a3c7e91de1ce1f8b23b9823188a5d13654d317235ea0ca781c05353ed3be9b1c"},
  "membrane_core": {:hex, :membrane_core, "1.0.0", "1b543aefd952283be1f2a215a1db213aa4d91222722ba03cd35280622f1905ee", [:mix], [{:bunch, "~> 1.6", [hex: :bunch, repo: "hexpm", optional: false]}, {:qex, "~> 0.3", [hex: :qex, repo: "hexpm", optional: false]}, {:ratio, "~> 3.0", [hex: :ratio, repo: "hexpm", optional: false]}, {:telemetry, "~> 1.0", [hex: :telemetry, repo: "hexpm", optional: false]}], "hexpm", "352c90fd0a29942143c4bf7a727cc05c632e323f50a1a4e99321b1e8982f1533"},
  "membrane_element_ffmpeg_swresample": {:hex, :membrane_element_ffmpeg_swresample, "0.3.1", "bb971f9a76ff60bd8eb0a2ca9617a606f622a969be498ba6f247a9f6a5bda2b1", [:mix], [{:bunch, "~> 1.0", [hex: :bunch, repo: "hexpm", optional: false]}, {:bundlex, "~> 0.2.7", [hex: :bundlex, repo: "hexpm", optional: false]}, {:membrane_caps_audio_raw, "~> 0.2.0", [hex: :membrane_caps_audio_raw, repo: "hexpm", optional: false]}, {:membrane_common_c, "~> 0.3.0", [hex: :membrane_common_c, repo: "hexpm", optional: false]}, {:membrane_core, "~> 0.5.0", [hex: :membrane_core, repo: "hexpm", optional: false]}, {:mockery, "~> 2.1", [hex: :mockery, repo: "hexpm", optional: false]}, {:unifex, "~> 0.2.0", [hex: :unifex, repo: "hexpm", optional: false]}], "hexpm", "154c74117af4e5033a4aea777b3fc4c8d91c85ded438f8a7f59bb573cfaa7bc9"},
  "membrane_element_file": {:hex, :membrane_element_file, "0.3.0", "45a7e5d42f794253752f14d15db3749596f32f44e42cc4e001c6b426915fdf4f", [:mix], [{:membrane_core, "~> 0.5.0", [hex: :membrane_core, repo: "hexpm", optional: false]}, {:mockery, "~> 2.2", [hex: :mockery, repo: "hexpm", optional: false]}], "hexpm", "a80ad07f8c772c7c420ded2ef67f3fc9c55c736a2cd94a02fb0f33853b83d10e"},
  "membrane_element_lame": {:hex, :membrane_element_lame, "0.1.0", "be2d29c2bd6668eb1622d289abe9def625c39a006662f1dff360fdb733edd084", [:mix], [{:bundlex, "~> 0.1", [hex: :bundlex, repo: "hexpm", optional: false]}, {:membrane_caps_audio_mpeg, "~> 0.1", [hex: :membrane_caps_audio_mpeg, repo: "hexpm", optional: false]}, {:membrane_caps_audio_raw, "~> 0.1", [hex: :membrane_caps_audio_raw, repo: "hexpm", optional: false]}, {:membrane_common_c, "~> 0.1", [hex: :membrane_common_c, repo: "hexpm", optional: false]}, {:membrane_core, "~> 0.1", [hex: :membrane_core, repo: "hexpm", optional: false]}], "hexpm"},
  "membrane_element_mad": {:hex, :membrane_element_mad, "0.3.1", "cec28602541f36fdea08affb0f5b88bfe3b4d2dd2dcc12cb8634839684ab1f34", [:mix], [{:bundlex, "~> 0.2.0", [hex: :bundlex, repo: "hexpm", optional: false]}, {:membrane_caps_audio_mpeg, "~> 0.2.0", [hex: :membrane_caps_audio_mpeg, repo: "hexpm", optional: false]}, {:membrane_caps_audio_raw, "~> 0.2.0", [hex: :membrane_caps_audio_raw, repo: "hexpm", optional: false]}, {:membrane_common_c, "~> 0.3.0", [hex: :membrane_common_c, repo: "hexpm", optional: false]}, {:membrane_core, "~> 0.5.0", [hex: :membrane_core, repo: "hexpm", optional: false]}, {:unifex, "~> 0.2.0", [hex: :unifex, repo: "hexpm", optional: false]}], "hexpm", "aacd4ef6e80cee07893669282de6d7f6f885c15bce745d4e9d3a8e651bf6c956"},
  "membrane_element_portaudio": {:hex, :membrane_element_portaudio, "0.3.2", "2860d37ad00cc95516f1873640ee941623bcbe7b63ebcc322aceec550614cb70", [:mix], [{:bunch, "~> 1.2", [hex: :bunch, repo: "hexpm", optional: false]}, {:bundlex, "~> 0.2.0", [hex: :bundlex, repo: "hexpm", optional: false]}, {:membrane_caps_audio_raw, "~> 0.2.0", [hex: :membrane_caps_audio_raw, repo: "hexpm", optional: false]}, {:membrane_common_c, "~> 0.3.0", [hex: :membrane_common_c, repo: "hexpm", optional: false]}, {:membrane_core, "~> 0.5.0", [hex: :membrane_core, repo: "hexpm", optional: false]}, {:mockery, "~> 2.1", [hex: :mockery, repo: "hexpm", optional: false]}, {:unifex, "~> 0.2.0", [hex: :unifex, repo: "hexpm", optional: false]}], "hexpm", "a6ee7c11da535ad72d05f29aef2d5db0bf1c39ca27ba0e5f2fac8f2e64f09c36"},
  "membrane_ffmpeg_swresample_plugin": {:hex, :membrane_ffmpeg_swresample_plugin, "0.19.1", "46104f915c5dd93495bc1aec4d574746a80203f9f82e62fa81f2e222eed28afb", [:mix], [{:bunch, "~> 1.6", [hex: :bunch, repo: "hexpm", optional: false]}, {:bundlex, "~> 1.2", [hex: :bundlex, repo: "hexpm", optional: false]}, {:membrane_common_c, "~> 0.16.0", [hex: :membrane_common_c, repo: "hexpm", optional: false]}, {:membrane_core, "~> 1.0", [hex: :membrane_core, repo: "hexpm", optional: false]}, {:membrane_precompiled_dependency_provider, "~> 0.1.0", [hex: :membrane_precompiled_dependency_provider, repo: "hexpm", optional: false]}, {:membrane_raw_audio_format, "~> 0.12.0", [hex: :membrane_raw_audio_format, repo: "hexpm", optional: false]}, {:mockery, "~> 2.1", [hex: :mockery, repo: "hexpm", optional: false]}, {:unifex, "~> 1.1", [hex: :unifex, repo: "hexpm", optional: false]}], "hexpm", "5a188a13c524390d9995029c140afa2cdb15ed838db86c5641031386e59d58d1"},
  "membrane_file_plugin": {:hex, :membrane_file_plugin, "0.16.0", "7917f6682c22b9bcfc2ca20ed960eee0f7d03ad31fd5f59ed850f1fe3ddd545a", [:mix], [{:membrane_core, "~> 1.0", [hex: :membrane_core, repo: "hexpm", optional: false]}], "hexpm", "b0727998f75a9b4dab8a2baefdfc13c3eac00a04e061ab1b0e61dc5566927acc"},
  "membrane_loggers": {:hex, :membrane_loggers, "0.3.0", "3dc97a16c459d0fd9eb35e177aa42974b806b21f298e1a7736516aef51d2b27d", [:mix], [{:bunch_native, "~> 0.2.0", [hex: :bunch_native, repo: "hexpm", optional: false]}, {:bundlex, "~> 0.2.7", [hex: :bundlex, repo: "hexpm", optional: false]}, {:membrane_common_c, "~> 0.3.0", [hex: :membrane_common_c, repo: "hexpm", optional: false]}, {:membrane_core, "~> 0.5.0", [hex: :membrane_core, repo: "hexpm", optional: false]}], "hexpm", "1dfa9b9780ba98b8ca9992454ee310861dc22a962a34a9ce2d81f73fe86da726"},
  "membrane_mp3_mad_plugin": {:hex, :membrane_mp3_mad_plugin, "0.18.2", "cc8748c195208b2c49ab6def652c92c20bce694c6b6dd0c9f79eb1a0558e3143", [:mix], [{:bundlex, "~> 1.3", [hex: :bundlex, repo: "hexpm", optional: false]}, {:membrane_common_c, "~> 0.16.0", [hex: :membrane_common_c, repo: "hexpm", optional: false]}, {:membrane_core, "~> 1.0", [hex: :membrane_core, repo: "hexpm", optional: false]}, {:membrane_mpegaudio_format, "~> 0.3.0", [hex: :membrane_mpegaudio_format, repo: "hexpm", optional: false]}, {:membrane_precompiled_dependency_provider, "~> 0.1.0", [hex: :membrane_precompiled_dependency_provider, repo: "hexpm", optional: false]}, {:membrane_raw_audio_format, "~> 0.12.0", [hex: :membrane_raw_audio_format, repo: "hexpm", optional: false]}, {:unifex, "~> 1.1.0", [hex: :unifex, repo: "hexpm", optional: false]}], "hexpm", "6e6da1ccd201820894f9edbfa42f02d013a7ced74a34182bf1042e7eb9b97bf9"},
  "membrane_mpegaudio_format": {:hex, :membrane_mpegaudio_format, "0.3.0", "d4fee77fad9f953171c52acd6d53b6646cfc7fbb827c63caa7c6a1efeb86450a", [:mix], [], "hexpm", "dec903efd0086133402b44515d04301790832b4f39995747b0e712c8f966d50d"},
  "membrane_portaudio_plugin": {:hex, :membrane_portaudio_plugin, "0.18.3", "1c1df27aefb08142e7312d494cd1a571157c4c1c770562e9f8417f1cf5b9c976", [:mix], [{:bunch, "~> 1.5", [hex: :bunch, repo: "hexpm", optional: false]}, {:bundlex, "~> 1.3", [hex: :bundlex, repo: "hexpm", optional: false]}, {:membrane_common_c, "~> 0.16.0", [hex: :membrane_common_c, repo: "hexpm", optional: false]}, {:membrane_core, "~> 1.0", [hex: :membrane_core, repo: "hexpm", optional: false]}, {:membrane_precompiled_dependency_provider, "~> 0.1.0", [hex: :membrane_precompiled_dependency_provider, repo: "hexpm", optional: false]}, {:membrane_raw_audio_format, "~> 0.12.0", [hex: :membrane_raw_audio_format, repo: "hexpm", optional: false]}, {:mockery, "~> 2.1", [hex: :mockery, repo: "hexpm", optional: false]}], "hexpm", "15a835f6f9255627b442889c4a1a5c4f8995c5405e8aa6a8d88da61445efbbbe"},
  "membrane_precompiled_dependency_provider": {:hex, :membrane_precompiled_dependency_provider, "0.1.1", "a0d5b7942f8be452c30744207f78284f6a0e0c84c968aba7d76e206fbf75bc5d", [:mix], [{:bundlex, "~> 1.4", [hex: :bundlex, repo: "hexpm", optional: false]}], "hexpm", "87ad44752e2cf0fa3b31c5aac15b863343c2f6e0f0fd201f5ec4c0bcda8c6fa3"},
  "membrane_raw_audio_format": {:hex, :membrane_raw_audio_format, "0.12.0", "b574cd90f69ce2a8b6201b0ccf0826ca28b0fbc8245b8078d9f11cef65f7d5d5", [:mix], [{:bimap, "~> 1.1", [hex: :bimap, repo: "hexpm", optional: false]}, {:bunch, "~> 1.0", [hex: :bunch, repo: "hexpm", optional: false]}, {:membrane_core, "~> 1.0", [hex: :membrane_core, repo: "hexpm", optional: false]}], "hexpm", "6e6c98e3622a2b9df19eab50ba65d7eb45949b1ba306fa8423df6cdb12fd0b44"},
  "mime": {:hex, :mime, "2.0.5", "dc34c8efd439abe6ae0343edbb8556f4d63f178594894720607772a041b04b02", [:mix], [], "hexpm", "da0d64a365c45bc9935cc5c8a7fc5e49a0e0f9932a761c55d6c52b142780a05c"},
  "mint": {:hex, :mint, "1.5.2", "4805e059f96028948870d23d7783613b7e6b0e2fb4e98d720383852a760067fd", [:mix], [{:castore, "~> 0.1.0 or ~> 1.0", [hex: :castore, repo: "hexpm", optional: true]}, {:hpax, "~> 0.1.1", [hex: :hpax, repo: "hexpm", optional: false]}], "hexpm", "d77d9e9ce4eb35941907f1d3df38d8f750c357865353e21d335bdcdf6d892a02"},
  "mockery": {:hex, :mockery, "2.3.1", "a02fd60b10ac9ed37a7a2ecf6786c1f1dd5c75d2b079a60594b089fba32dc087", [:mix], [], "hexpm", "1d0971d88ebf084e962da3f2cfee16f0ea8e04ff73a7710428500d4500b947fa"},
  "nimble_options": {:hex, :nimble_options, "1.1.0", "3b31a57ede9cb1502071fade751ab0c7b8dbe75a9a4c2b5bbb0943a690b63172", [:mix], [], "hexpm", "8bbbb3941af3ca9acc7835f5655ea062111c9c27bcac53e004460dfd19008a99"},
  "nimble_pool": {:hex, :nimble_pool, "1.0.0", "5eb82705d138f4dd4423f69ceb19ac667b3b492ae570c9f5c900bb3d2f50a847", [:mix], [], "hexpm", "80be3b882d2d351882256087078e1b1952a28bf98d0a287be87e4a24a710b67a"},
  "numbers": {:hex, :numbers, "5.2.4", "f123d5bb7f6acc366f8f445e10a32bd403c8469bdbce8ce049e1f0972b607080", [:mix], [{:coerce, "~> 1.0", [hex: :coerce, repo: "hexpm", optional: false]}, {:decimal, "~> 1.9 or ~> 2.0", [hex: :decimal, repo: "hexpm", optional: true]}], "hexpm", "eeccf5c61d5f4922198395bf87a465b6f980b8b862dd22d28198c5e6fab38582"},
  "porcelain": {:hex, :porcelain, "2.0.3", "2d77b17d1f21fed875b8c5ecba72a01533db2013bd2e5e62c6d286c029150fdc", [:mix], [], "hexpm"},
  "qex": {:hex, :qex, "0.5.1", "0d82c0f008551d24fffb99d97f8299afcb8ea9cf99582b770bd004ed5af63fd6", [:mix], [], "hexpm", "935a39fdaf2445834b95951456559e9dc2063d0a055742c558a99987b38d6bab"},
  "ratio": {:hex, :ratio, "3.0.2", "60a5976872a4dc3d873ecc57eed1738589e99d1094834b9c935b118231297cfb", [:mix], [{:decimal, "~> 1.6 or ~> 2.0", [hex: :decimal, repo: "hexpm", optional: true]}, {:numbers, "~> 5.2.0", [hex: :numbers, repo: "hexpm", optional: false]}], "hexpm", "3a13ed5a30ad0bfd7e4a86bf86d93d2b5a06f5904417d38d3f3ea6406cdfc7bb"},
  "req": {:hex, :req, "0.4.8", "2b754a3925ddbf4ad78c56f30208ced6aefe111a7ea07fb56c23dccc13eb87ae", [:mix], [{:brotli, "~> 0.3.1", [hex: :brotli, repo: "hexpm", optional: true]}, {:ezstd, "~> 1.0", [hex: :ezstd, repo: "hexpm", optional: true]}, {:finch, "~> 0.9", [hex: :finch, repo: "hexpm", optional: false]}, {:jason, "~> 1.0", [hex: :jason, repo: "hexpm", optional: false]}, {:mime, "~> 1.6 or ~> 2.0", [hex: :mime, repo: "hexpm", optional: false]}, {:nimble_csv, "~> 1.0", [hex: :nimble_csv, repo: "hexpm", optional: true]}, {:plug, "~> 1.0", [hex: :plug, repo: "hexpm", optional: true]}], "hexpm", "7146e51d52593bb7f20d00b5308a5d7d17d663d6e85cd071452b613a8277100c"},
  "secure_random": {:hex, :secure_random, "0.5.1", "c5532b37c89d175c328f5196a0c2a5680b15ebce3e654da37129a9fe40ebf51b", [:mix], [], "hexpm", "1b9754f15e3940a143baafd19da12293f100044df69ea12db5d72878312ae6ab"},
  "shmex": {:hex, :shmex, "0.5.0", "7dc4fb1a8bd851085a652605d690bdd070628717864b442f53d3447326bcd3e8", [:mix], [{:bunch_native, "~> 0.5.0", [hex: :bunch_native, repo: "hexpm", optional: false]}, {:bundlex, "~> 1.0", [hex: :bundlex, repo: "hexpm", optional: false]}], "hexpm", "b67bb1e22734758397c84458dbb746519e28eac210423c267c7248e59fc97bdc"},
  "telemetry": {:hex, :telemetry, "1.2.1", "68fdfe8d8f05a8428483a97d7aab2f268aaff24b49e0f599faa091f1d4e7f61c", [:rebar3], [], "hexpm", "dad9ce9d8effc621708f99eac538ef1cbe05d6a874dd741de2e689c47feafed5"},
  "unifex": {:hex, :unifex, "1.1.0", "26b1bcb6c3b3454e1ea15f85b2e570aaa5b5c609566aa9f5c2e0a8b213379d6b", [:mix], [{:bunch, "~> 1.0", [hex: :bunch, repo: "hexpm", optional: false]}, {:bundlex, "~> 1.0", [hex: :bundlex, repo: "hexpm", optional: false]}, {:shmex, "~> 0.5.0", [hex: :shmex, repo: "hexpm", optional: false]}], "hexpm", "d8f47e9e3240301f5b20eec5792d1d4341e1a3a268d94f7204703b48da4aaa06"},
  "zarex": {:hex, :zarex, "1.0.3", "a9e9527a1c31df7f39499819bd76ccb15b0b4e479eed5a4a40db9df7ad7db25c", [:mix], [], "hexpm", "4400a7d33bbf222383ce9a3d5ec9411798eb2b12e86c65ad8e6ac08d8116ca8b"},
}
