%{
  "bimap": {:hex, :bimap, "1.1.1", "783a5f31423ffd608040985de1fc9bc17bd73c813fe79f3b3576ff574ad81d1c", [:mix], [], "hexpm", "861b630d470934ad4c5063ed795f865409473c41d80d9b897ae07f11049045ab"},
  "bunch": {:hex, :bunch, "1.3.0", "51b4423088b7fb9e21eae6d6bc5e5d219d955ea5556fbd6130bfb6213df4be32", [:mix], [], "hexpm", "9ad233a2bacc0dae8aa6553a9b9057f27446443b1c5903c3479b6f9f3820ce2d"},
  "bunch_native": {:hex, :bunch_native, "0.3.0", "a292baf340608d07bf2f2bbc7928a29648c15c90192e8f4c50b77ea16366d61c", [:mix], [{:bundlex, "~> 0.4.0", [hex: :bundlex, repo: "hexpm", optional: false]}], "hexpm", "8a3b4b4bc6de06f863469f6f06a0a37026bd87b0dcaa2dba688ea9da9b18b4c1"},
  "bundlex": {:hex, :bundlex, "0.4.1", "4bf149099cb6d12e8ec62601c66086442a427ff18eb6cd5fd6350451646d5db0", [:mix], [{:bunch, "~> 1.0", [hex: :bunch, repo: "hexpm", optional: false]}, {:qex, "~> 0.5", [hex: :qex, repo: "hexpm", optional: false]}, {:secure_random, "~> 0.5", [hex: :secure_random, repo: "hexpm", optional: false]}], "hexpm", "8779fe382555046edfc4efefc10a26867e3da9d5010f1b590a61dec210eedc32"},
  "coerce": {:hex, :coerce, "1.0.1", "211c27386315dc2894ac11bc1f413a0e38505d808153367bd5c6e75a4003d096", [:mix], [], "hexpm", "b44a691700f7a1a15b4b7e2ff1fa30bebd669929ac8aa43cffe9e2f8bf051cf1"},
  "crc": {:hex, :crc, "0.10.1", "87a0478e5a930926f1062397c9eb32d981f6b3abbc352d6d6fecf45a1725b249", [:mix, :rebar3], [{:elixir_make, "~> 0.6", [hex: :elixir_make, repo: "hexpm", optional: false]}], "hexpm", "ed3a9a673d4726fd12d6f58811f014e33cb3926b28f9639b12456ccb241d0f9b"},
  "csv": {:hex, :csv, "2.3.1", "9ce11eff5a74a07baf3787b2b19dd798724d29a9c3a492a41df39f6af686da0e", [:mix], [{:parallel_stream, "~> 1.0.4", [hex: :parallel_stream, repo: "hexpm", optional: false]}], "hexpm", "86626e1c89a4ad9a96d0d9c638f9e88c2346b89b4ba1611988594ebe72b5d5ee"},
  "elixir_make": {:hex, :elixir_make, "0.6.2", "7dffacd77dec4c37b39af867cedaabb0b59f6a871f89722c25b28fcd4bd70530", [:mix], [], "hexpm", "03e49eadda22526a7e5279d53321d1cced6552f344ba4e03e619063de75348d9"},
  "ex_libsrtp": {:hex, :ex_libsrtp, "0.1.0", "00f91d7a45d5c10664c552a189005d1efc0b7908af9aac6ea2cd0ce9657a94ec", [:mix], [{:bunch, "~> 1.3", [hex: :bunch, repo: "hexpm", optional: false]}, {:unifex, "~> 0.3", [hex: :unifex, repo: "hexpm", optional: false]}], "hexpm", "0495442fab9ee106aed9bf1b659f72aa6048a78455942ac472a7a607704b0b02"},
  "heap": {:hex, :heap, "2.0.2", "d98cb178286cfeb5edbcf17785e2d20af73ca57b5a2cf4af584118afbcf917eb", [:mix], [], "hexpm", "ba9ea2fe99eb4bcbd9a8a28eaf71cbcac449ca1d8e71731596aace9028c9d429"},
  "membrane_aac_format": {:hex, :membrane_aac_format, "0.2.0", "08f9e5865069cbbf6c067e9b300698baff4381441bbe0727337d78c298862e44", [:mix], [{:bimap, "~> 1.1", [hex: :bimap, repo: "hexpm", optional: false]}, {:membrane_core, "~> 0.6.0", [hex: :membrane_core, repo: "hexpm", optional: false]}], "hexpm", "eb00cf02f59daebf711b234cf7d8a624c91c634e3efb2591efbee90d57c25fb0"},
  "membrane_aac_plugin": {:hex, :membrane_aac_plugin, "0.6.0", "878b3853b8fc77510d315aaa281a006b94aff7b7ad04a4a1c0bbeb1b5049eac7", [:mix], [{:bunch, "~> 1.0", [hex: :bunch, repo: "hexpm", optional: false]}, {:crc, "~> 0.10.1", [hex: :crc, repo: "hexpm", optional: false]}, {:membrane_aac_format, "~> 0.2.0", [hex: :membrane_aac_format, repo: "hexpm", optional: false]}, {:membrane_core, "~> 0.6.0", [hex: :membrane_core, repo: "hexpm", optional: false]}], "hexpm", "56e3f84d63c8ac2cfbe02c87b2ca92a35af10d72c089eb14a95e5597df459c0f"},
  "membrane_bin_rtp": {:hex, :membrane_bin_rtp, "0.1.2", "e65dc5de0eb3e19705c03c9233ee9ae5355c91a6ca56a9651e2011bf3eddc502", [:mix], [{:csv, "~> 2.3", [hex: :csv, repo: "hexpm", optional: false]}, {:membrane_core, "~> 0.5.0", [hex: :membrane_core, repo: "hexpm", optional: false]}, {:membrane_element_rtp, "~> 0.3.0", [hex: :membrane_element_rtp, repo: "hexpm", optional: false]}, {:membrane_element_rtp_h264, "~> 0.2.0", [hex: :membrane_element_rtp_h264, repo: "hexpm", optional: false]}, {:membrane_element_rtp_jitter_buffer, "~> 0.2.1", [hex: :membrane_element_rtp_jitter_buffer, repo: "hexpm", optional: false]}, {:membrane_element_rtp_mpeguadio, "~> 0.3.0", [hex: :membrane_element_rtp_mpeguadio, repo: "hexpm", optional: false]}, {:membrane_protocol_sdp, "~> 0.1.0", [hex: :membrane_protocol_sdp, repo: "hexpm", optional: false]}], "hexpm", "99f4e8366038d6128aa4e1534bdea707034c7871af4c5cd035244af476369b98"},
  "membrane_caps_rtp": {:hex, :membrane_caps_rtp, "0.1.0", "a6fcdac65d81c4a59d068c7b18fa90a0dc27b2ca21261e279c97dd3fea80ce55", [:mix], [], "hexpm", "5a15745ae9521ec241e138bcc0790e90bba62cf63d8f8373a1f08568e9d66fe7"},
  "membrane_caps_video_h264": {:hex, :membrane_caps_video_h264, "0.2.0", "ecfe3a83b5e349b6ca56980c543cf3bf2275ccfb7769126fe62798f08fd7a2fe", [:mix], [], "hexpm", "36e447b8fd42cd4ad79bfa4dbf2e7f2ff3a9030c0ffa85ba951d21868a36376b"},
  "membrane_caps_video_raw": {:hex, :membrane_caps_video_raw, "0.1.0", "6aa751b0c338ea6672540b7ec7ad2be0d23bad931b8a8776757da9b279070a3b", [:mix], [], "hexpm", "3f60d65189bd9e3b0ab77e0ebf2e0c1b04d0fd6f67c546fc1d54d9958c362ce4"},
  "membrane_cmaf_format": {:hex, :membrane_cmaf_format, "0.2.0", "a88ebfe0f72dc092f2356a636659c1f82866971e349910283cf66ecdc783611a", [:mix], [{:membrane_core, "~> 0.6.0", [hex: :membrane_core, repo: "hexpm", optional: false]}], "hexpm", "51e72a657a45dcdd541ee7d4ef8ca2656b7f471b019caa18d46618135f1167c0"},
  "membrane_common_c": {:hex, :membrane_common_c, "0.5.0", "71ded0f230e89099a7f7091127f8b9ed82dc41456255956cbb71bf14931c828a", [:mix], [{:membrane_core, "~> 0.6.0", [hex: :membrane_core, repo: "hexpm", optional: false]}, {:shmex, "~> 0.3.0", [hex: :shmex, repo: "hexpm", optional: false]}, {:unifex, "~> 0.3.0", [hex: :unifex, repo: "hexpm", optional: false]}], "hexpm", "58716110c2006c0fc37d22046e945081db573622cddc4241bb4570f5bfbdc125"},
  "membrane_core": {:hex, :membrane_core, "0.6.1", "7c0396564ec1ac3533c253cd2410c87716cff24dee8acb8065dcf1f78b4b1785", [:mix], [{:bunch, "~> 1.3", [hex: :bunch, repo: "hexpm", optional: false]}, {:qex, "~> 0.3", [hex: :qex, repo: "hexpm", optional: false]}, {:ratio, "~> 2.0", [hex: :ratio, repo: "hexpm", optional: false]}, {:telemetry, "~> 0.4", [hex: :telemetry, repo: "hexpm", optional: false]}], "hexpm", "7f74eca2b1b5247e4e3869066117a586799a4d3d77516803956a4104b9b8ee56"},
  "membrane_element_fake": {:hex, :membrane_element_fake, "0.4.0", "64d171707afeba06b03e4d7891e5ee6e0a191a4fc0c7ecbd2c8af852a9074bb3", [:mix], [{:membrane_core, "~> 0.6.0", [hex: :membrane_core, repo: "hexpm", optional: false]}], "hexpm", "92dbac10153e94ccd2b4dd60ac68ead1b8e015e36330815927dbf7cab0c2a366"},
  "membrane_element_ffmpeg_h264": {:hex, :membrane_element_ffmpeg_h264, "0.3.0", "221edfb4829beb0b40bbb26bf24cffe9a1038b9264fadd57e800fcdcb863b7d0", [:mix], [{:bunch, "~> 1.2", [hex: :bunch, repo: "hexpm", optional: false]}, {:bundlex, "~> 0.2.0", [hex: :bundlex, repo: "hexpm", optional: false]}, {:membrane_caps_video_h264, "~> 0.2.0", [hex: :membrane_caps_video_h264, repo: "hexpm", optional: false]}, {:membrane_caps_video_raw, "~> 0.1.0", [hex: :membrane_caps_video_raw, repo: "hexpm", optional: false]}, {:membrane_common_c, "~> 0.3.0", [hex: :membrane_common_c, repo: "hexpm", optional: false]}, {:membrane_core, "~> 0.5.0", [hex: :membrane_core, repo: "hexpm", optional: false]}, {:unifex, "~> 0.2.0", [hex: :unifex, repo: "hexpm", optional: false]}], "hexpm", "47c8dd80e6536ea3718c8c992c68997950342563376eae21262ca2921d79b00f"},
  "membrane_element_file": {:hex, :membrane_element_file, "0.3.0", "45a7e5d42f794253752f14d15db3749596f32f44e42cc4e001c6b426915fdf4f", [:mix], [{:membrane_core, "~> 0.5.0", [hex: :membrane_core, repo: "hexpm", optional: false]}, {:mockery, "~> 2.2", [hex: :mockery, repo: "hexpm", optional: false]}], "hexpm", "a80ad07f8c772c7c420ded2ef67f3fc9c55c736a2cd94a02fb0f33853b83d10e"},
  "membrane_element_rtp": {:hex, :membrane_element_rtp, "0.3.0", "864b120a475984c00f9b8ce7d33cefff44c2b0fb6726f142bc4093a8b0a60c66", [:mix], [{:membrane_caps_rtp, "~> 0.1", [hex: :membrane_caps_rtp, repo: "hexpm", optional: false]}, {:membrane_core, "~> 0.5.0", [hex: :membrane_core, repo: "hexpm", optional: false]}], "hexpm", "cfec2c981170ff2d6ba4b212cf85678231c728f95fbc2b75d811737d626bd9c0"},
  "membrane_element_rtp_aac": {:git, "git@github.com:membraneframework/membrane-element-rtp-aac.git", "70264c03fdfdd82ad59eed8f2cca24c5209137ec", []},
  "membrane_element_rtp_h264": {:hex, :membrane_element_rtp_h264, "0.2.0", "610e78759895c1f570822b9bee01f748ffa6a77a52c4f3c6f627e6a7124f0332", [:mix], [{:bunch, "~> 1.2", [hex: :bunch, repo: "hexpm", optional: false]}, {:membrane_caps_rtp, "~> 0.1", [hex: :membrane_caps_rtp, repo: "hexpm", optional: false]}, {:membrane_caps_video_h264, "~> 0.1", [hex: :membrane_caps_video_h264, repo: "hexpm", optional: false]}, {:membrane_core, "~> 0.5.0", [hex: :membrane_core, repo: "hexpm", optional: false]}], "hexpm", "ece594425762912636da09b45c7efaaff583aa0262e048b8827e4277c4c1bfd4"},
  "membrane_element_rtp_jitter_buffer": {:hex, :membrane_element_rtp_jitter_buffer, "0.2.1", "d501ddc6a358f5f041165cb64d1a1e2b211170d7a6ed7a814b9cae77499cf234", [:mix], [{:bunch, "~> 1.0", [hex: :bunch, repo: "hexpm", optional: false]}, {:heap, "~> 2.0.2", [hex: :heap, repo: "hexpm", optional: false]}, {:membrane_caps_rtp, "~> 0.1", [hex: :membrane_caps_rtp, repo: "hexpm", optional: false]}, {:membrane_core, "~> 0.5.0", [hex: :membrane_core, repo: "hexpm", optional: false]}], "hexpm", "336735a71e075fc967c5fc4522a14d692cdcfd41d62129deccb104549da56550"},
  "membrane_element_rtp_mpeguadio": {:hex, :membrane_element_rtp_mpeguadio, "0.3.0", "091560d59acda565f4219970f6275ceaffac61f2041860d176358b7089461457", [:mix], [{:membrane_caps_rtp, "~> 0.1", [hex: :membrane_caps_rtp, repo: "hexpm", optional: false]}, {:membrane_core, "~> 0.5.0", [hex: :membrane_core, repo: "hexpm", optional: false]}], "hexpm", "182cc59b08d9029c2dac9f9d5594831c852ac99dd081dc47564208b66bc5b659"},
  "membrane_element_tee": {:hex, :membrane_element_tee, "0.4.1", "6420754a6e41230399a9a68216f93a0ab419e250680e759d1464c61ad7553288", [:mix], [{:bunch, "~> 1.0", [hex: :bunch, repo: "hexpm", optional: false]}, {:membrane_core, "~> 0.6.0", [hex: :membrane_core, repo: "hexpm", optional: false]}], "hexpm", "5467f970585f4caa79f7623ca2b4f22051ffe63ef362bb81bd6d8258da82654f"},
  "membrane_element_udp": {:hex, :membrane_element_udp, "0.4.0", "3f964b16a8250242336a98a7227bb2e5f0ba306cd028bd939d9c6c4a0fa91fac", [:mix], [{:membrane_core, "~> 0.6.0", [hex: :membrane_core, repo: "hexpm", optional: false]}, {:membrane_remote_stream_format, "~> 0.1.0", [hex: :membrane_remote_stream_format, repo: "hexpm", optional: false]}, {:mockery, "~> 2.3.0", [hex: :mockery, repo: "hexpm", optional: false]}], "hexpm", "22466cbace4fca698a53aba4de518d06f9c6c44b7e3a41438eb5ab9c66ee4183"},
  "membrane_file_plugin": {:hex, :membrane_file_plugin, "0.5.0", "11f2fbbc05450474ac1cb979f82ccb45a4567f83d9f6cd806a631bd30917309e", [:mix], [{:membrane_core, "~> 0.6.0", [hex: :membrane_core, repo: "hexpm", optional: false]}, {:mockery, "~> 2.2", [hex: :mockery, repo: "hexpm", optional: false]}], "hexpm", "e36e51ab8aeffef74aa8584798dc55b23491ee30c4e79c3f02df18763b7f8e9b"},
  "membrane_h264_ffmpeg_plugin": {:hex, :membrane_h264_ffmpeg_plugin, "0.7.0", "260c12ddaa8c8fa5ff6e958739ce06b3ce36f471cd0a2af996f095125fde1a01", [:mix], [{:bunch, "~> 1.2", [hex: :bunch, repo: "hexpm", optional: false]}, {:membrane_caps_video_h264, "~> 0.2.0", [hex: :membrane_caps_video_h264, repo: "hexpm", optional: false]}, {:membrane_caps_video_raw, "~> 0.1.0", [hex: :membrane_caps_video_raw, repo: "hexpm", optional: false]}, {:membrane_common_c, "~> 0.5.0", [hex: :membrane_common_c, repo: "hexpm", optional: false]}, {:membrane_core, "~> 0.6.0", [hex: :membrane_core, repo: "hexpm", optional: false]}, {:unifex, "~> 0.3.0", [hex: :unifex, repo: "hexpm", optional: false]}], "hexpm", "6b307ea41d1160c4ed987e86e75a723cd3761d271ab3db21faa29275eb610c96"},
  "membrane_http_adaptive_stream_plugin": {:hex, :membrane_http_adaptive_stream_plugin, "0.2.0", "30602b6dd7c97159f9239041bae1282ce8ec4600db1ebee9996baf3624b86d9e", [:mix], [{:membrane_cmaf_format, "~> 0.2.0", [hex: :membrane_cmaf_format, repo: "hexpm", optional: false]}, {:membrane_core, "~> 0.6.0", [hex: :membrane_core, repo: "hexpm", optional: false]}], "hexpm", "5bddec20383cf221e0b5ae85e2d822809aed732e9ee02d1cb6998cce8ce133cb"},
  "membrane_loggers": {:hex, :membrane_loggers, "0.3.0", "3dc97a16c459d0fd9eb35e177aa42974b806b21f298e1a7736516aef51d2b27d", [:mix], [{:bunch_native, "~> 0.2.0", [hex: :bunch_native, repo: "hexpm", optional: false]}, {:bundlex, "~> 0.2.7", [hex: :bundlex, repo: "hexpm", optional: false]}, {:membrane_common_c, "~> 0.3.0", [hex: :membrane_common_c, repo: "hexpm", optional: false]}, {:membrane_core, "~> 0.5.0", [hex: :membrane_core, repo: "hexpm", optional: false]}], "hexpm", "1dfa9b9780ba98b8ca9992454ee310861dc22a962a34a9ce2d81f73fe86da726"},
  "membrane_mp4_format": {:hex, :membrane_mp4_format, "0.2.0", "d911ae97569c49a0ede020422b9d944134156624807ec255c5df8f5b4e5b3607", [:mix], [{:membrane_core, "~> 0.6.0", [hex: :membrane_core, repo: "hexpm", optional: false]}], "hexpm", "5c7455f4f07a02bf8b3a70f58dca00bb339d1f9fcae818394b66db4d2377f9fe"},
  "membrane_mp4_plugin": {:hex, :membrane_mp4_plugin, "0.4.0", "2dc7c5a0201db15e02d45e7f6f2014001958e3a801540735e91dc0298a6d44ae", [:mix], [{:membrane_aac_format, "~> 0.2.0", [hex: :membrane_aac_format, repo: "hexpm", optional: false]}, {:membrane_caps_video_h264, "~> 0.2.0", [hex: :membrane_caps_video_h264, repo: "hexpm", optional: false]}, {:membrane_cmaf_format, "~> 0.2.0", [hex: :membrane_cmaf_format, repo: "hexpm", optional: false]}, {:membrane_core, "~> 0.6.0", [hex: :membrane_core, repo: "hexpm", optional: false]}, {:membrane_http_adaptive_stream_plugin, "~> 0.2.0", [hex: :membrane_http_adaptive_stream_plugin, repo: "hexpm", optional: false]}, {:membrane_mp4_format, "~> 0.2.0", [hex: :membrane_mp4_format, repo: "hexpm", optional: false]}], "hexpm", "2c47afac26bb6a12b7ed70c5a09270ab2171d9025f0af2d3b53d36a4452d1c52"},
  "membrane_protocol_sdp": {:hex, :membrane_protocol_sdp, "0.1.0", "33a15d355491e1aa70149e1d07545485fc4ee0435130e5ac3b0dc82f7eac74f6", [:mix], [{:bunch, "~> 1.0", [hex: :bunch, repo: "hexpm", optional: false]}], "hexpm", "835bd17d96b18af3825f9910551887d4ea4dc3bcfe92b6153011aebc171a90e4"},
  "membrane_remote_stream_format": {:hex, :membrane_remote_stream_format, "0.1.0", "2cedb6facd7f4185fc7c0e7c83a614483f98ef1e8d36f4ed5939c935768eb95d", [:mix], [], "hexpm", "a6f01aa51766fe92e12d2cb720176fcff6d2485fb563e51002d8f9ef9a90f894"},
  "membrane_rtp": {:git, "git@github.com:membraneframework/membrane_rtp.git", "26405895f36fe9e66f103d567c65efdfaceeba29", [branch: "feat/timestamper"]},
  "membrane_rtp_aac_plugin": {:hex, :membrane_rtp_aac_plugin, "0.3.0-alpha", "b6f73418f5f19e2efedda1efef69f079b40cbc3e049ba8a9080ca4dc9d5f9fbd", [:mix], [{:membrane_aac_format, "~> 0.2.0", [hex: :membrane_aac_format, repo: "hexpm", optional: false]}, {:membrane_core, "~> 0.6.0", [hex: :membrane_core, repo: "hexpm", optional: false]}, {:membrane_rtp_format, "~> 0.3.0", [hex: :membrane_rtp_format, repo: "hexpm", optional: false]}], "hexpm", "04e39f9b26c214e7ef80497a7f254813bbdacea985327fb60c127c2b512f1cf3"},
  "membrane_rtp_format": {:hex, :membrane_rtp_format, "0.3.1", "c6920fdb58660d90e264fcf3587dbb5994fb2f3643d234e59608c82598baebaf", [:mix], [], "hexpm", "d225f453715d165ded7dcb287c45360a4d653ac4a6d3ff70b4acdd244c45fa84"},
  "membrane_rtp_h264_plugin": {:hex, :membrane_rtp_h264_plugin, "0.4.1", "87f0fdf7381e1aa2263aba11e9a2bc1f25e6de7f6a4ddafdea4a6e750f1d0b02", [:mix], [{:bunch, "~> 1.2", [hex: :bunch, repo: "hexpm", optional: false]}, {:membrane_caps_video_h264, "~> 0.2.0", [hex: :membrane_caps_video_h264, repo: "hexpm", optional: false]}, {:membrane_core, "~> 0.6.0", [hex: :membrane_core, repo: "hexpm", optional: false]}, {:membrane_remote_stream_format, "~> 0.1.0", [hex: :membrane_remote_stream_format, repo: "hexpm", optional: false]}, {:membrane_rtp_format, "~> 0.3.0", [hex: :membrane_rtp_format, repo: "hexpm", optional: false]}], "hexpm", "041c0ec59afd65273eca1b4ba7528b09cc1556f6cff153f30eb3ce87c9bdf19a"},
  "membrane_rtp_plugin": {:git, "https://github.com/membraneframework/membrane_rtp_plugin.git", "925053eb6ad0befbfe79ab1dad51e40f3b68ae69", []},
  "mockery": {:hex, :mockery, "2.3.1", "a02fd60b10ac9ed37a7a2ecf6786c1f1dd5c75d2b079a60594b089fba32dc087", [:mix], [], "hexpm", "1d0971d88ebf084e962da3f2cfee16f0ea8e04ff73a7710428500d4500b947fa"},
  "numbers": {:hex, :numbers, "5.2.4", "f123d5bb7f6acc366f8f445e10a32bd403c8469bdbce8ce049e1f0972b607080", [:mix], [{:coerce, "~> 1.0", [hex: :coerce, repo: "hexpm", optional: false]}, {:decimal, "~> 1.9 or ~> 2.0", [hex: :decimal, repo: "hexpm", optional: true]}], "hexpm", "eeccf5c61d5f4922198395bf87a465b6f980b8b862dd22d28198c5e6fab38582"},
  "parallel_stream": {:hex, :parallel_stream, "1.0.6", "b967be2b23f0f6787fab7ed681b4c45a215a81481fb62b01a5b750fa8f30f76c", [:mix], [], "hexpm", "639b2e8749e11b87b9eb42f2ad325d161c170b39b288ac8d04c4f31f8f0823eb"},
  "qex": {:hex, :qex, "0.5.0", "5a3a9becf67d4006377c4c247ffdaaa8ae5b3634a0caadb788dc24d6125068f4", [:mix], [], "hexpm", "4ad6f6421163cd8204509a119a5c9813cbb969cfb8d802a9dc49b968bffbac2a"},
  "ratio": {:hex, :ratio, "2.4.2", "c8518f3536d49b1b00d88dd20d49f8b11abb7819638093314a6348139f14f9f9", [:mix], [{:decimal, "~> 1.6 or ~> 2.0", [hex: :decimal, repo: "hexpm", optional: true]}, {:numbers, "~> 5.2.0", [hex: :numbers, repo: "hexpm", optional: false]}], "hexpm", "441ef6f73172a3503de65ccf1769030997b0d533b1039422f1e5e0e0b4cbf89e"},
  "secure_random": {:hex, :secure_random, "0.5.1", "c5532b37c89d175c328f5196a0c2a5680b15ebce3e654da37129a9fe40ebf51b", [:mix], [], "hexpm", "1b9754f15e3940a143baafd19da12293f100044df69ea12db5d72878312ae6ab"},
  "shmex": {:hex, :shmex, "0.3.0", "5b995fa0bba3ff48fb9a93fdd116f5e6f7c0012da00775564a8d29d199618b8c", [:mix], [{:bunch_native, "~> 0.3.0", [hex: :bunch_native, repo: "hexpm", optional: false]}, {:bundlex, "~> 0.4.0", [hex: :bundlex, repo: "hexpm", optional: false]}], "hexpm", "05b2cc456eb549bd40a53bf641c47008acba0185f25c1906b934b0b91c36f1c4"},
  "telemetry": {:hex, :telemetry, "0.4.3", "a06428a514bdbc63293cd9a6263aad00ddeb66f608163bdec7c8995784080818", [:rebar3], [], "hexpm", "eb72b8365ffda5bed68a620d1da88525e326cb82a75ee61354fc24b844768041"},
  "unifex": {:hex, :unifex, "0.3.3", "d2b671426bd9951cb739c1fff9ce1993b6a07d10ef741f9ae76fd8ecb7e72427", [:mix], [{:bunch, "~> 1.0", [hex: :bunch, repo: "hexpm", optional: false]}, {:bundlex, "~> 0.4.0", [hex: :bundlex, repo: "hexpm", optional: false]}, {:shmex, "~> 0.3.0", [hex: :shmex, repo: "hexpm", optional: false]}], "hexpm", "4527805864f93543dd3665abb8b7a61820f1362845ab0c3663f92e418e616a84"},
}
