%{
  "bimap": {:hex, :bimap, "1.1.0", "135ce3bf1c0e02b83559493b3a9f2ec970afb57e4d1ba47a0247295f9f21e2ad", [:mix], [], "hexpm", "2cb7959ad57e0b70f13711e9c3cdbb89e6caf91bb4feb5c2f05ad3ebc80bf266"},
  "bunch": {:hex, :bunch, "1.3.0", "51b4423088b7fb9e21eae6d6bc5e5d219d955ea5556fbd6130bfb6213df4be32", [:mix], [], "hexpm", "9ad233a2bacc0dae8aa6553a9b9057f27446443b1c5903c3479b6f9f3820ce2d"},
  "bunch_native": {:hex, :bunch_native, "0.2.1", "0227d2a751a32f8c0b77dfec57c8dc7216351720c9c755c467e6d9387467fd1f", [:mix], [{:bundlex, "~> 0.2.7", [hex: :bundlex, repo: "hexpm", optional: false]}], "hexpm", "f0819b2f9f78086447ac7459a8e7b6e25ad535b9d3a4f9469253c552137de6b4"},
  "bundlex": {:hex, :bundlex, "0.2.8", "0f4530bf24a2ebb92f2e360111319aae6fc6eb03c6ec5054b529d9ffb78811fa", [:mix], [{:bunch, "~> 1.0", [hex: :bunch, repo: "hexpm", optional: false]}, {:qex, "~> 0.5", [hex: :qex, repo: "hexpm", optional: false]}, {:secure_random, "~> 0.5", [hex: :secure_random, repo: "hexpm", optional: false]}], "hexpm", "d583b04ea679297aa08ad2b31866c4848fd99feea036bf5af59df71e2408b096"},
  "coerce": {:hex, :coerce, "1.0.1", "211c27386315dc2894ac11bc1f413a0e38505d808153367bd5c6e75a4003d096", [:mix], [], "hexpm", "b44a691700f7a1a15b4b7e2ff1fa30bebd669929ac8aa43cffe9e2f8bf051cf1"},
  "crc": {:hex, :crc, "0.9.2", "6abd1caca749b2626ff3b4eb6d821109fd92d5e6c461739af03b93197dea68ec", [:mix, :rebar3], [{:elixir_make, "~> 0.4", [hex: :elixir_make, repo: "hexpm", optional: false]}], "hexpm", "8d98c83d8ffd5076903dac3026e08acdaab1e992a0d1930bd2d88dd7ff220e0b"},
  "csv": {:hex, :csv, "2.3.1", "9ce11eff5a74a07baf3787b2b19dd798724d29a9c3a492a41df39f6af686da0e", [:mix], [{:parallel_stream, "~> 1.0.4", [hex: :parallel_stream, repo: "hexpm", optional: false]}], "hexpm", "86626e1c89a4ad9a96d0d9c638f9e88c2346b89b4ba1611988594ebe72b5d5ee"},
  "elixir_make": {:hex, :elixir_make, "0.6.0", "38349f3e29aff4864352084fc736fa7fa0f2995a819a737554f7ebd28b85aaab", [:mix], [], "hexpm", "d522695b93b7f0b4c0fcb2dfe73a6b905b1c301226a5a55cb42e5b14d509e050"},
  "heap": {:hex, :heap, "2.0.2", "d98cb178286cfeb5edbcf17785e2d20af73ca57b5a2cf4af584118afbcf917eb", [:mix], [], "hexpm", "ba9ea2fe99eb4bcbd9a8a28eaf71cbcac449ca1d8e71731596aace9028c9d429"},
  "membrane_aac_format": {:hex, :membrane_aac_format, "0.1.0", "61590a3bb5646f1eb9b3d02ba9e85ce9892fdc5d613e01b35f38f4f3fc32e9e9", [:mix], [{:bimap, "~> 1.1", [hex: :bimap, repo: "hexpm", optional: false]}, {:membrane_core, "~> 0.5.0", [hex: :membrane_core, repo: "hexpm", optional: false]}], "hexpm", "9d0cba65fb68e48797b66135550f1c1f74c8ae88f58fcfb9f5fae77ce24bdd2f"},
  "membrane_aac_plugin": {:hex, :membrane_aac_plugin, "0.4.0", "1b938071da6386d0c5a9c25518202dcbb9777dbd21b7df8783163dfa2d271b57", [:mix], [{:bunch, "~> 1.0", [hex: :bunch, repo: "hexpm", optional: false]}, {:crc, "~> 0.9.2", [hex: :crc, repo: "hexpm", optional: false]}, {:membrane_aac_format, "~> 0.1.0", [hex: :membrane_aac_format, repo: "hexpm", optional: false]}, {:membrane_core, "~> 0.5.1", [hex: :membrane_core, repo: "hexpm", optional: false]}], "hexpm", "ee1ec5a80e1bdf389afcce9b4815eb7869d4d8e127ad824a97dbe9876d1d9ec8"},
  "membrane_bin_rtp": {:hex, :membrane_bin_rtp, "0.1.2", "e65dc5de0eb3e19705c03c9233ee9ae5355c91a6ca56a9651e2011bf3eddc502", [:mix], [{:csv, "~> 2.3", [hex: :csv, repo: "hexpm", optional: false]}, {:membrane_core, "~> 0.5.0", [hex: :membrane_core, repo: "hexpm", optional: false]}, {:membrane_element_rtp, "~> 0.3.0", [hex: :membrane_element_rtp, repo: "hexpm", optional: false]}, {:membrane_element_rtp_h264, "~> 0.2.0", [hex: :membrane_element_rtp_h264, repo: "hexpm", optional: false]}, {:membrane_element_rtp_jitter_buffer, "~> 0.2.1", [hex: :membrane_element_rtp_jitter_buffer, repo: "hexpm", optional: false]}, {:membrane_element_rtp_mpeguadio, "~> 0.3.0", [hex: :membrane_element_rtp_mpeguadio, repo: "hexpm", optional: false]}, {:membrane_protocol_sdp, "~> 0.1.0", [hex: :membrane_protocol_sdp, repo: "hexpm", optional: false]}], "hexpm", "99f4e8366038d6128aa4e1534bdea707034c7871af4c5cd035244af476369b98"},
  "membrane_caps_rtp": {:hex, :membrane_caps_rtp, "0.1.0", "a6fcdac65d81c4a59d068c7b18fa90a0dc27b2ca21261e279c97dd3fea80ce55", [:mix], [], "hexpm", "5a15745ae9521ec241e138bcc0790e90bba62cf63d8f8373a1f08568e9d66fe7"},
  "membrane_caps_video_h264": {:hex, :membrane_caps_video_h264, "0.2.0", "ecfe3a83b5e349b6ca56980c543cf3bf2275ccfb7769126fe62798f08fd7a2fe", [:mix], [], "hexpm", "36e447b8fd42cd4ad79bfa4dbf2e7f2ff3a9030c0ffa85ba951d21868a36376b"},
  "membrane_caps_video_raw": {:hex, :membrane_caps_video_raw, "0.1.0", "6aa751b0c338ea6672540b7ec7ad2be0d23bad931b8a8776757da9b279070a3b", [:mix], [], "hexpm", "3f60d65189bd9e3b0ab77e0ebf2e0c1b04d0fd6f67c546fc1d54d9958c362ce4"},
  "membrane_cmaf_format": {:hex, :membrane_cmaf_format, "0.1.0", "cb14c304d1a426ee7b60706232de8e913186b12bce4b5dacfede30bdb4f9a7c4", [:mix], [{:membrane_core, "~> 0.5.0", [hex: :membrane_core, repo: "hexpm", optional: false]}], "hexpm", "3b3850140a4d6776342db6b75d700d35db58a240f19d7f6fcab69b8e97210174"},
  "membrane_common_c": {:hex, :membrane_common_c, "0.3.0", "eb17da0e469eacb8f4afbfc47752bd80d749397951d971cd1df67332a5cf77c6", [:mix], [{:bundlex, "~> 0.2.0", [hex: :bundlex, repo: "hexpm", optional: false]}, {:membrane_core, "~> 0.5.0", [hex: :membrane_core, repo: "hexpm", optional: false]}, {:shmex, "~> 0.2.0", [hex: :shmex, repo: "hexpm", optional: false]}, {:unifex, "~> 0.2.0", [hex: :unifex, repo: "hexpm", optional: false]}], "hexpm", "4c09fd3d802aa36f65225778b1fe819d63df835ac6c113a2be1222ab454175bb"},
  "membrane_core": {:hex, :membrane_core, "0.5.2", "c657e184dc330f8c533d6592615800319802e1c0081c8589020f46ecd77cc35a", [:mix], [{:bunch, "~> 1.2", [hex: :bunch, repo: "hexpm", optional: false]}, {:qex, "~> 0.3", [hex: :qex, repo: "hexpm", optional: false]}, {:ratio, "~> 2.0", [hex: :ratio, repo: "hexpm", optional: false]}], "hexpm", "51c2e67b1764296a7aee50a3c3aef9a3da5a9c34dd01f969e90f2896eff9ae15"},
  "membrane_element_fake": {:hex, :membrane_element_fake, "0.3.0", "bfd4fbccafe76c9cd32a964fc448934202aa91897117c35b4c77805d0faa39cd", [:mix], [{:membrane_core, "~> 0.5.0", [hex: :membrane_core, repo: "hexpm", optional: false]}], "hexpm", "4be4b2ae54ad6ec833b4af829de5d4b925d02812fcccff8f265e8f84f90d0e37"},
  "membrane_element_ffmpeg_h264": {:hex, :membrane_element_ffmpeg_h264, "0.3.0", "221edfb4829beb0b40bbb26bf24cffe9a1038b9264fadd57e800fcdcb863b7d0", [:mix], [{:bunch, "~> 1.2", [hex: :bunch, repo: "hexpm", optional: false]}, {:bundlex, "~> 0.2.0", [hex: :bundlex, repo: "hexpm", optional: false]}, {:membrane_caps_video_h264, "~> 0.2.0", [hex: :membrane_caps_video_h264, repo: "hexpm", optional: false]}, {:membrane_caps_video_raw, "~> 0.1.0", [hex: :membrane_caps_video_raw, repo: "hexpm", optional: false]}, {:membrane_common_c, "~> 0.3.0", [hex: :membrane_common_c, repo: "hexpm", optional: false]}, {:membrane_core, "~> 0.5.0", [hex: :membrane_core, repo: "hexpm", optional: false]}, {:unifex, "~> 0.2.0", [hex: :unifex, repo: "hexpm", optional: false]}], "hexpm", "47c8dd80e6536ea3718c8c992c68997950342563376eae21262ca2921d79b00f"},
  "membrane_element_file": {:hex, :membrane_element_file, "0.3.0", "45a7e5d42f794253752f14d15db3749596f32f44e42cc4e001c6b426915fdf4f", [:mix], [{:membrane_core, "~> 0.5.0", [hex: :membrane_core, repo: "hexpm", optional: false]}, {:mockery, "~> 2.2", [hex: :mockery, repo: "hexpm", optional: false]}], "hexpm", "a80ad07f8c772c7c420ded2ef67f3fc9c55c736a2cd94a02fb0f33853b83d10e"},
  "membrane_element_rtp": {:hex, :membrane_element_rtp, "0.3.0", "864b120a475984c00f9b8ce7d33cefff44c2b0fb6726f142bc4093a8b0a60c66", [:mix], [{:membrane_caps_rtp, "~> 0.1", [hex: :membrane_caps_rtp, repo: "hexpm", optional: false]}, {:membrane_core, "~> 0.5.0", [hex: :membrane_core, repo: "hexpm", optional: false]}], "hexpm", "cfec2c981170ff2d6ba4b212cf85678231c728f95fbc2b75d811737d626bd9c0"},
  "membrane_element_rtp_aac": {:git, "git@github.com:membraneframework/membrane-element-rtp-aac.git", "70264c03fdfdd82ad59eed8f2cca24c5209137ec", []},
  "membrane_element_rtp_h264": {:hex, :membrane_element_rtp_h264, "0.2.0", "610e78759895c1f570822b9bee01f748ffa6a77a52c4f3c6f627e6a7124f0332", [:mix], [{:bunch, "~> 1.2", [hex: :bunch, repo: "hexpm", optional: false]}, {:membrane_caps_rtp, "~> 0.1", [hex: :membrane_caps_rtp, repo: "hexpm", optional: false]}, {:membrane_caps_video_h264, "~> 0.1", [hex: :membrane_caps_video_h264, repo: "hexpm", optional: false]}, {:membrane_core, "~> 0.5.0", [hex: :membrane_core, repo: "hexpm", optional: false]}], "hexpm", "ece594425762912636da09b45c7efaaff583aa0262e048b8827e4277c4c1bfd4"},
  "membrane_element_rtp_jitter_buffer": {:hex, :membrane_element_rtp_jitter_buffer, "0.2.1", "d501ddc6a358f5f041165cb64d1a1e2b211170d7a6ed7a814b9cae77499cf234", [:mix], [{:bunch, "~> 1.0", [hex: :bunch, repo: "hexpm", optional: false]}, {:heap, "~> 2.0.2", [hex: :heap, repo: "hexpm", optional: false]}, {:membrane_caps_rtp, "~> 0.1", [hex: :membrane_caps_rtp, repo: "hexpm", optional: false]}, {:membrane_core, "~> 0.5.0", [hex: :membrane_core, repo: "hexpm", optional: false]}], "hexpm", "336735a71e075fc967c5fc4522a14d692cdcfd41d62129deccb104549da56550"},
  "membrane_element_rtp_mpeguadio": {:hex, :membrane_element_rtp_mpeguadio, "0.3.0", "091560d59acda565f4219970f6275ceaffac61f2041860d176358b7089461457", [:mix], [{:membrane_caps_rtp, "~> 0.1", [hex: :membrane_caps_rtp, repo: "hexpm", optional: false]}, {:membrane_core, "~> 0.5.0", [hex: :membrane_core, repo: "hexpm", optional: false]}], "hexpm", "182cc59b08d9029c2dac9f9d5594831c852ac99dd081dc47564208b66bc5b659"},
  "membrane_element_tee": {:hex, :membrane_element_tee, "0.3.2", "e6f0ca79eb8503d00cbca64587c61d9a3ab4b80fc6b78468e5d16884f41bb8f3", [:mix], [{:bunch, "~> 1.0", [hex: :bunch, repo: "hexpm", optional: false]}, {:membrane_core, "~> 0.5.0", [hex: :membrane_core, repo: "hexpm", optional: false]}], "hexpm", "04ec61fa8868793005dc05760a3ecc74a231913ac1b3bd8b20191f533de9e5de"},
  "membrane_element_udp": {:hex, :membrane_element_udp, "0.3.2", "099dbe277346ea2e93ed4e8fbafd6612c5844d4553250bfbd726c0e835f547fc", [:mix], [{:membrane_core, "~> 0.5.0", [hex: :membrane_core, repo: "hexpm", optional: false]}, {:mockery, "~> 2.3.0", [hex: :mockery, repo: "hexpm", optional: false]}], "hexpm", "f42664904eb4bfebb146cc21628c32cf4e379b07627b28fc315446ede8f35eb7"},
  "membrane_http_adaptive_stream_plugin": {:hex, :membrane_http_adaptive_stream_plugin, "0.1.0", "d1d144cd69f5bf1b51ae7cf137dab5ea37a9b39eabcbbdd571c7d5b5f0a5f29d", [:mix], [{:membrane_cmaf_format, "~> 0.1.0", [hex: :membrane_cmaf_format, repo: "hexpm", optional: false]}, {:membrane_core, "~> 0.5.2", [hex: :membrane_core, repo: "hexpm", optional: false]}], "hexpm", "f6d29e64cee9970988d724db90c74b00debbbdada0993288f68ec613c7c15d16"},
  "membrane_loggers": {:hex, :membrane_loggers, "0.3.0", "3dc97a16c459d0fd9eb35e177aa42974b806b21f298e1a7736516aef51d2b27d", [:mix], [{:bunch_native, "~> 0.2.0", [hex: :bunch_native, repo: "hexpm", optional: false]}, {:bundlex, "~> 0.2.7", [hex: :bundlex, repo: "hexpm", optional: false]}, {:membrane_common_c, "~> 0.3.0", [hex: :membrane_common_c, repo: "hexpm", optional: false]}, {:membrane_core, "~> 0.5.0", [hex: :membrane_core, repo: "hexpm", optional: false]}], "hexpm", "1dfa9b9780ba98b8ca9992454ee310861dc22a962a34a9ce2d81f73fe86da726"},
  "membrane_mp4_format": {:hex, :membrane_mp4_format, "0.1.0", "fa57d258f21c3d7d0f55958aa6540c76682ee0c1208a5eefaa6a1c9a0c6e76a1", [:mix], [{:membrane_core, "~> 0.5.2", [hex: :membrane_core, repo: "hexpm", optional: false]}], "hexpm", "985dc583f3350b14a09eedf83c4716cafa186da5ccd95931a58cf61e241e0e5a"},
  "membrane_mp4_plugin": {:hex, :membrane_mp4_plugin, "0.3.0", "222143fd817219855f798b0aa25479ec0b1231266f02d54410a3a00b6141ea6b", [:mix], [{:membrane_aac_format, "~> 0.1.0", [hex: :membrane_aac_format, repo: "hexpm", optional: false]}, {:membrane_caps_video_h264, "~> 0.2.0", [hex: :membrane_caps_video_h264, repo: "hexpm", optional: false]}, {:membrane_cmaf_format, "~> 0.1.0", [hex: :membrane_cmaf_format, repo: "hexpm", optional: false]}, {:membrane_core, "~> 0.5.2", [hex: :membrane_core, repo: "hexpm", optional: false]}, {:membrane_http_adaptive_stream_plugin, "~> 0.1.0", [hex: :membrane_http_adaptive_stream_plugin, repo: "hexpm", optional: false]}, {:membrane_mp4_format, "~> 0.1.0", [hex: :membrane_mp4_format, repo: "hexpm", optional: false]}], "hexpm", "68d8c51c51c7d79887912272c9e1621532a7e5d594526e3ba7831061a7c06ff7"},
  "membrane_protocol_sdp": {:hex, :membrane_protocol_sdp, "0.1.0", "33a15d355491e1aa70149e1d07545485fc4ee0435130e5ac3b0dc82f7eac74f6", [:mix], [{:bunch, "~> 1.0", [hex: :bunch, repo: "hexpm", optional: false]}], "hexpm", "835bd17d96b18af3825f9910551887d4ea4dc3bcfe92b6153011aebc171a90e4"},
  "membrane_rtp": {:git, "git@github.com:membraneframework/membrane_rtp.git", "26405895f36fe9e66f103d567c65efdfaceeba29", [branch: "feat/timestamper"]},
  "membrane_rtp_aac_plugin": {:hex, :membrane_rtp_aac_plugin, "0.1.0-alpha", "a336c71b9a5007a89e3b7f700f488ef4204ef57e2e3f6cb04b0624d52d542ad7", [:mix], [{:membrane_aac_format, "~> 0.1.0", [hex: :membrane_aac_format, repo: "hexpm", optional: false]}, {:membrane_core, "~> 0.5.1", [hex: :membrane_core, repo: "hexpm", optional: false]}], "hexpm", "e189c81178afe98e6643a7a9d95a94398a65a2d9c7857bd415d743ffc67c44e3"},
  "membrane_rtp_format": {:hex, :membrane_rtp_format, "0.2.0-alpha", "b843aa4f0a16b612154f42990ca628338d894ae293ca4cec84791bdcdf2899be", [:mix], [], "hexpm", "c90ced3cc6381253aa28ee6f3742d1a233e126c6fc8e396662cee945a24b0d18"},
  "membrane_rtp_h264_plugin": {:hex, :membrane_rtp_h264_plugin, "0.3.0-alpha", "76c7dcf4d9965927d29ff634307cf9e49dc51f99b719f0bbbdc4edb71d8382c0", [:mix], [{:bunch, "~> 1.2", [hex: :bunch, repo: "hexpm", optional: false]}, {:membrane_caps_video_h264, "~> 0.1", [hex: :membrane_caps_video_h264, repo: "hexpm", optional: false]}, {:membrane_core, "~> 0.5.1", [hex: :membrane_core, repo: "hexpm", optional: false]}, {:membrane_rtp_format, "~> 0.2.0-alpha", [hex: :membrane_rtp_format, repo: "hexpm", optional: false]}], "hexpm", "7c5e050a01eb75aee878b6e1a2398239cd884f6ead8cee83164e9ba15f280c79"},
  "membrane_rtp_plugin": {:hex, :membrane_rtp_plugin, "0.4.0-alpha", "2d490243672724bf5a9788858c229beeedfe3bf42ff63f51572829f3cf2292e8", [:mix], [{:bunch, "~> 1.0", [hex: :bunch, repo: "hexpm", optional: false]}, {:heap, "~> 2.0.2", [hex: :heap, repo: "hexpm", optional: false]}, {:membrane_core, "~> 0.5.1", [hex: :membrane_core, repo: "hexpm", optional: false]}, {:membrane_rtp_format, "~> 0.2.0-alpha", [hex: :membrane_rtp_format, repo: "hexpm", optional: false]}], "hexpm", "cb485b42e72b07af16d5231be0d4882246e46e4ad46f74f0d5a30d4d752b9db9"},
  "mockery": {:hex, :mockery, "2.3.1", "a02fd60b10ac9ed37a7a2ecf6786c1f1dd5c75d2b079a60594b089fba32dc087", [:mix], [], "hexpm", "1d0971d88ebf084e962da3f2cfee16f0ea8e04ff73a7710428500d4500b947fa"},
  "numbers": {:hex, :numbers, "5.2.1", "8a6e9eeacfb19f4ac30a52c304f565dc53f8e0813b7193812a5b15b93210780c", [:mix], [{:coerce, "~> 1.0", [hex: :coerce, repo: "hexpm", optional: false]}, {:decimal, "~> 1.5", [hex: :decimal, repo: "hexpm", optional: true]}], "hexpm", "1fd66efe26b67456ad0b80a038f553b89702d073a6942ecd34ce1a3e10af4c92"},
  "parallel_stream": {:hex, :parallel_stream, "1.0.6", "b967be2b23f0f6787fab7ed681b4c45a215a81481fb62b01a5b750fa8f30f76c", [:mix], [], "hexpm", "639b2e8749e11b87b9eb42f2ad325d161c170b39b288ac8d04c4f31f8f0823eb"},
  "qex": {:hex, :qex, "0.5.0", "5a3a9becf67d4006377c4c247ffdaaa8ae5b3634a0caadb788dc24d6125068f4", [:mix], [], "hexpm", "4ad6f6421163cd8204509a119a5c9813cbb969cfb8d802a9dc49b968bffbac2a"},
  "ratio": {:hex, :ratio, "2.4.1", "ecf989f3a1483cf892b867ab00ffe8e0784cbe748cd32a610a4ac4c4fd11f46d", [:mix], [{:decimal, "~> 1.6 or ~> 2.0", [hex: :decimal, repo: "hexpm", optional: true]}, {:numbers, "~> 5.2.0", [hex: :numbers, repo: "hexpm", optional: false]}], "hexpm", "3988235b59285b8fef9a55867c0b82125b59915ac80808de064b33ff57b0d54c"},
  "secure_random": {:hex, :secure_random, "0.5.1", "c5532b37c89d175c328f5196a0c2a5680b15ebce3e654da37129a9fe40ebf51b", [:mix], [], "hexpm", "1b9754f15e3940a143baafd19da12293f100044df69ea12db5d72878312ae6ab"},
  "shmex": {:hex, :shmex, "0.2.1", "f60f4edc85e514d131ceff1acd37a2b3ff8e77c88d7c04a05b8ab2ba454a1a40", [:mix], [{:bunch_native, "~> 0.2.0", [hex: :bunch_native, repo: "hexpm", optional: false]}, {:bundlex, "~> 0.2.8", [hex: :bundlex, repo: "hexpm", optional: false]}], "hexpm", "8e75c2e2fd5735b57a66384ee4e9adb2888675074eacf01c63b71032387d4c65"},
  "unifex": {:hex, :unifex, "0.2.6", "d351fb329a08044913eafaeb1e98193545744207172b58e61678ff297a231c6d", [:mix], [{:bunch, "~> 1.0", [hex: :bunch, repo: "hexpm", optional: false]}, {:bundlex, "~> 0.2.0", [hex: :bundlex, repo: "hexpm", optional: false]}, {:shmex, "~> 0.2.0", [hex: :shmex, repo: "hexpm", optional: false]}], "hexpm", "50b233645324c8658cfc2feaf87083c477b097ccc5420b9cbf3f2e495cb5c0b0"},
}
