%{
  "bimap": {:hex, :bimap, "1.1.1", "783a5f31423ffd608040985de1fc9bc17bd73c813fe79f3b3576ff574ad81d1c", [:mix], [], "hexpm", "861b630d470934ad4c5063ed795f865409473c41d80d9b897ae07f11049045ab"},
  "bunch": {:hex, :bunch, "1.3.1", "f8fe80042f9eb474ef2801ae2c9372f9b13d11e7053265dcfc24b9d912e3750b", [:mix], [], "hexpm", "00e21b16ff9bb698b728a01a2fc4b3bf7fc0e87c4bb9c6e4a442324aa8c5e567"},
  "bunch_native": {:hex, :bunch_native, "0.5.0", "8ac1536789a597599c10b652e0b526d8833348c19e4739a0759a2bedfd924e63", [:mix], [{:bundlex, "~> 1.0", [hex: :bundlex, repo: "hexpm", optional: false]}], "hexpm", "24190c760e32b23b36edeb2dc4852515c7c5b3b8675b1a864e0715bdd1c8f80d"},
  "bundlex": {:hex, :bundlex, "1.0.0", "358c26a6c027359c6935dcd0716b68736b7604599d376c4e1ac17c6618ef6771", [:mix], [{:bunch, "~> 1.0", [hex: :bunch, repo: "hexpm", optional: false]}, {:qex, "~> 0.5", [hex: :qex, repo: "hexpm", optional: false]}, {:secure_random, "~> 0.5", [hex: :secure_random, repo: "hexpm", optional: false]}], "hexpm", "09b4a0c597a31e6e7ce8e103b94f19539bb2279f5966a3d6d46dcd32a5b6fd44"},
  "certifi": {:hex, :certifi, "2.9.0", "6f2a475689dd47f19fb74334859d460a2dc4e3252a3324bd2111b8f0429e7e21", [:rebar3], [], "hexpm", "266da46bdb06d6c6d35fde799bcb28d36d985d424ad7c08b5bb48f5b5cdd4641"},
  "coerce": {:hex, :coerce, "1.0.1", "211c27386315dc2894ac11bc1f413a0e38505d808153367bd5c6e75a4003d096", [:mix], [], "hexpm", "b44a691700f7a1a15b4b7e2ff1fa30bebd669929ac8aa43cffe9e2f8bf051cf1"},
  "ex_libsrtp": {:hex, :ex_libsrtp, "0.4.0", "c30898f11e3069826c813ae7dee293fa59dfb633251e203be77c4ca2c223ed2c", [:mix], [{:bunch, "~> 1.3", [hex: :bunch, repo: "hexpm", optional: false]}, {:unifex, "~> 1.0", [hex: :unifex, repo: "hexpm", optional: false]}], "hexpm", "a5d25860db0030cdbf0bd50d467180426f57d597a841bc03e6730e3c12107137"},
  "hackney": {:hex, :hackney, "1.18.1", "f48bf88f521f2a229fc7bae88cf4f85adc9cd9bcf23b5dc8eb6a1788c662c4f6", [:rebar3], [{:certifi, "~>2.9.0", [hex: :certifi, repo: "hexpm", optional: false]}, {:idna, "~>6.1.0", [hex: :idna, repo: "hexpm", optional: false]}, {:metrics, "~>1.0.0", [hex: :metrics, repo: "hexpm", optional: false]}, {:mimerl, "~>1.1", [hex: :mimerl, repo: "hexpm", optional: false]}, {:parse_trans, "3.3.1", [hex: :parse_trans, repo: "hexpm", optional: false]}, {:ssl_verify_fun, "~>1.1.0", [hex: :ssl_verify_fun, repo: "hexpm", optional: false]}, {:unicode_util_compat, "~>0.7.0", [hex: :unicode_util_compat, repo: "hexpm", optional: false]}], "hexpm", "a4ecdaff44297e9b5894ae499e9a070ea1888c84afdd1fd9b7b2bc384950128e"},
  "heap": {:hex, :heap, "2.0.2", "d98cb178286cfeb5edbcf17785e2d20af73ca57b5a2cf4af584118afbcf917eb", [:mix], [], "hexpm", "ba9ea2fe99eb4bcbd9a8a28eaf71cbcac449ca1d8e71731596aace9028c9d429"},
  "idna": {:hex, :idna, "6.1.1", "8a63070e9f7d0c62eb9d9fcb360a7de382448200fbbd1b106cc96d3d8099df8d", [:rebar3], [{:unicode_util_compat, "~>0.7.0", [hex: :unicode_util_compat, repo: "hexpm", optional: false]}], "hexpm", "92376eb7894412ed19ac475e4a86f7b413c1b9fbb5bd16dccd57934157944cea"},
  "libsrtp": {:git, "https://github.com/membraneframework/elixir_libsrtp.git", "72b0b31621bd81394d978f41f3a113e9c9c9724a", [branch: "develop"]},
  "membrane_caps_audio_raw": {:hex, :membrane_caps_audio_raw, "0.3.0", "9545f05fed89e139327ca82eb02ea1ada143d95b1ecd1ce2e0000faf8f3fa194", [:mix], [{:bimap, "~> 1.0", [hex: :bimap, repo: "hexpm", optional: false]}, {:bunch, "~> 1.0", [hex: :bunch, repo: "hexpm", optional: false]}, {:membrane_core, "~> 0.6.0", [hex: :membrane_core, repo: "hexpm", optional: false]}], "hexpm", "2a7eb10bd3a33b6d9532c8516b838927c300de766d901f2e63693b813fb38762"},
  "membrane_caps_video_h264": {:hex, :membrane_caps_video_h264, "0.2.0", "ecfe3a83b5e349b6ca56980c543cf3bf2275ccfb7769126fe62798f08fd7a2fe", [:mix], [], "hexpm", "36e447b8fd42cd4ad79bfa4dbf2e7f2ff3a9030c0ffa85ba951d21868a36376b"},
  "membrane_caps_video_raw": {:hex, :membrane_caps_video_raw, "0.1.0", "6aa751b0c338ea6672540b7ec7ad2be0d23bad931b8a8776757da9b279070a3b", [:mix], [], "hexpm", "3f60d65189bd9e3b0ab77e0ebf2e0c1b04d0fd6f67c546fc1d54d9958c362ce4"},
  "membrane_common_c": {:hex, :membrane_common_c, "0.13.0", "c314623f93209eb2fa092379954c686f6e50ac89baa48360f836d24f4d53f5ee", [:mix], [{:membrane_core, "~> 0.10.0", [hex: :membrane_core, repo: "hexpm", optional: false]}, {:shmex, "~> 0.5.0", [hex: :shmex, repo: "hexpm", optional: false]}, {:unifex, "~> 1.0", [hex: :unifex, repo: "hexpm", optional: false]}], "hexpm", "90181fbbe481ccd0a4a76daf0300f8ad1b5b0bf0ebd8b42c133904f8839663ca"},
  "membrane_core": {:hex, :membrane_core, "0.10.2", "d2d17039f6df746e4a3c47da32f51867fbafe528272cdd9b226d16b1032bc337", [:mix], [{:bunch, "~> 1.3", [hex: :bunch, repo: "hexpm", optional: false]}, {:qex, "~> 0.3", [hex: :qex, repo: "hexpm", optional: false]}, {:ratio, "~> 2.0", [hex: :ratio, repo: "hexpm", optional: false]}, {:telemetry, "~> 1.0", [hex: :telemetry, repo: "hexpm", optional: false]}], "hexpm", "6a4f290f919ada66c772807d64d5830be2962b7c13a2f2bc9ace416a1cd19ee1"},
  "membrane_element_hackney": {:hex, :membrane_element_hackney, "0.3.1", "5e72f8a08003897d1004c8a6ddade7b9421309a5b20c7c39a2f21f68f41b8228", [:mix], [{:hackney, "~> 1.15", [hex: :hackney, repo: "hexpm", optional: false]}, {:membrane_core, "~> 0.5.0", [hex: :membrane_core, repo: "hexpm", optional: false]}, {:mockery, "~> 2.3", [hex: :mockery, repo: "hexpm", optional: false]}], "hexpm", "68fe340b79aeaae7ab27e399ae6041648cf60b3d183e1c3743794dff999e0a83"},
  "membrane_element_udp": {:hex, :membrane_element_udp, "0.4.0", "3f964b16a8250242336a98a7227bb2e5f0ba306cd028bd939d9c6c4a0fa91fac", [:mix], [{:membrane_core, "~> 0.6.0", [hex: :membrane_core, repo: "hexpm", optional: false]}, {:membrane_remote_stream_format, "~> 0.1.0", [hex: :membrane_remote_stream_format, repo: "hexpm", optional: false]}, {:mockery, "~> 2.3.0", [hex: :mockery, repo: "hexpm", optional: false]}], "hexpm", "22466cbace4fca698a53aba4de518d06f9c6c44b7e3a41438eb5ab9c66ee4183"},
  "membrane_h264_ffmpeg_plugin": {:hex, :membrane_h264_ffmpeg_plugin, "0.21.6", "b0c1f360629013f7d17b1d3337f4d616ff1279e9baa30afff61983616caff174", [:mix], [{:bunch, "~> 1.3.0", [hex: :bunch, repo: "hexpm", optional: false]}, {:membrane_common_c, "~> 0.13.0", [hex: :membrane_common_c, repo: "hexpm", optional: false]}, {:membrane_core, "~> 0.10.0", [hex: :membrane_core, repo: "hexpm", optional: false]}, {:membrane_h264_format, "~> 0.3.0", [hex: :membrane_h264_format, repo: "hexpm", optional: false]}, {:membrane_raw_video_format, "~> 0.2.0", [hex: :membrane_raw_video_format, repo: "hexpm", optional: false]}, {:ratio, "~> 2.4.0", [hex: :ratio, repo: "hexpm", optional: false]}, {:unifex, "~> 1.0", [hex: :unifex, repo: "hexpm", optional: false]}], "hexpm", "1248931142e97c7864b63e2c5b011414916ab19f2e1bd3d766c0ddd01dda1599"},
  "membrane_h264_format": {:hex, :membrane_h264_format, "0.3.0", "84426aac86c3f4d3e8110438c3514ad94aa528e7002650d40e3b3862e2af5e3e", [:mix], [], "hexpm", "8254e52cea3c5d7c078c960a32f1ba338eeae9e301515302fd293f1683fa8dd9"},
  "membrane_hackney_plugin": {:hex, :membrane_hackney_plugin, "0.8.2", "6b83628cc2019aa0b143c09e77f2dd9199a05528599d93c289dcab2e947369fa", [:mix], [{:hackney, "~> 1.16", [hex: :hackney, repo: "hexpm", optional: false]}, {:membrane_core, "~> 0.10.0", [hex: :membrane_core, repo: "hexpm", optional: false]}, {:mockery, "~> 2.3", [hex: :mockery, repo: "hexpm", optional: false]}], "hexpm", "42906166b3692ba2270deb61721225ca7edadd1dbde6a44435664234a93597e2"},
  "membrane_opus_format": {:hex, :membrane_opus_format, "0.3.0", "3804d9916058b7cfa2baa0131a644d8186198d64f52d592ae09e0942513cb4c2", [:mix], [], "hexpm", "8fc89c97be50de23ded15f2050fe603dcce732566fe6fdd15a2de01cb6b81afe"},
  "membrane_opus_plugin": {:hex, :membrane_opus_plugin, "0.15.0", "380389d723df12cc3d7a20810d5cf61373e3630274c854a8b005b4c2763c6c98", [:mix], [{:bunch, "~> 1.3", [hex: :bunch, repo: "hexpm", optional: false]}, {:membrane_common_c, "~> 0.13.0", [hex: :membrane_common_c, repo: "hexpm", optional: false]}, {:membrane_core, "~> 0.10.0", [hex: :membrane_core, repo: "hexpm", optional: false]}, {:membrane_opus_format, "~> 0.3.0", [hex: :membrane_opus_format, repo: "hexpm", optional: false]}, {:membrane_raw_audio_format, "~> 0.9.0", [hex: :membrane_raw_audio_format, repo: "hexpm", optional: false]}, {:unifex, "~> 1.0", [hex: :unifex, repo: "hexpm", optional: false]}], "hexpm", "fd5587b5b70386653c55538ed562a4498f50c46d40348f1775cd4e747fc80e61"},
  "membrane_portaudio_plugin": {:hex, :membrane_portaudio_plugin, "0.13.0", "85cc9bc9fb20cdd8ef097d8c8c8956aaff7523a46223b019b27d50a1361caf86", [:mix], [{:bunch, "~> 1.3.0", [hex: :bunch, repo: "hexpm", optional: false]}, {:bundlex, "~> 1.0", [hex: :bundlex, repo: "hexpm", optional: false]}, {:membrane_common_c, "~> 0.13.0", [hex: :membrane_common_c, repo: "hexpm", optional: false]}, {:membrane_core, "~> 0.10.0", [hex: :membrane_core, repo: "hexpm", optional: false]}, {:membrane_raw_audio_format, "~> 0.9.0", [hex: :membrane_raw_audio_format, repo: "hexpm", optional: false]}, {:mockery, "~> 2.1", [hex: :mockery, repo: "hexpm", optional: false]}, {:unifex, "~> 1.0", [hex: :unifex, repo: "hexpm", optional: false]}], "hexpm", "f5dafea43f84f8765955cadad9c5fcc35ce878b737da0420a45bb1b744958005"},
  "membrane_raw_audio_format": {:hex, :membrane_raw_audio_format, "0.9.0", "c404a6eb38600dd85ad69dcf974b3c82fe0ef07c92e602cd438763dcdaf3462d", [:mix], [{:bimap, "~> 1.1", [hex: :bimap, repo: "hexpm", optional: false]}, {:bunch, "~> 1.0", [hex: :bunch, repo: "hexpm", optional: false]}, {:membrane_core, "~> 0.10.0", [hex: :membrane_core, repo: "hexpm", optional: false]}], "hexpm", "7b346bd3be6bcc7ceb9fe28ca6a9dfd8b072e9f6960fe5766ea99582319c05df"},
  "membrane_raw_video_format": {:hex, :membrane_raw_video_format, "0.2.0", "cda8eb207cf65c93690a19001aba3edbb2ba5d22abc8068a1f6a785ba871e8cf", [:mix], [], "hexpm", "6b716fc24f60834323637c95aaaa0f99be23fcc6a84a21af70195ef50185b634"},
  "membrane_realtimer_plugin": {:hex, :membrane_realtimer_plugin, "0.5.0", "416fb079d32c7b24a88132c9bfedf942e842543d06246a1b9d80c709fd97bc03", [:mix], [{:membrane_core, "~> 0.10.1", [hex: :membrane_core, repo: "hexpm", optional: false]}], "hexpm", "9d8a58358b53331df0b405d4263b402254b57af72bd9382a8d5f735128116a91"},
  "membrane_remote_stream_format": {:hex, :membrane_remote_stream_format, "0.1.0", "2cedb6facd7f4185fc7c0e7c83a614483f98ef1e8d36f4ed5939c935768eb95d", [:mix], [], "hexpm", "a6f01aa51766fe92e12d2cb720176fcff6d2485fb563e51002d8f9ef9a90f894"},
  "membrane_rtp_format": {:hex, :membrane_rtp_format, "0.5.0", "1b6930453be836bcc48ff71daeea76ac969cb726c0afda7203ddbbd76ca2db37", [:mix], [{:membrane_core, "~> 0.10.0", [hex: :membrane_core, repo: "hexpm", optional: false]}], "hexpm", "cd4d5c0389b154523d42781e492617e5d02a11af0f11163008f434a9f6179d5a"},
  "membrane_rtp_h264_plugin": {:hex, :membrane_rtp_h264_plugin, "0.13.0", "39c5cbe86471336e8d5cfae0f50d1e1b219b38af908f81d7971efe48c51dfd72", [:mix], [{:bunch, "~> 1.3", [hex: :bunch, repo: "hexpm", optional: false]}, {:membrane_core, "~> 0.10.0", [hex: :membrane_core, repo: "hexpm", optional: false]}, {:membrane_h264_format, "~> 0.3.0", [hex: :membrane_h264_format, repo: "hexpm", optional: false]}, {:membrane_rtp_format, "0.5.0", [hex: :membrane_rtp_format, repo: "hexpm", optional: false]}], "hexpm", "ace81e2783bc63ce54b1375ceb5c2e9c28114f6d03bfad8545b10a88403d1a47"},
  "membrane_rtp_opus_plugin": {:hex, :membrane_rtp_opus_plugin, "0.6.0", "3cb0e7f255567160077a6f8cb5ec4d9193aded19b83561a8a9d9c64a9594f55c", [:mix], [{:membrane_core, "~> 0.10.0", [hex: :membrane_core, repo: "hexpm", optional: false]}, {:membrane_opus_format, "~> 0.3.0", [hex: :membrane_opus_format, repo: "hexpm", optional: false]}, {:membrane_rtp_format, "~> 0.5.0", [hex: :membrane_rtp_format, repo: "hexpm", optional: false]}], "hexpm", "66c54bd9b041dade42c847c0184c633503cf2b829de1ebbf6cacabf4b5e7e9b0"},
  "membrane_rtp_plugin": {:hex, :membrane_rtp_plugin, "0.14.0", "f1838844818cd4c227da5062113c1a4f91c7c514e3f31a9b9ea092e41192ac1d", [:mix], [{:bimap, "~> 1.1.0", [hex: :bimap, repo: "hexpm", optional: false]}, {:bunch, "~> 1.0", [hex: :bunch, repo: "hexpm", optional: false]}, {:ex_libsrtp, "~> 0.4.0", [hex: :ex_libsrtp, repo: "hexpm", optional: true]}, {:heap, "~> 2.0.2", [hex: :heap, repo: "hexpm", optional: false]}, {:membrane_core, "~> 0.10.0", [hex: :membrane_core, repo: "hexpm", optional: false]}, {:membrane_rtp_format, "~> 0.5.0", [hex: :membrane_rtp_format, repo: "hexpm", optional: false]}, {:membrane_telemetry_metrics, "~> 0.1.0", [hex: :membrane_telemetry_metrics, repo: "hexpm", optional: false]}, {:qex, "~> 0.5.1", [hex: :qex, repo: "hexpm", optional: false]}], "hexpm", "decb85000bfbcf4c5a3d83b37dbce9d33aff9a6b55b69caede86f541cbcff639"},
  "membrane_sdl_plugin": {:hex, :membrane_sdl_plugin, "0.14.0", "5b204c47bca75b1d643e88c6db1c5d49be75d09618926e552abe7945cefe50cf", [:mix], [{:membrane_common_c, "~> 0.13.0", [hex: :membrane_common_c, repo: "hexpm", optional: false]}, {:membrane_core, "~> 0.10.0", [hex: :membrane_core, repo: "hexpm", optional: false]}, {:membrane_raw_video_format, "~> 0.2.0", [hex: :membrane_raw_video_format, repo: "hexpm", optional: false]}, {:unifex, "~> 1.0", [hex: :unifex, repo: "hexpm", optional: false]}], "hexpm", "f5be32d00a1a39186991ccdcbc3ef13e418757be02d6d08f495c7474abd1b818"},
  "membrane_stream_format": {:git, "https://github.com/membraneframework/membrane_stream_format.git", "69e180a89f613daf6804039b3254fe8b2b86f0c7", [branch: :develop]},
  "membrane_telemetry_metrics": {:hex, :membrane_telemetry_metrics, "0.1.0", "cb93d28356b436b0597736c3e4153738d82d2a14ff547f831df7e9051e54fc06", [:mix], [{:telemetry, "~> 1.0", [hex: :telemetry, repo: "hexpm", optional: false]}, {:telemetry_metrics, "~> 0.6.1", [hex: :telemetry_metrics, repo: "hexpm", optional: false]}], "hexpm", "aba28dc8311f70ced95d984509be930fac55857d2d18bffcf768815e627be3f0"},
  "membrane_udp_plugin": {:hex, :membrane_udp_plugin, "0.8.0", "94762fa41bdf606b4330cdb22dc885dda778fb1e61120baa1f43e23d4b0f22bf", [:mix], [{:membrane_core, "~> 0.10.0", [hex: :membrane_core, repo: "hexpm", optional: false]}, {:mockery, "~> 2.3.0", [hex: :mockery, repo: "hexpm", optional: false]}], "hexpm", "41b82e55e038ddfbf711571e890b001f790a0f5b22c4f629d41712f529d5df34"},
  "metrics": {:hex, :metrics, "1.0.1", "25f094dea2cda98213cecc3aeff09e940299d950904393b2a29d191c346a8486", [:rebar3], [], "hexpm", "69b09adddc4f74a40716ae54d140f93beb0fb8978d8636eaded0c31b6f099f16"},
  "mimerl": {:hex, :mimerl, "1.2.0", "67e2d3f571088d5cfd3e550c383094b47159f3eee8ffa08e64106cdf5e981be3", [:rebar3], [], "hexpm", "f278585650aa581986264638ebf698f8bb19df297f66ad91b18910dfc6e19323"},
  "mockery": {:hex, :mockery, "2.3.1", "a02fd60b10ac9ed37a7a2ecf6786c1f1dd5c75d2b079a60594b089fba32dc087", [:mix], [], "hexpm", "1d0971d88ebf084e962da3f2cfee16f0ea8e04ff73a7710428500d4500b947fa"},
  "numbers": {:hex, :numbers, "5.2.4", "f123d5bb7f6acc366f8f445e10a32bd403c8469bdbce8ce049e1f0972b607080", [:mix], [{:coerce, "~> 1.0", [hex: :coerce, repo: "hexpm", optional: false]}, {:decimal, "~> 1.9 or ~> 2.0", [hex: :decimal, repo: "hexpm", optional: true]}], "hexpm", "eeccf5c61d5f4922198395bf87a465b6f980b8b862dd22d28198c5e6fab38582"},
  "parse_trans": {:hex, :parse_trans, "3.3.1", "16328ab840cc09919bd10dab29e431da3af9e9e7e7e6f0089dd5a2d2820011d8", [:rebar3], [], "hexpm", "07cd9577885f56362d414e8c4c4e6bdf10d43a8767abb92d24cbe8b24c54888b"},
  "qex": {:hex, :qex, "0.5.1", "0d82c0f008551d24fffb99d97f8299afcb8ea9cf99582b770bd004ed5af63fd6", [:mix], [], "hexpm", "935a39fdaf2445834b95951456559e9dc2063d0a055742c558a99987b38d6bab"},
  "ratio": {:hex, :ratio, "2.4.2", "c8518f3536d49b1b00d88dd20d49f8b11abb7819638093314a6348139f14f9f9", [:mix], [{:decimal, "~> 1.6 or ~> 2.0", [hex: :decimal, repo: "hexpm", optional: true]}, {:numbers, "~> 5.2.0", [hex: :numbers, repo: "hexpm", optional: false]}], "hexpm", "441ef6f73172a3503de65ccf1769030997b0d533b1039422f1e5e0e0b4cbf89e"},
  "secure_random": {:hex, :secure_random, "0.5.1", "c5532b37c89d175c328f5196a0c2a5680b15ebce3e654da37129a9fe40ebf51b", [:mix], [], "hexpm", "1b9754f15e3940a143baafd19da12293f100044df69ea12db5d72878312ae6ab"},
  "shmex": {:hex, :shmex, "0.5.0", "7dc4fb1a8bd851085a652605d690bdd070628717864b442f53d3447326bcd3e8", [:mix], [{:bunch_native, "~> 0.5.0", [hex: :bunch_native, repo: "hexpm", optional: false]}, {:bundlex, "~> 1.0", [hex: :bundlex, repo: "hexpm", optional: false]}], "hexpm", "b67bb1e22734758397c84458dbb746519e28eac210423c267c7248e59fc97bdc"},
  "ssl_verify_fun": {:hex, :ssl_verify_fun, "1.1.6", "cf344f5692c82d2cd7554f5ec8fd961548d4fd09e7d22f5b62482e5aeaebd4b0", [:make, :mix, :rebar3], [], "hexpm", "bdb0d2471f453c88ff3908e7686f86f9be327d065cc1ec16fa4540197ea04680"},
  "telemetry": {:hex, :telemetry, "1.1.0", "a589817034a27eab11144ad24d5c0f9fab1f58173274b1e9bae7074af9cbee51", [:rebar3], [], "hexpm", "b727b2a1f75614774cff2d7565b64d0dfa5bd52ba517f16543e6fc7efcc0df48"},
  "telemetry_metrics": {:hex, :telemetry_metrics, "0.6.1", "315d9163a1d4660aedc3fee73f33f1d355dcc76c5c3ab3d59e76e3edf80eef1f", [:mix], [{:telemetry, "~> 0.4 or ~> 1.0", [hex: :telemetry, repo: "hexpm", optional: false]}], "hexpm", "7be9e0871c41732c233be71e4be11b96e56177bf15dde64a8ac9ce72ac9834c6"},
  "unicode_util_compat": {:hex, :unicode_util_compat, "0.7.0", "bc84380c9ab48177092f43ac89e4dfa2c6d62b40b8bd132b1059ecc7232f9a78", [:rebar3], [], "hexpm", "25eee6d67df61960cf6a794239566599b09e17e668d3700247bc498638152521"},
  "unifex": {:hex, :unifex, "1.0.1", "c8ebda892901e2fdb262a0ff95f4157fd5575709965b88a6415e43b527adcc0c", [:mix], [{:bunch, "~> 1.0", [hex: :bunch, repo: "hexpm", optional: false]}, {:bundlex, "~> 1.0", [hex: :bundlex, repo: "hexpm", optional: false]}, {:shmex, "~> 0.5.0", [hex: :shmex, repo: "hexpm", optional: false]}], "hexpm", "4b5217c06f5f8f82215d2edf077e40f7d4d0ee30c456b19f2eb99bfb484c558d"},
}
