%{
  "bimap": {:hex, :bimap, "1.0.1", "6c92d76d73ed1cf04b2b6e8548c732256da5fe9efe9ab64b90724db58bdc8f18", [:mix], [], "hexpm"},
  "bunch": {:hex, :bunch, "1.2.0", "f26c6c84e2e5e245620c73a0a4560ca91a75b25744012537e055426568916ab7", [:mix], [], "hexpm"},
  "bunch_native": {:hex, :bunch_native, "0.2.1", "0227d2a751a32f8c0b77dfec57c8dc7216351720c9c755c467e6d9387467fd1f", [:mix], [{:bundlex, "~> 0.2.7", [hex: :bundlex, repo: "hexpm", optional: false]}], "hexpm"},
  "bundlex": {:hex, :bundlex, "0.2.7", "8f46199bf4cf84a60cdfc142edeafbab37040167acc35dda8aa70433f2ff8162", [:mix], [{:bunch, "~> 1.0", [hex: :bunch, repo: "hexpm", optional: false]}, {:qex, "~> 0.5", [hex: :qex, repo: "hexpm", optional: false]}, {:secure_random, "~> 0.5", [hex: :secure_random, repo: "hexpm", optional: false]}], "hexpm"},
  "coerce": {:hex, :coerce, "1.0.1", "211c27386315dc2894ac11bc1f413a0e38505d808153367bd5c6e75a4003d096", [:mix], [], "hexpm"},
  "csv": {:hex, :csv, "2.3.1", "9ce11eff5a74a07baf3787b2b19dd798724d29a9c3a492a41df39f6af686da0e", [:mix], [{:parallel_stream, "~> 1.0.4", [hex: :parallel_stream, repo: "hexpm", optional: false]}], "hexpm"},
  "heap": {:hex, :heap, "2.0.2", "d98cb178286cfeb5edbcf17785e2d20af73ca57b5a2cf4af584118afbcf917eb", [:mix], [], "hexpm"},
  "membrane_bin_rtp": {:hex, :membrane_bin_rtp, "0.1.0", "00a2b7a14d9e52c1e49e462f63f9afaa35a4c21d0e84bc3d86ccdf7af2fe5a1c", [:mix], [{:csv, "~> 2.3", [hex: :csv, repo: "hexpm", optional: false]}, {:membrane_core, "~> 0.5.0", [hex: :membrane_core, repo: "hexpm", optional: false]}, {:membrane_element_rtp, "~> 0.3.0", [hex: :membrane_element_rtp, repo: "hexpm", optional: false]}, {:membrane_element_rtp_jitter_buffer, "~> 0.2.0", [hex: :membrane_element_rtp_jitter_buffer, repo: "hexpm", optional: false]}, {:membrane_element_rtp_mpeguadio, "~> 0.3.0", [hex: :membrane_element_rtp_mpeguadio, repo: "hexpm", optional: false]}, {:membrane_protocol_sdp, "~> 0.1.0", [hex: :membrane_protocol_sdp, repo: "hexpm", optional: false]}], "hexpm"},
  "membrane_caps_audio_mpeg": {:hex, :membrane_caps_audio_mpeg, "0.2.0", "9cf9a63f03e25b31cf31445325aa68e60a07d36ee1e759caa1422fa45df49367", [:mix], [], "hexpm"},
  "membrane_caps_audio_raw": {:hex, :membrane_caps_audio_raw, "0.2.0", "0090049722ace1f30f1347d1353ba557b0ee71ea2f7b0db96467b6bde4dc46e5", [:mix], [{:bimap, "~> 1.0", [hex: :bimap, repo: "hexpm", optional: false]}, {:bunch, "~> 1.0", [hex: :bunch, repo: "hexpm", optional: false]}, {:membrane_core, "~> 0.5.0", [hex: :membrane_core, repo: "hexpm", optional: false]}], "hexpm"},
  "membrane_caps_rtp": {:hex, :membrane_caps_rtp, "0.1.0", "a6fcdac65d81c4a59d068c7b18fa90a0dc27b2ca21261e279c97dd3fea80ce55", [:mix], [], "hexpm"},
  "membrane_caps_video_h264": {:hex, :membrane_caps_video_h264, "0.1.0", "d10eb30fdc00175aaeb4bb0d5cb4c031cc319e29330b5585bef2044352161584", [:mix], [], "hexpm"},
  "membrane_caps_video_raw": {:hex, :membrane_caps_video_raw, "0.1.0", "6aa751b0c338ea6672540b7ec7ad2be0d23bad931b8a8776757da9b279070a3b", [:mix], [], "hexpm"},
  "membrane_common_c": {:hex, :membrane_common_c, "0.3.0", "eb17da0e469eacb8f4afbfc47752bd80d749397951d971cd1df67332a5cf77c6", [:mix], [{:bundlex, "~> 0.2.0", [hex: :bundlex, repo: "hexpm", optional: false]}, {:membrane_core, "~> 0.5.0", [hex: :membrane_core, repo: "hexpm", optional: false]}, {:shmex, "~> 0.2.0", [hex: :shmex, repo: "hexpm", optional: false]}, {:unifex, "~> 0.2.0", [hex: :unifex, repo: "hexpm", optional: false]}], "hexpm"},
  "membrane_core": {:hex, :membrane_core, "0.5.0", "6fd6de1158ff1e8d58ec381d25b71b23b349718a785d6de67ffe6866e6a05b0a", [:mix], [{:bunch, "~> 1.2", [hex: :bunch, repo: "hexpm", optional: false]}, {:qex, "~> 0.3", [hex: :qex, repo: "hexpm", optional: false]}, {:ratio, "~> 2.0", [hex: :ratio, repo: "hexpm", optional: false]}], "hexpm"},
  "membrane_element_ffmpeg_h264": {:hex, :membrane_element_ffmpeg_h264, "0.2.0", "ae7352f6f8cc4465ad8b851092d8d06560ce2e921d22c017420bffb702e6a749", [:mix], [{:bunch, "~> 1.2", [hex: :bunch, repo: "hexpm", optional: false]}, {:bundlex, "~> 0.2.0", [hex: :bundlex, repo: "hexpm", optional: false]}, {:membrane_caps_video_h264, "~> 0.1.0", [hex: :membrane_caps_video_h264, repo: "hexpm", optional: false]}, {:membrane_caps_video_raw, "~> 0.1.0", [hex: :membrane_caps_video_raw, repo: "hexpm", optional: false]}, {:membrane_common_c, "~> 0.3.0", [hex: :membrane_common_c, repo: "hexpm", optional: false]}, {:membrane_core, "~> 0.5.0", [hex: :membrane_core, repo: "hexpm", optional: false]}, {:unifex, "~> 0.2.0", [hex: :unifex, repo: "hexpm", optional: false]}], "hexpm"},
  "membrane_element_file": {:git, "https://github.com/membraneframework/membrane-element-file.git", "e535d91d8ece88c351d370f575d34eb38f7a1233", []},
  "membrane_element_lame": {:hex, :membrane_element_lame, "0.3.6", "7db0856533ab1c2f9aa86d38520770dad4ab6795bfc39c420a1e532950a6d625", [:mix], [{:bunch, "~> 1.0", [hex: :bunch, repo: "hexpm", optional: false]}, {:bundlex, "~> 0.2.0", [hex: :bundlex, repo: "hexpm", optional: false]}, {:membrane_caps_audio_mpeg, "~> 0.2.0", [hex: :membrane_caps_audio_mpeg, repo: "hexpm", optional: false]}, {:membrane_caps_audio_raw, "~> 0.1.0", [hex: :membrane_caps_audio_raw, repo: "hexpm", optional: false]}, {:membrane_common_c, "~> 0.2.0", [hex: :membrane_common_c, repo: "hexpm", optional: false]}, {:membrane_core, "~> 0.4.1", [hex: :membrane_core, repo: "hexpm", optional: false]}, {:unifex, "~> 0.2.0", [hex: :unifex, repo: "hexpm", optional: false]}], "hexpm"},
  "membrane_element_portaudio": {:hex, :membrane_element_portaudio, "0.3.0", "a856cd50511c0ea909fb0302eb5e0ee0940f8a354d81937b407afe52f1f3ea0e", [:mix], [{:bunch, "~> 1.2", [hex: :bunch, repo: "hexpm", optional: false]}, {:bundlex, "~> 0.2.0", [hex: :bundlex, repo: "hexpm", optional: false]}, {:membrane_caps_audio_raw, "~> 0.2.0", [hex: :membrane_caps_audio_raw, repo: "hexpm", optional: false]}, {:membrane_common_c, "~> 0.3.0", [hex: :membrane_common_c, repo: "hexpm", optional: false]}, {:membrane_core, "~> 0.5.0", [hex: :membrane_core, repo: "hexpm", optional: false]}, {:mockery, "~> 2.1", [hex: :mockery, repo: "hexpm", optional: false]}, {:unifex, "~> 0.2.0", [hex: :unifex, repo: "hexpm", optional: false]}], "hexpm"},
  "membrane_element_rtp": {:hex, :membrane_element_rtp, "0.3.0", "864b120a475984c00f9b8ce7d33cefff44c2b0fb6726f142bc4093a8b0a60c66", [:mix], [{:membrane_caps_rtp, "~> 0.1", [hex: :membrane_caps_rtp, repo: "hexpm", optional: false]}, {:membrane_core, "~> 0.5.0", [hex: :membrane_core, repo: "hexpm", optional: false]}], "hexpm"},
  "membrane_element_rtp_h264": {:hex, :membrane_element_rtp_h264, "0.2.0", "610e78759895c1f570822b9bee01f748ffa6a77a52c4f3c6f627e6a7124f0332", [:mix], [{:bunch, "~> 1.2", [hex: :bunch, repo: "hexpm", optional: false]}, {:membrane_caps_rtp, "~> 0.1", [hex: :membrane_caps_rtp, repo: "hexpm", optional: false]}, {:membrane_caps_video_h264, "~> 0.1", [hex: :membrane_caps_video_h264, repo: "hexpm", optional: false]}, {:membrane_core, "~> 0.5.0", [hex: :membrane_core, repo: "hexpm", optional: false]}], "hexpm"},
  "membrane_element_rtp_jitter_buffer": {:hex, :membrane_element_rtp_jitter_buffer, "0.2.0", "a8f4928ff35577cbf4632f3607a7560d3db7d8c85487ccf5fa3ef14671d27496", [:mix], [{:bunch, "~> 1.0", [hex: :bunch, repo: "hexpm", optional: false]}, {:heap, "~> 2.0.2", [hex: :heap, repo: "hexpm", optional: false]}, {:membrane_caps_rtp, "~> 0.1", [hex: :membrane_caps_rtp, repo: "hexpm", optional: false]}, {:membrane_core, "~> 0.5.0", [hex: :membrane_core, repo: "hexpm", optional: false]}], "hexpm"},
  "membrane_element_rtp_mpeguadio": {:hex, :membrane_element_rtp_mpeguadio, "0.3.0", "091560d59acda565f4219970f6275ceaffac61f2041860d176358b7089461457", [:mix], [{:membrane_caps_rtp, "~> 0.1", [hex: :membrane_caps_rtp, repo: "hexpm", optional: false]}, {:membrane_core, "~> 0.5.0", [hex: :membrane_core, repo: "hexpm", optional: false]}], "hexpm"},
  "membrane_element_sdl": {:hex, :membrane_element_sdl, "0.3.0", "06f79642463d77db7600d8855473232bb967fd3296dcd9c2e81aa790dd2fd95a", [:mix], [{:bundlex, "~> 0.2.6", [hex: :bundlex, repo: "hexpm", optional: false]}, {:membrane_caps_video_raw, "~> 0.1.0", [hex: :membrane_caps_video_raw, repo: "hexpm", optional: false]}, {:membrane_common_c, "~> 0.3.0", [hex: :membrane_common_c, repo: "hexpm", optional: false]}, {:membrane_core, "~> 0.5.0", [hex: :membrane_core, repo: "hexpm", optional: false]}, {:shmex, "~> 0.2.0", [hex: :shmex, repo: "hexpm", optional: false]}], "hexpm"},
  "membrane_element_udp": {:hex, :membrane_element_udp, "0.3.0", "75b5ea5266d1e4b7acdd7460add8864aedd4985ed9a87b8ec15219f35bca68a9", [:mix], [{:membrane_core, "~> 0.5.0", [hex: :membrane_core, repo: "hexpm", optional: false]}, {:mockery, "~> 2.3.0", [hex: :mockery, repo: "hexpm", optional: false]}], "hexpm"},
  "membrane_loggers": {:hex, :membrane_loggers, "0.2.6", "c44ce921dd69f7be6aa4361c8631cd4899c371a4565facaada30ff56bd1eb85f", [:mix], [{:bunch_native, "~> 0.2.0", [hex: :bunch_native, repo: "hexpm", optional: false]}, {:bundlex, "~> 0.2.7", [hex: :bundlex, repo: "hexpm", optional: false]}, {:membrane_common_c, "~> 0.2.2", [hex: :membrane_common_c, repo: "hexpm", optional: false]}, {:membrane_core, "~> 0.4.0", [hex: :membrane_core, repo: "hexpm", optional: false]}], "hexpm"},
  "membrane_protocol_sdp": {:hex, :membrane_protocol_sdp, "0.1.0", "33a15d355491e1aa70149e1d07545485fc4ee0435130e5ac3b0dc82f7eac74f6", [:mix], [{:bunch, "~> 1.0", [hex: :bunch, repo: "hexpm", optional: false]}], "hexpm"},
  "mockery": {:hex, :mockery, "2.3.1", "a02fd60b10ac9ed37a7a2ecf6786c1f1dd5c75d2b079a60594b089fba32dc087", [:mix], [], "hexpm"},
  "numbers": {:hex, :numbers, "5.1.1", "1277dbee5dc73b0e1608bd6d318bd8338cbcba5b68cade65f24e4bb402676b5c", [:mix], [{:coerce, "~> 1.0", [hex: :coerce, repo: "hexpm", optional: false]}, {:decimal, "~> 1.5", [hex: :decimal, repo: "hexpm", optional: true]}], "hexpm"},
  "parallel_stream": {:hex, :parallel_stream, "1.0.6", "b967be2b23f0f6787fab7ed681b4c45a215a81481fb62b01a5b750fa8f30f76c", [:mix], [], "hexpm"},
  "qex": {:hex, :qex, "0.5.0", "5a3a9becf67d4006377c4c247ffdaaa8ae5b3634a0caadb788dc24d6125068f4", [:mix], [], "hexpm"},
  "ratio": {:hex, :ratio, "2.2.2", "c26013b9af7d03cf451bbe11608046e4c9d06e127f5e387668ae97163e75a6dd", [:mix], [{:numbers, "~> 5.1.0", [hex: :numbers, repo: "hexpm", optional: false]}], "hexpm"},
  "secure_random": {:hex, :secure_random, "0.5.1", "c5532b37c89d175c328f5196a0c2a5680b15ebce3e654da37129a9fe40ebf51b", [:mix], [], "hexpm"},
  "shmex": {:hex, :shmex, "0.2.0", "2dc5e3919171e69993729fab2eee5bde6b679a4c7da91fd88e41c4254cc65fef", [:mix], [{:bunch_native, "~> 0.2.0", [hex: :bunch_native, repo: "hexpm", optional: false]}, {:bundlex, "~> 0.2.4", [hex: :bundlex, repo: "hexpm", optional: false]}], "hexpm"},
  "unifex": {:hex, :unifex, "0.2.5", "a279c09e0bc2a9a50b5fa0552c36783964601f803bb27813122bb17a03be4ebf", [:mix], [{:bunch, "~> 1.0", [hex: :bunch, repo: "hexpm", optional: false]}, {:bundlex, "~> 0.2.0", [hex: :bundlex, repo: "hexpm", optional: false]}, {:shmex, "~> 0.2.0", [hex: :shmex, repo: "hexpm", optional: false]}], "hexpm"},
}
