%{
  "bimap": {:hex, :bimap, "1.3.0", "3ea4832e58dc83a9b5b407c6731e7bae87458aa618e6d11d8e12114a17afa4b3", [:mix], [], "hexpm", "bf5a2b078528465aa705f405a5c638becd63e41d280ada41e0f77e6d255a10b4"},
  "bunch": {:hex, :bunch, "1.3.2", "9a3647e8bf8859482206c554d907b13d60aa8e40a3b82057a34bf71c0e23a0ae", [:mix], [], "hexpm", "dd89f2df6e6284c06cf9c44be5aae622f2a5a0804098167a0cb5370542c8c22b"},
  "bunch_native": {:hex, :bunch_native, "0.5.0", "8ac1536789a597599c10b652e0b526d8833348c19e4739a0759a2bedfd924e63", [:mix], [{:bundlex, "~> 1.0", [hex: :bundlex, repo: "hexpm", optional: false]}], "hexpm", "24190c760e32b23b36edeb2dc4852515c7c5b3b8675b1a864e0715bdd1c8f80d"},
  "bundlex": {:hex, :bundlex, "1.1.0", "16fff7cfd8a61394c4dc2b22fe6c478ba125f6e5798e3e81ef0bc07ff237bde4", [:mix], [{:bunch, "~> 1.0", [hex: :bunch, repo: "hexpm", optional: false]}, {:qex, "~> 0.5", [hex: :qex, repo: "hexpm", optional: false]}, {:secure_random, "~> 0.5", [hex: :secure_random, repo: "hexpm", optional: false]}], "hexpm", "9da48a102a924baf8b6161c7c1767b5d68eeba18dd9d37a241b8b2ddf87d8a8f"},
  "castore": {:hex, :castore, "0.1.19", "a2c3e46d62b7f3aa2e6f88541c21d7400381e53704394462b9fd4f06f6d42bb6", [:mix], [], "hexpm", "e96e0161a5dc82ef441da24d5fa74aefc40d920f3a6645d15e1f9f3e66bb2109"},
  "coerce": {:hex, :coerce, "1.0.1", "211c27386315dc2894ac11bc1f413a0e38505d808153367bd5c6e75a4003d096", [:mix], [], "hexpm", "b44a691700f7a1a15b4b7e2ff1fa30bebd669929ac8aa43cffe9e2f8bf051cf1"},
  "cowboy": {:hex, :cowboy, "2.9.0", "865dd8b6607e14cf03282e10e934023a1bd8be6f6bacf921a7e2a96d800cd452", [:make, :rebar3], [{:cowlib, "2.11.0", [hex: :cowlib, repo: "hexpm", optional: false]}, {:ranch, "1.8.0", [hex: :ranch, repo: "hexpm", optional: false]}], "hexpm", "2c729f934b4e1aa149aff882f57c6372c15399a20d54f65c8d67bef583021bde"},
  "cowboy_telemetry": {:hex, :cowboy_telemetry, "0.4.0", "f239f68b588efa7707abce16a84d0d2acf3a0f50571f8bb7f56a15865aae820c", [:rebar3], [{:cowboy, "~> 2.7", [hex: :cowboy, repo: "hexpm", optional: false]}, {:telemetry, "~> 1.0", [hex: :telemetry, repo: "hexpm", optional: false]}], "hexpm", "7d98bac1ee4565d31b62d59f8823dfd8356a169e7fcbb83831b8a5397404c9de"},
  "cowlib": {:hex, :cowlib, "2.11.0", "0b9ff9c346629256c42ebe1eeb769a83c6cb771a6ee5960bd110ab0b9b872063", [:make, :rebar3], [], "hexpm", "2b3e9da0b21c4565751a6d4901c20d1b4cc25cbb7fd50d91d2ab6dd287bc86a9"},
  "esbuild": {:hex, :esbuild, "0.5.0", "d5bb08ff049d7880ee3609ed5c4b864bd2f46445ea40b16b4acead724fb4c4a3", [:mix], [{:castore, ">= 0.0.0", [hex: :castore, repo: "hexpm", optional: false]}], "hexpm", "f183a0b332d963c4cfaf585477695ea59eef9a6f2204fdd0efa00e099694ffe5"},
  "ex_dtls": {:hex, :ex_dtls, "0.11.1", "1c4d9e235cd17f688e99b8359da45d132ad52ec91d18d0bac4d3d741cc35f7b8", [:mix], [{:unifex, "~> 1.0", [hex: :unifex, repo: "hexpm", optional: false]}], "hexpm", "249443c51aea5e9560f791cf023d0454533a7ea3efe70b3cb3956d7871147295"},
  "ex_libsrtp": {:hex, :ex_libsrtp, "0.6.0", "d96cd7fc1780157614f0bf47d31587e5eab953b43067f4885849f8177ec452a9", [:mix], [{:bunch, "~> 1.3", [hex: :bunch, repo: "hexpm", optional: false]}, {:unifex, "~> 1.0", [hex: :unifex, repo: "hexpm", optional: false]}], "hexpm", "e9ce8a507a658f7e2df72fae82a4b3ba0a056c175f0bc490e79ab03058e094d5"},
  "ex_sdp": {:hex, :ex_sdp, "0.8.0", "b9bb7cd398e8ba26a16751d2ccaf148a96109da48806d4bdadfe292c54960214", [:mix], [{:bunch, "~> 1.3", [hex: :bunch, repo: "hexpm", optional: false]}, {:uuid, "~> 1.1", [hex: :uuid, repo: "hexpm", optional: false]}], "hexpm", "5170471318e3f8970c3456cda2f4b9305e7cc8b082ea507e22c1aaae0fa55ebf"},
  "fake_turn": {:hex, :fake_turn, "0.2.4", "61af0c1f36c795dd689f4cc104daa48e681475a662102b3ff2ea380675134cdb", [:rebar3], [{:fast_tls, "1.1.13", [hex: :fast_tls, repo: "hexpm", optional: false]}, {:p1_utils, "1.0.23", [hex: :p1_utils, repo: "hexpm", optional: false]}], "hexpm", "9469f8e871079cfb2167fbd46b373d91637a43566700b41f18ff23d27f81087d"},
  "fast_tls": {:hex, :fast_tls, "1.1.13", "828cdc75e1e8fce8158846d2b971d8b4fe2b2ddcc75b759e88d751079bf78afd", [:rebar3], [{:p1_utils, "1.0.23", [hex: :p1_utils, repo: "hexpm", optional: false]}], "hexpm", "d1f422af40c7777fe534496f508ee86515cb929ad10f7d1d56aa94ce899b44a0"},
  "file_system": {:hex, :file_system, "0.2.10", "fb082005a9cd1711c05b5248710f8826b02d7d1784e7c3451f9c1231d4fc162d", [:mix], [], "hexpm", "41195edbfb562a593726eda3b3e8b103a309b733ad25f3d642ba49696bf715dc"},
  "floki": {:hex, :floki, "0.34.0", "002d0cc194b48794d74711731db004fafeb328fe676976f160685262d43706a8", [:mix], [], "hexpm", "9c3a9f43f40dde00332a589bd9d389b90c1f518aef500364d00636acc5ebc99c"},
  "heap": {:hex, :heap, "2.0.2", "d98cb178286cfeb5edbcf17785e2d20af73ca57b5a2cf4af584118afbcf917eb", [:mix], [], "hexpm", "ba9ea2fe99eb4bcbd9a8a28eaf71cbcac449ca1d8e71731596aace9028c9d429"},
  "jason": {:hex, :jason, "1.4.0", "e855647bc964a44e2f67df589ccf49105ae039d4179db7f6271dfd3843dc27e6", [:mix], [{:decimal, "~> 1.0 or ~> 2.0", [hex: :decimal, repo: "hexpm", optional: true]}], "hexpm", "79a3791085b2a0f743ca04cec0f7be26443738779d09302e01318f97bdb82121"},
  "membrane_common_c": {:hex, :membrane_common_c, "0.13.0", "c314623f93209eb2fa092379954c686f6e50ac89baa48360f836d24f4d53f5ee", [:mix], [{:membrane_core, "~> 0.10.0", [hex: :membrane_core, repo: "hexpm", optional: false]}, {:shmex, "~> 0.5.0", [hex: :shmex, repo: "hexpm", optional: false]}, {:unifex, "~> 1.0", [hex: :unifex, repo: "hexpm", optional: false]}], "hexpm", "90181fbbe481ccd0a4a76daf0300f8ad1b5b0bf0ebd8b42c133904f8839663ca"},
  "membrane_core": {:hex, :membrane_core, "0.10.2", "d2d17039f6df746e4a3c47da32f51867fbafe528272cdd9b226d16b1032bc337", [:mix], [{:bunch, "~> 1.3", [hex: :bunch, repo: "hexpm", optional: false]}, {:qex, "~> 0.3", [hex: :qex, repo: "hexpm", optional: false]}, {:ratio, "~> 2.0", [hex: :ratio, repo: "hexpm", optional: false]}, {:telemetry, "~> 1.0", [hex: :telemetry, repo: "hexpm", optional: false]}], "hexpm", "6a4f290f919ada66c772807d64d5830be2962b7c13a2f2bc9ace416a1cd19ee1"},
  "membrane_file_plugin": {:hex, :membrane_file_plugin, "0.12.0", "eb940e7a2f2abf30e048bd0b7c2bef9c17c18aa58875b9a833c0bc7e7b1fd709", [:mix], [{:membrane_core, "~> 0.10.0", [hex: :membrane_core, repo: "hexpm", optional: false]}], "hexpm", "281b9bf9467beead3f973adce55b9844bc4206bb3f3f60f0db8320a4af4fc5ca"},
  "membrane_funnel_plugin": {:hex, :membrane_funnel_plugin, "0.6.0", "9304062f458a56cb7fc3d7246f30fe90e25c0643801e432731555120c6396c86", [:mix], [{:membrane_core, "~> 0.10.0", [hex: :membrane_core, repo: "hexpm", optional: false]}], "hexpm", "4af002ecb070371de0d2f8ce6713ca81f6005ba4ae1df6a3fcc813a9cf2f348c"},
  "membrane_h264_ffmpeg_plugin": {:hex, :membrane_h264_ffmpeg_plugin, "0.21.6", "b0c1f360629013f7d17b1d3337f4d616ff1279e9baa30afff61983616caff174", [:mix], [{:bunch, "~> 1.3.0", [hex: :bunch, repo: "hexpm", optional: false]}, {:membrane_common_c, "~> 0.13.0", [hex: :membrane_common_c, repo: "hexpm", optional: false]}, {:membrane_core, "~> 0.10.0", [hex: :membrane_core, repo: "hexpm", optional: false]}, {:membrane_h264_format, "~> 0.3.0", [hex: :membrane_h264_format, repo: "hexpm", optional: false]}, {:membrane_raw_video_format, "~> 0.2.0", [hex: :membrane_raw_video_format, repo: "hexpm", optional: false]}, {:ratio, "~> 2.4.0", [hex: :ratio, repo: "hexpm", optional: false]}, {:unifex, "~> 1.0", [hex: :unifex, repo: "hexpm", optional: false]}], "hexpm", "1248931142e97c7864b63e2c5b011414916ab19f2e1bd3d766c0ddd01dda1599"},
  "membrane_h264_format": {:hex, :membrane_h264_format, "0.3.0", "84426aac86c3f4d3e8110438c3514ad94aa528e7002650d40e3b3862e2af5e3e", [:mix], [], "hexpm", "8254e52cea3c5d7c078c960a32f1ba338eeae9e301515302fd293f1683fa8dd9"},
  "membrane_ice_plugin": {:hex, :membrane_ice_plugin, "0.13.0", "d01bccdb53a7a8b096824cdeafb3c080adfee9aed2fd2abb93ff047cb5873c4b", [:mix], [{:bunch, "~> 1.3.0", [hex: :bunch, repo: "hexpm", optional: false]}, {:ex_dtls, "~> 0.11.0", [hex: :ex_dtls, repo: "hexpm", optional: false]}, {:fake_turn, "~> 0.2.0", [hex: :fake_turn, repo: "hexpm", optional: false]}, {:membrane_core, "~> 0.10.0", [hex: :membrane_core, repo: "hexpm", optional: false]}, {:membrane_funnel_plugin, "~> 0.6.0", [hex: :membrane_funnel_plugin, repo: "hexpm", optional: false]}, {:membrane_opentelemetry, "~> 0.1.0", [hex: :membrane_opentelemetry, repo: "hexpm", optional: false]}, {:membrane_rtp_format, "~> 0.5.0", [hex: :membrane_rtp_format, repo: "hexpm", optional: false]}, {:membrane_telemetry_metrics, "~> 0.1.0", [hex: :membrane_telemetry_metrics, repo: "hexpm", optional: false]}], "hexpm", "d310552a6021ae02b383f886e027f5fe8791b09d386b90c4d18997e222eb82b1"},
  "membrane_opentelemetry": {:hex, :membrane_opentelemetry, "0.1.0", "af774bc5b9bad3a822e9a26d8530819b0291b569a282c65a7dd51cc498e6e9cd", [:mix], [{:opentelemetry_api, "~> 1.0.0", [hex: :opentelemetry_api, repo: "hexpm", optional: false]}], "hexpm", "2e4072a5f14eb95514701e242a7667a7178dfc6afd313d4643ec0726391c243b"},
  "membrane_opus_format": {:hex, :membrane_opus_format, "0.3.0", "3804d9916058b7cfa2baa0131a644d8186198d64f52d592ae09e0942513cb4c2", [:mix], [], "hexpm", "8fc89c97be50de23ded15f2050fe603dcce732566fe6fdd15a2de01cb6b81afe"},
  "membrane_raw_video_format": {:hex, :membrane_raw_video_format, "0.2.0", "cda8eb207cf65c93690a19001aba3edbb2ba5d22abc8068a1f6a785ba871e8cf", [:mix], [], "hexpm", "6b716fc24f60834323637c95aaaa0f99be23fcc6a84a21af70195ef50185b634"},
  "membrane_rtc_engine": {:hex, :membrane_rtc_engine, "0.8.2", "11a8ca9707af89c58f9d31b093faf1b81373a533c0747598b9bda4aadc67299f", [:mix], [{:jason, "~> 1.2", [hex: :jason, repo: "hexpm", optional: false]}, {:membrane_aac_fdk_plugin, "~> 0.13.0", [hex: :membrane_aac_fdk_plugin, repo: "hexpm", optional: true]}, {:membrane_aac_plugin, "~> 0.12.0", [hex: :membrane_aac_plugin, repo: "hexpm", optional: true]}, {:membrane_core, "~> 0.10.0", [hex: :membrane_core, repo: "hexpm", optional: false]}, {:membrane_ffmpeg_swscale_plugin, "~> 0.10.0", [hex: :membrane_ffmpeg_swscale_plugin, repo: "hexpm", optional: true]}, {:membrane_file_plugin, "~> 0.12.0", [hex: :membrane_file_plugin, repo: "hexpm", optional: false]}, {:membrane_framerate_converter_plugin, "~> 0.5.0", [hex: :membrane_framerate_converter_plugin, repo: "hexpm", optional: true]}, {:membrane_h264_ffmpeg_plugin, "~> 0.21.5", [hex: :membrane_h264_ffmpeg_plugin, repo: "hexpm", optional: true]}, {:membrane_http_adaptive_stream_plugin, "~> 0.8.1", [hex: :membrane_http_adaptive_stream_plugin, repo: "hexpm", optional: true]}, {:membrane_mp4_plugin, "~> 0.16.1", [hex: :membrane_mp4_plugin, repo: "hexpm", optional: true]}, {:membrane_opentelemetry, "~> 0.1.0", [hex: :membrane_opentelemetry, repo: "hexpm", optional: false]}, {:membrane_opus_plugin, "~> 0.15.0", [hex: :membrane_opus_plugin, repo: "hexpm", optional: true]}, {:membrane_rtp_format, "~> 0.5.0", [hex: :membrane_rtp_format, repo: "hexpm", optional: false]}, {:membrane_rtp_h264_plugin, "~> 0.13.0", [hex: :membrane_rtp_h264_plugin, repo: "hexpm", optional: false]}, {:membrane_rtp_opus_plugin, "~> 0.6.0", [hex: :membrane_rtp_opus_plugin, repo: "hexpm", optional: false]}, {:membrane_rtp_vp8_plugin, "~> 0.6.0", [hex: :membrane_rtp_vp8_plugin, repo: "hexpm", optional: false]}, {:membrane_tee_plugin, "~> 0.9.0", [hex: :membrane_tee_plugin, repo: "hexpm", optional: false]}, {:membrane_telemetry_metrics, "~> 0.1.0", [hex: :membrane_telemetry_metrics, repo: "hexpm", optional: false]}, {:membrane_webrtc_plugin, "~> 0.10.0", [hex: :membrane_webrtc_plugin, repo: "hexpm", optional: false]}, {:opentelemetry, "~> 1.0.0", [hex: :opentelemetry, repo: "hexpm", optional: false]}, {:opentelemetry_api, "~> 1.0.0", [hex: :opentelemetry_api, repo: "hexpm", optional: false]}, {:qex, "~> 0.5", [hex: :qex, repo: "hexpm", optional: false]}, {:statistics, "~> 0.6", [hex: :statistics, repo: "hexpm", optional: false]}, {:unifex, "~> 1.0", [hex: :unifex, repo: "hexpm", optional: false]}, {:uuid, "~> 1.1", [hex: :uuid, repo: "hexpm", optional: false]}], "hexpm", "4d425cb2beda72b23f152307292845b6627bb56ab0043a1dbe5e59a6fbb7ceda"},
  "membrane_rtp_format": {:hex, :membrane_rtp_format, "0.5.0", "1b6930453be836bcc48ff71daeea76ac969cb726c0afda7203ddbbd76ca2db37", [:mix], [{:membrane_core, "~> 0.10.0", [hex: :membrane_core, repo: "hexpm", optional: false]}], "hexpm", "cd4d5c0389b154523d42781e492617e5d02a11af0f11163008f434a9f6179d5a"},
  "membrane_rtp_h264_plugin": {:hex, :membrane_rtp_h264_plugin, "0.13.0", "39c5cbe86471336e8d5cfae0f50d1e1b219b38af908f81d7971efe48c51dfd72", [:mix], [{:bunch, "~> 1.3", [hex: :bunch, repo: "hexpm", optional: false]}, {:membrane_core, "~> 0.10.0", [hex: :membrane_core, repo: "hexpm", optional: false]}, {:membrane_h264_format, "~> 0.3.0", [hex: :membrane_h264_format, repo: "hexpm", optional: false]}, {:membrane_rtp_format, "0.5.0", [hex: :membrane_rtp_format, repo: "hexpm", optional: false]}], "hexpm", "ace81e2783bc63ce54b1375ceb5c2e9c28114f6d03bfad8545b10a88403d1a47"},
  "membrane_rtp_opus_plugin": {:hex, :membrane_rtp_opus_plugin, "0.6.0", "3cb0e7f255567160077a6f8cb5ec4d9193aded19b83561a8a9d9c64a9594f55c", [:mix], [{:membrane_core, "~> 0.10.0", [hex: :membrane_core, repo: "hexpm", optional: false]}, {:membrane_opus_format, "~> 0.3.0", [hex: :membrane_opus_format, repo: "hexpm", optional: false]}, {:membrane_rtp_format, "~> 0.5.0", [hex: :membrane_rtp_format, repo: "hexpm", optional: false]}], "hexpm", "66c54bd9b041dade42c847c0184c633503cf2b829de1ebbf6cacabf4b5e7e9b0"},
  "membrane_rtp_plugin": {:hex, :membrane_rtp_plugin, "0.17.1", "59b1e78bab9c127ccadc3297f1f6f8803e033258b501e14f0e0227575f6aa669", [:mix], [{:bimap, "~> 1.2", [hex: :bimap, repo: "hexpm", optional: false]}, {:bunch, "~> 1.0", [hex: :bunch, repo: "hexpm", optional: false]}, {:ex_libsrtp, "~> 0.6.0", [hex: :ex_libsrtp, repo: "hexpm", optional: true]}, {:heap, "~> 2.0.2", [hex: :heap, repo: "hexpm", optional: false]}, {:membrane_core, "~> 0.10.0", [hex: :membrane_core, repo: "hexpm", optional: false]}, {:membrane_rtp_format, "~> 0.5.0", [hex: :membrane_rtp_format, repo: "hexpm", optional: false]}, {:membrane_telemetry_metrics, "~> 0.1.0", [hex: :membrane_telemetry_metrics, repo: "hexpm", optional: false]}, {:qex, "~> 0.5.1", [hex: :qex, repo: "hexpm", optional: false]}], "hexpm", "7655073e3fbc93039932266226b2ae87a1b4826ce6d5adfba91c20240272095f"},
  "membrane_rtp_vp8_plugin": {:hex, :membrane_rtp_vp8_plugin, "0.6.1", "3c198fcb7c3e4a6a7cd1ed33608cb5aeafeb739d044943211e8e52a9700a7094", [:mix], [{:membrane_core, "~> 0.10.0", [hex: :membrane_core, repo: "hexpm", optional: false]}, {:membrane_rtp_format, "~> 0.5.0", [hex: :membrane_rtp_format, repo: "hexpm", optional: false]}, {:membrane_vp8_format, "~> 0.4.0", [hex: :membrane_vp8_format, repo: "hexpm", optional: false]}], "hexpm", "acca382113d0fd0f6c9f9a8edb3221dd7a5bbefeb51868b4e2b188b9c0f23962"},
  "membrane_tee_plugin": {:hex, :membrane_tee_plugin, "0.9.1", "87bc24629718a43dd8b5ba7b721c5d59da43b4e954ed86ca9d2b050095c94483", [:mix], [{:bunch, "~> 1.0", [hex: :bunch, repo: "hexpm", optional: false]}, {:membrane_core, "~> 0.10.0", [hex: :membrane_core, repo: "hexpm", optional: false]}], "hexpm", "0a27e8efd5414fbe3cd7d88d812905ba7030c82a5f0b5799ad5ddbc637ac7aeb"},
  "membrane_telemetry_metrics": {:hex, :membrane_telemetry_metrics, "0.1.0", "cb93d28356b436b0597736c3e4153738d82d2a14ff547f831df7e9051e54fc06", [:mix], [{:telemetry, "~> 1.0", [hex: :telemetry, repo: "hexpm", optional: false]}, {:telemetry_metrics, "~> 0.6.1", [hex: :telemetry_metrics, repo: "hexpm", optional: false]}], "hexpm", "aba28dc8311f70ced95d984509be930fac55857d2d18bffcf768815e627be3f0"},
  "membrane_vp8_format": {:hex, :membrane_vp8_format, "0.4.0", "6c29ec67479edfbab27b11266dc92f18f3baf4421262c5c31af348c33e5b92c7", [:mix], [], "hexpm", "8bb005ede61db8fcb3535a883f32168b251c2dfd1109197c8c3b39ce28ed08e2"},
  "membrane_webrtc_plugin": {:hex, :membrane_webrtc_plugin, "0.10.0", "b0a4e47348c6f90be24fe5abc3a1c5ffc13dbb5c08c3553502c3970a80f92490", [:mix], [{:bunch, "~> 1.3.0", [hex: :bunch, repo: "hexpm", optional: false]}, {:ex_libsrtp, "~> 0.6.0", [hex: :ex_libsrtp, repo: "hexpm", optional: false]}, {:ex_sdp, "~> 0.8.0", [hex: :ex_sdp, repo: "hexpm", optional: false]}, {:membrane_core, "~> 0.10.0", [hex: :membrane_core, repo: "hexpm", optional: false]}, {:membrane_funnel_plugin, "~> 0.6.0", [hex: :membrane_funnel_plugin, repo: "hexpm", optional: false]}, {:membrane_h264_ffmpeg_plugin, "~> 0.21.0", [hex: :membrane_h264_ffmpeg_plugin, repo: "hexpm", optional: false]}, {:membrane_ice_plugin, "~> 0.13.0", [hex: :membrane_ice_plugin, repo: "hexpm", optional: false]}, {:membrane_opentelemetry, "~> 0.1.0", [hex: :membrane_opentelemetry, repo: "hexpm", optional: false]}, {:membrane_rtp_format, "~> 0.5.0", [hex: :membrane_rtp_format, repo: "hexpm", optional: false]}, {:membrane_rtp_h264_plugin, "~> 0.13.0", [hex: :membrane_rtp_h264_plugin, repo: "hexpm", optional: false]}, {:membrane_rtp_opus_plugin, "~> 0.6.0", [hex: :membrane_rtp_opus_plugin, repo: "hexpm", optional: false]}, {:membrane_rtp_plugin, "~> 0.17.0", [hex: :membrane_rtp_plugin, repo: "hexpm", optional: false]}, {:membrane_rtp_vp8_plugin, "~> 0.6.0", [hex: :membrane_rtp_vp8_plugin, repo: "hexpm", optional: false]}, {:opentelemetry, "~> 1.0.4", [hex: :opentelemetry, repo: "hexpm", optional: false]}, {:opentelemetry_api, "~> 1.0", [hex: :opentelemetry_api, repo: "hexpm", optional: false]}, {:qex, "~> 0.5.0", [hex: :qex, repo: "hexpm", optional: false]}], "hexpm", "e30952515f7ad655d4d9fb45c396edc6767240f7fa3b2f817772c009e8648902"},
  "mime": {:hex, :mime, "2.0.3", "3676436d3d1f7b81b5a2d2bd8405f412c677558c81b1c92be58c00562bb59095", [:mix], [], "hexpm", "27a30bf0db44d25eecba73755acf4068cbfe26a4372f9eb3e4ea3a45956bff6b"},
  "numbers": {:hex, :numbers, "5.2.4", "f123d5bb7f6acc366f8f445e10a32bd403c8469bdbce8ce049e1f0972b607080", [:mix], [{:coerce, "~> 1.0", [hex: :coerce, repo: "hexpm", optional: false]}, {:decimal, "~> 1.9 or ~> 2.0", [hex: :decimal, repo: "hexpm", optional: true]}], "hexpm", "eeccf5c61d5f4922198395bf87a465b6f980b8b862dd22d28198c5e6fab38582"},
  "opentelemetry": {:hex, :opentelemetry, "1.0.5", "f0cd36ac8b30b68e8d70cec5bb88801ed7f3fe79aac67597054ed5490542e810", [:rebar3], [{:opentelemetry_api, "~> 1.0", [hex: :opentelemetry_api, repo: "hexpm", optional: false]}], "hexpm", "3b17f8933a58e1246f42a0c215840fd8218aebbcabdb0aac62b0c766fe85542e"},
  "opentelemetry_api": {:hex, :opentelemetry_api, "1.0.3", "77f9644c42340cd8b18c728cde4822ed55ae136f0d07761b78e8c54da46af93a", [:mix, :rebar3], [], "hexpm", "4293e06bd369bc004e6fad5edbb56456d891f14bd3f9f1772b18f1923e0678ea"},
  "p1_utils": {:hex, :p1_utils, "1.0.23", "7f94466ada69bd982ea7bb80fbca18e7053e7d0b82c9d9e37621fa508587069b", [:rebar3], [], "hexpm", "47f21618694eeee5006af1c88731ad86b757161e7823c29b6f73921b571c8502"},
  "phoenix": {:hex, :phoenix, "1.6.15", "0a1d96bbc10747fd83525370d691953cdb6f3ccbac61aa01b4acb012474b047d", [:mix], [{:castore, ">= 0.0.0", [hex: :castore, repo: "hexpm", optional: false]}, {:jason, "~> 1.0", [hex: :jason, repo: "hexpm", optional: true]}, {:phoenix_pubsub, "~> 2.0", [hex: :phoenix_pubsub, repo: "hexpm", optional: false]}, {:phoenix_view, "~> 1.0 or ~> 2.0", [hex: :phoenix_view, repo: "hexpm", optional: false]}, {:plug, "~> 1.10", [hex: :plug, repo: "hexpm", optional: false]}, {:plug_cowboy, "~> 2.2", [hex: :plug_cowboy, repo: "hexpm", optional: true]}, {:plug_crypto, "~> 1.2", [hex: :plug_crypto, repo: "hexpm", optional: false]}, {:telemetry, "~> 0.4 or ~> 1.0", [hex: :telemetry, repo: "hexpm", optional: false]}], "hexpm", "d70ab9fbf6b394755ea88b644d34d79d8b146e490973151f248cacd122d20672"},
  "phoenix_html": {:hex, :phoenix_html, "3.2.0", "1c1219d4b6cb22ac72f12f73dc5fad6c7563104d083f711c3fcd8551a1f4ae11", [:mix], [{:plug, "~> 1.5", [hex: :plug, repo: "hexpm", optional: true]}], "hexpm", "36ec97ba56d25c0136ef1992c37957e4246b649d620958a1f9fa86165f8bc54f"},
  "phoenix_inline_svg": {:hex, :phoenix_inline_svg, "1.4.0", "e6e67c94d7c29650aeaf225cf7d5b8cffaf0a32f212a01ff8d0d32ea896ed733", [:mix], [{:floki, "~> 0.24", [hex: :floki, repo: "hexpm", optional: false]}, {:phoenix, "~> 1.4", [hex: :phoenix, repo: "hexpm", optional: false]}], "hexpm", "cfe43b743c68899c2d5c9a75c3edfdc5db7133ae8d0a6e35a26cfb917c194e20"},
  "phoenix_live_reload": {:hex, :phoenix_live_reload, "1.4.0", "4fe222c0be55fdc3f9c711e24955fc42a7cd9b7a2f5f406f2580a567c335a573", [:mix], [{:file_system, "~> 0.2.1 or ~> 0.3", [hex: :file_system, repo: "hexpm", optional: false]}, {:phoenix, "~> 1.4", [hex: :phoenix, repo: "hexpm", optional: false]}], "hexpm", "bebf0fc2d2113b61cb5968f585367234b7b4c21d963d691de7b4b2dc6cdaae6f"},
  "phoenix_live_view": {:hex, :phoenix_live_view, "0.16.4", "5692edd0bac247a9a816eee7394e32e7a764959c7d0cf9190662fc8b0cd24c97", [:mix], [{:jason, "~> 1.0", [hex: :jason, repo: "hexpm", optional: true]}, {:phoenix, "~> 1.5.9 or ~> 1.6.0", [hex: :phoenix, repo: "hexpm", optional: false]}, {:phoenix_html, "~> 3.0", [hex: :phoenix_html, repo: "hexpm", optional: false]}, {:telemetry, "~> 0.4.2 or ~> 1.0", [hex: :telemetry, repo: "hexpm", optional: false]}], "hexpm", "754ba49aa2e8601afd4f151492c93eb72df69b0b9856bab17711b8397e43bba0"},
  "phoenix_pubsub": {:hex, :phoenix_pubsub, "2.1.1", "ba04e489ef03763bf28a17eb2eaddc2c20c6d217e2150a61e3298b0f4c2012b5", [:mix], [], "hexpm", "81367c6d1eea5878ad726be80808eb5a787a23dee699f96e72b1109c57cdd8d9"},
  "phoenix_template": {:hex, :phoenix_template, "1.0.0", "c57bc5044f25f007dc86ab21895688c098a9f846a8dda6bc40e2d0ddc146e38f", [:mix], [{:phoenix_html, "~> 2.14.2 or ~> 3.0", [hex: :phoenix_html, repo: "hexpm", optional: true]}], "hexpm", "1b066f99a26fd22064c12b2600a9a6e56700f591bf7b20b418054ea38b4d4357"},
  "phoenix_view": {:hex, :phoenix_view, "2.0.2", "6bd4d2fd595ef80d33b439ede6a19326b78f0f1d8d62b9a318e3d9c1af351098", [:mix], [{:phoenix_html, "~> 2.14.2 or ~> 3.0", [hex: :phoenix_html, repo: "hexpm", optional: true]}, {:phoenix_template, "~> 1.0", [hex: :phoenix_template, repo: "hexpm", optional: false]}], "hexpm", "a929e7230ea5c7ee0e149ffcf44ce7cf7f4b6d2bfe1752dd7c084cdff152d36f"},
  "plug": {:hex, :plug, "1.14.0", "ba4f558468f69cbd9f6b356d25443d0b796fbdc887e03fa89001384a9cac638f", [:mix], [{:mime, "~> 1.0 or ~> 2.0", [hex: :mime, repo: "hexpm", optional: false]}, {:plug_crypto, "~> 1.1.1 or ~> 1.2", [hex: :plug_crypto, repo: "hexpm", optional: false]}, {:telemetry, "~> 0.4.3 or ~> 1.0", [hex: :telemetry, repo: "hexpm", optional: false]}], "hexpm", "bf020432c7d4feb7b3af16a0c2701455cbbbb95e5b6866132cb09eb0c29adc14"},
  "plug_cowboy": {:hex, :plug_cowboy, "2.6.0", "d1cf12ff96a1ca4f52207c5271a6c351a4733f413803488d75b70ccf44aebec2", [:mix], [{:cowboy, "~> 2.7", [hex: :cowboy, repo: "hexpm", optional: false]}, {:cowboy_telemetry, "~> 0.3", [hex: :cowboy_telemetry, repo: "hexpm", optional: false]}, {:plug, "~> 1.14", [hex: :plug, repo: "hexpm", optional: false]}], "hexpm", "073cf20b753ce6682ed72905cd62a2d4bd9bad1bf9f7feb02a1b8e525bd94fa6"},
  "plug_crypto": {:hex, :plug_crypto, "1.2.3", "8f77d13aeb32bfd9e654cb68f0af517b371fb34c56c9f2b58fe3df1235c1251a", [:mix], [], "hexpm", "b5672099c6ad5c202c45f5a403f21a3411247f164e4a8fab056e5cd8a290f4a2"},
  "poison": {:hex, :poison, "3.1.0", "d9eb636610e096f86f25d9a46f35a9facac35609a7591b3be3326e99a0484665", [:mix], [], "hexpm", "fec8660eb7733ee4117b85f55799fd3833eb769a6df71ccf8903e8dc5447cfce"},
  "qex": {:hex, :qex, "0.5.1", "0d82c0f008551d24fffb99d97f8299afcb8ea9cf99582b770bd004ed5af63fd6", [:mix], [], "hexpm", "935a39fdaf2445834b95951456559e9dc2063d0a055742c558a99987b38d6bab"},
  "ranch": {:hex, :ranch, "1.8.0", "8c7a100a139fd57f17327b6413e4167ac559fbc04ca7448e9be9057311597a1d", [:make, :rebar3], [], "hexpm", "49fbcfd3682fab1f5d109351b61257676da1a2fdbe295904176d5e521a2ddfe5"},
  "ratio": {:hex, :ratio, "2.4.2", "c8518f3536d49b1b00d88dd20d49f8b11abb7819638093314a6348139f14f9f9", [:mix], [{:decimal, "~> 1.6 or ~> 2.0", [hex: :decimal, repo: "hexpm", optional: true]}, {:numbers, "~> 5.2.0", [hex: :numbers, repo: "hexpm", optional: false]}], "hexpm", "441ef6f73172a3503de65ccf1769030997b0d533b1039422f1e5e0e0b4cbf89e"},
  "secure_random": {:hex, :secure_random, "0.5.1", "c5532b37c89d175c328f5196a0c2a5680b15ebce3e654da37129a9fe40ebf51b", [:mix], [], "hexpm", "1b9754f15e3940a143baafd19da12293f100044df69ea12db5d72878312ae6ab"},
  "shmex": {:hex, :shmex, "0.5.0", "7dc4fb1a8bd851085a652605d690bdd070628717864b442f53d3447326bcd3e8", [:mix], [{:bunch_native, "~> 0.5.0", [hex: :bunch_native, repo: "hexpm", optional: false]}, {:bundlex, "~> 1.0", [hex: :bundlex, repo: "hexpm", optional: false]}], "hexpm", "b67bb1e22734758397c84458dbb746519e28eac210423c267c7248e59fc97bdc"},
  "statistics": {:hex, :statistics, "0.6.2", "213dcedc2b3ae7fb775b5510ea9630c66d3c0019ea2f86d5096559853623a60d", [:mix], [], "hexpm", "329f1008dc4ad24430d94c04b52ff09d5fb435ab11f34360831f11eb0c391c17"},
  "telemetry": {:hex, :telemetry, "1.0.0", "0f453a102cdf13d506b7c0ab158324c337c41f1cc7548f0bc0e130bbf0ae9452", [:rebar3], [], "hexpm", "73bc09fa59b4a0284efb4624335583c528e07ec9ae76aca96ea0673850aec57a"},
  "telemetry_metrics": {:hex, :telemetry_metrics, "0.6.1", "315d9163a1d4660aedc3fee73f33f1d355dcc76c5c3ab3d59e76e3edf80eef1f", [:mix], [{:telemetry, "~> 0.4 or ~> 1.0", [hex: :telemetry, repo: "hexpm", optional: false]}], "hexpm", "7be9e0871c41732c233be71e4be11b96e56177bf15dde64a8ac9ce72ac9834c6"},
  "unifex": {:hex, :unifex, "1.0.1", "c8ebda892901e2fdb262a0ff95f4157fd5575709965b88a6415e43b527adcc0c", [:mix], [{:bunch, "~> 1.0", [hex: :bunch, repo: "hexpm", optional: false]}, {:bundlex, "~> 1.0", [hex: :bundlex, repo: "hexpm", optional: false]}, {:shmex, "~> 0.5.0", [hex: :shmex, repo: "hexpm", optional: false]}], "hexpm", "4b5217c06f5f8f82215d2edf077e40f7d4d0ee30c456b19f2eb99bfb484c558d"},
  "uuid": {:hex, :uuid, "1.1.8", "e22fc04499de0de3ed1116b770c7737779f226ceefa0badb3592e64d5cfb4eb9", [:mix], [], "hexpm", "c790593b4c3b601f5dc2378baae7efaf5b3d73c4c6456ba85759905be792f2ac"},
}
