%{
  "bimap": {:hex, :bimap, "1.0.1", "6c92d76d73ed1cf04b2b6e8548c732256da5fe9efe9ab64b90724db58bdc8f18", [:mix], [], "hexpm"},
  "bunch": {:hex, :bunch, "1.2.0", "f26c6c84e2e5e245620c73a0a4560ca91a75b25744012537e055426568916ab7", [:mix], [], "hexpm"},
  "bunch_native": {:hex, :bunch_native, "0.2.1", "0227d2a751a32f8c0b77dfec57c8dc7216351720c9c755c467e6d9387467fd1f", [:mix], [{:bundlex, "~> 0.2.7", [hex: :bundlex, repo: "hexpm", optional: false]}], "hexpm"},
  "bundlex": {:hex, :bundlex, "0.2.7", "8f46199bf4cf84a60cdfc142edeafbab37040167acc35dda8aa70433f2ff8162", [:mix], [{:bunch, "~> 1.0", [hex: :bunch, repo: "hexpm", optional: false]}, {:qex, "~> 0.5", [hex: :qex, repo: "hexpm", optional: false]}, {:secure_random, "~> 0.5", [hex: :secure_random, repo: "hexpm", optional: false]}], "hexpm"},
  "coerce": {:hex, :coerce, "1.0.1", "211c27386315dc2894ac11bc1f413a0e38505d808153367bd5c6e75a4003d096", [:mix], [], "hexpm"},
  "dialyxir": {:hex, :dialyxir, "1.0.0-rc.7", "6287f8f2cb45df8584317a4be1075b8c9b8a69de8eeb82b4d9e6c761cf2664cd", [:mix], [{:erlex, ">= 0.2.5", [hex: :erlex, repo: "hexpm", optional: false]}], "hexpm"},
  "erlex": {:hex, :erlex, "0.2.5", "e51132f2f472e13d606d808f0574508eeea2030d487fc002b46ad97e738b0510", [:mix], [], "hexpm"},
  "membrane_caps_audio_mpeg": {:hex, :membrane_caps_audio_mpeg, "0.2.0", "9cf9a63f03e25b31cf31445325aa68e60a07d36ee1e759caa1422fa45df49367", [:mix], [], "hexpm"},
  "membrane_caps_audio_raw": {:hex, :membrane_caps_audio_raw, "0.2.0", "0090049722ace1f30f1347d1353ba557b0ee71ea2f7b0db96467b6bde4dc46e5", [:mix], [{:bimap, "~> 1.0", [hex: :bimap, repo: "hexpm", optional: false]}, {:bunch, "~> 1.0", [hex: :bunch, repo: "hexpm", optional: false]}, {:membrane_core, "~> 0.5.0", [hex: :membrane_core, repo: "hexpm", optional: false]}], "hexpm"},
  "membrane_common_c": {:hex, :membrane_common_c, "0.3.0", "eb17da0e469eacb8f4afbfc47752bd80d749397951d971cd1df67332a5cf77c6", [:mix], [{:bundlex, "~> 0.2.0", [hex: :bundlex, repo: "hexpm", optional: false]}, {:membrane_core, "~> 0.5.0", [hex: :membrane_core, repo: "hexpm", optional: false]}, {:shmex, "~> 0.2.0", [hex: :shmex, repo: "hexpm", optional: false]}, {:unifex, "~> 0.2.0", [hex: :unifex, repo: "hexpm", optional: false]}], "hexpm"},
  "membrane_core": {:hex, :membrane_core, "0.5.0", "6fd6de1158ff1e8d58ec381d25b71b23b349718a785d6de67ffe6866e6a05b0a", [:mix], [{:bunch, "~> 1.2", [hex: :bunch, repo: "hexpm", optional: false]}, {:qex, "~> 0.3", [hex: :qex, repo: "hexpm", optional: false]}, {:ratio, "~> 2.0", [hex: :ratio, repo: "hexpm", optional: false]}], "hexpm"},
  "membrane_element_ffmpeg_swresample": {:hex, :membrane_element_ffmpeg_swresample, "0.3.0", "e7104192640f45060ccc412e0aae5f3cf41daf01d5c9f285e30ac5056d5b19b6", [:mix], [{:bunch, "~> 1.0", [hex: :bunch, repo: "hexpm", optional: false]}, {:bundlex, "~> 0.2.7", [hex: :bundlex, repo: "hexpm", optional: false]}, {:membrane_caps_audio_raw, "~> 0.2.0", [hex: :membrane_caps_audio_raw, repo: "hexpm", optional: false]}, {:membrane_common_c, "~> 0.3.0", [hex: :membrane_common_c, repo: "hexpm", optional: false]}, {:membrane_core, "~> 0.5.0", [hex: :membrane_core, repo: "hexpm", optional: false]}, {:mockery, "~> 2.1", [hex: :mockery, repo: "hexpm", optional: false]}, {:unifex, "~> 0.2.0", [hex: :unifex, repo: "hexpm", optional: false]}], "hexpm"},
  "membrane_element_file": {:hex, :membrane_element_file, "0.3.0", "45a7e5d42f794253752f14d15db3749596f32f44e42cc4e001c6b426915fdf4f", [:mix], [{:membrane_core, "~> 0.5.0", [hex: :membrane_core, repo: "hexpm", optional: false]}, {:mockery, "~> 2.2", [hex: :mockery, repo: "hexpm", optional: false]}], "hexpm"},
  "membrane_element_lame": {:hex, :membrane_element_lame, "0.1.0", "be2d29c2bd6668eb1622d289abe9def625c39a006662f1dff360fdb733edd084", [:mix], [{:bundlex, "~> 0.1", [hex: :bundlex, repo: "hexpm", optional: false]}, {:membrane_caps_audio_mpeg, "~> 0.1", [hex: :membrane_caps_audio_mpeg, repo: "hexpm", optional: false]}, {:membrane_caps_audio_raw, "~> 0.1", [hex: :membrane_caps_audio_raw, repo: "hexpm", optional: false]}, {:membrane_common_c, "~> 0.1", [hex: :membrane_common_c, repo: "hexpm", optional: false]}, {:membrane_core, "~> 0.1", [hex: :membrane_core, repo: "hexpm", optional: false]}], "hexpm"},
  "membrane_element_mad": {:hex, :membrane_element_mad, "0.3.0", "b9e808ea09e73904c6ee1850a5ec191e6d19ad3c68e22cd1be0c8de477ad390f", [:mix], [{:bundlex, "~> 0.2.0", [hex: :bundlex, repo: "hexpm", optional: false]}, {:membrane_caps_audio_mpeg, "~> 0.2.0", [hex: :membrane_caps_audio_mpeg, repo: "hexpm", optional: false]}, {:membrane_caps_audio_raw, "~> 0.2.0", [hex: :membrane_caps_audio_raw, repo: "hexpm", optional: false]}, {:membrane_common_c, "~> 0.3.0", [hex: :membrane_common_c, repo: "hexpm", optional: false]}, {:membrane_core, "~> 0.5.0", [hex: :membrane_core, repo: "hexpm", optional: false]}, {:unifex, "~> 0.2.0", [hex: :unifex, repo: "hexpm", optional: false]}], "hexpm"},
  "membrane_element_portaudio": {:hex, :membrane_element_portaudio, "0.3.1", "48fd69c6aa46d3ed3a77206b0d28924c0b7fd7a688117c1a5b117060abed25b6", [:mix], [{:bunch, "~> 1.2", [hex: :bunch, repo: "hexpm", optional: false]}, {:bundlex, "~> 0.2.0", [hex: :bundlex, repo: "hexpm", optional: false]}, {:membrane_caps_audio_raw, "~> 0.2.0", [hex: :membrane_caps_audio_raw, repo: "hexpm", optional: false]}, {:membrane_common_c, "~> 0.3.0", [hex: :membrane_common_c, repo: "hexpm", optional: false]}, {:membrane_core, "~> 0.5.0", [hex: :membrane_core, repo: "hexpm", optional: false]}, {:mockery, "~> 2.1", [hex: :mockery, repo: "hexpm", optional: false]}, {:unifex, "~> 0.2.0", [hex: :unifex, repo: "hexpm", optional: false]}], "hexpm"},
  "membrane_loggers": {:hex, :membrane_loggers, "0.3.0", "3dc97a16c459d0fd9eb35e177aa42974b806b21f298e1a7736516aef51d2b27d", [:mix], [{:bunch_native, "~> 0.2.0", [hex: :bunch_native, repo: "hexpm", optional: false]}, {:bundlex, "~> 0.2.7", [hex: :bundlex, repo: "hexpm", optional: false]}, {:membrane_common_c, "~> 0.3.0", [hex: :membrane_common_c, repo: "hexpm", optional: false]}, {:membrane_core, "~> 0.5.0", [hex: :membrane_core, repo: "hexpm", optional: false]}], "hexpm"},
  "mockery": {:hex, :mockery, "2.3.1", "a02fd60b10ac9ed37a7a2ecf6786c1f1dd5c75d2b079a60594b089fba32dc087", [:mix], [], "hexpm"},
  "numbers": {:hex, :numbers, "5.1.1", "1277dbee5dc73b0e1608bd6d318bd8338cbcba5b68cade65f24e4bb402676b5c", [:mix], [{:coerce, "~> 1.0", [hex: :coerce, repo: "hexpm", optional: false]}, {:decimal, "~> 1.5", [hex: :decimal, repo: "hexpm", optional: true]}], "hexpm"},
  "porcelain": {:hex, :porcelain, "2.0.3", "2d77b17d1f21fed875b8c5ecba72a01533db2013bd2e5e62c6d286c029150fdc", [:mix], [], "hexpm"},
  "qex": {:hex, :qex, "0.5.0", "5a3a9becf67d4006377c4c247ffdaaa8ae5b3634a0caadb788dc24d6125068f4", [:mix], [], "hexpm"},
  "ratio": {:hex, :ratio, "2.2.2", "c26013b9af7d03cf451bbe11608046e4c9d06e127f5e387668ae97163e75a6dd", [:mix], [{:numbers, "~> 5.1.0", [hex: :numbers, repo: "hexpm", optional: false]}], "hexpm"},
  "secure_random": {:hex, :secure_random, "0.5.1", "c5532b37c89d175c328f5196a0c2a5680b15ebce3e654da37129a9fe40ebf51b", [:mix], [], "hexpm"},
  "shmex": {:hex, :shmex, "0.2.0", "2dc5e3919171e69993729fab2eee5bde6b679a4c7da91fd88e41c4254cc65fef", [:mix], [{:bunch_native, "~> 0.2.0", [hex: :bunch_native, repo: "hexpm", optional: false]}, {:bundlex, "~> 0.2.4", [hex: :bundlex, repo: "hexpm", optional: false]}], "hexpm"},
  "unifex": {:hex, :unifex, "0.2.5", "a279c09e0bc2a9a50b5fa0552c36783964601f803bb27813122bb17a03be4ebf", [:mix], [{:bunch, "~> 1.0", [hex: :bunch, repo: "hexpm", optional: false]}, {:bundlex, "~> 0.2.0", [hex: :bundlex, repo: "hexpm", optional: false]}, {:shmex, "~> 0.2.0", [hex: :shmex, repo: "hexpm", optional: false]}], "hexpm"},
}
