%{
  "bimap": {:hex, :bimap, "1.3.0", "3ea4832e58dc83a9b5b407c6731e7bae87458aa618e6d11d8e12114a17afa4b3", [:mix], [], "hexpm", "bf5a2b078528465aa705f405a5c638becd63e41d280ada41e0f77e6d255a10b4"},
  "bunch": {:hex, :bunch, "1.6.0", "4775f8cdf5e801c06beed3913b0bd53fceec9d63380cdcccbda6be125a6cfd54", [:mix], [], "hexpm", "ef4e9abf83f0299d599daed3764d19e8eac5d27a5237e5e4d5e2c129cfeb9a22"},
  "bunch_native": {:hex, :bunch_native, "0.5.0", "8ac1536789a597599c10b652e0b526d8833348c19e4739a0759a2bedfd924e63", [:mix], [{:bundlex, "~> 1.0", [hex: :bundlex, repo: "hexpm", optional: false]}], "hexpm", "24190c760e32b23b36edeb2dc4852515c7c5b3b8675b1a864e0715bdd1c8f80d"},
  "bundlex": {:hex, :bundlex, "1.1.1", "e637b79a1eaab1bf019de4100b6db262aa3b660beff0cd2f3617949b1618eeda", [:mix], [{:bunch, "~> 1.0", [hex: :bunch, repo: "hexpm", optional: false]}, {:qex, "~> 0.5", [hex: :qex, repo: "hexpm", optional: false]}, {:secure_random, "~> 0.5", [hex: :secure_random, repo: "hexpm", optional: false]}], "hexpm", "1fdfa3d6240baa5a2d5496a86e2e43116f80105e93d9adfd4f1fc75be487ea30"},
  "bunt": {:hex, :bunt, "0.2.0", "951c6e801e8b1d2cbe58ebbd3e616a869061ddadcc4863d0a2182541acae9a38", [:mix], [], "hexpm", "7af5c7e09fe1d40f76c8e4f9dd2be7cebd83909f31fee7cd0e9eadc567da8353"},
  "coerce": {:hex, :coerce, "1.0.1", "211c27386315dc2894ac11bc1f413a0e38505d808153367bd5c6e75a4003d096", [:mix], [], "hexpm", "b44a691700f7a1a15b4b7e2ff1fa30bebd669929ac8aa43cffe9e2f8bf051cf1"},
  "credo": {:hex, :credo, "1.6.4", "ddd474afb6e8c240313f3a7b0d025cc3213f0d171879429bf8535d7021d9ad78", [:mix], [{:bunt, "~> 0.2.0", [hex: :bunt, repo: "hexpm", optional: false]}, {:file_system, "~> 0.2.8", [hex: :file_system, repo: "hexpm", optional: false]}, {:jason, "~> 1.0", [hex: :jason, repo: "hexpm", optional: false]}], "hexpm", "c28f910b61e1ff829bffa056ef7293a8db50e87f2c57a9b5c3f57eee124536b7"},
  "file_system": {:hex, :file_system, "0.2.10", "fb082005a9cd1711c05b5248710f8826b02d7d1784e7c3451f9c1231d4fc162d", [:mix], [], "hexpm", "41195edbfb562a593726eda3b3e8b103a309b733ad25f3d642ba49696bf715dc"},
  "jason": {:hex, :jason, "1.3.0", "fa6b82a934feb176263ad2df0dbd91bf633d4a46ebfdffea0c8ae82953714946", [:mix], [{:decimal, "~> 1.0 or ~> 2.0", [hex: :decimal, repo: "hexpm", optional: true]}], "hexpm", "53fc1f51255390e0ec7e50f9cb41e751c260d065dcba2bf0d08dc51a4002c2ac"},
  "membrane_aac_format": {:hex, :membrane_aac_format, "0.7.0", "93ea75b57d5cbee5db59f0250baba65a8949d32ee4cfa38224e93ea306c30048", [:mix], [{:bimap, "~> 1.1", [hex: :bimap, repo: "hexpm", optional: false]}], "hexpm", "3233d2a5a1b264039a198abcef3b7f1c64f5bde9704ec01afbf1bab43a56d415"},
  "membrane_camera_capture_plugin": {:hex, :membrane_camera_capture_plugin, "0.5.0", "3a4f7016d84c8eeff03d46ac48f05b5cbff0880def20fbb1a065c2ea7194a0af", [:mix], [{:membrane_core, "~> 0.12.0", [hex: :membrane_core, repo: "hexpm", optional: false]}, {:membrane_raw_video_format, "~> 0.3.0", [hex: :membrane_raw_video_format, repo: "hexpm", optional: false]}, {:unifex, "~> 1.0", [hex: :unifex, repo: "hexpm", optional: false]}], "hexpm", "ab41754a7c1366cd0e8a5bca038e77e0d5cd7799a4b25831b21c099a1f679f15"},
  "membrane_cmaf_format": {:hex, :membrane_cmaf_format, "0.6.1", "89d130b5f8786d4285d395697b0f7763a2c82a02de1658cdeb4f8e37e6a6c85c", [:mix], [], "hexpm", "e916e3c8216f3bf999b069ffda94da48c9bdbe3181ce7155a458d1ccf1a97b3d"},
  "membrane_common_c": {:hex, :membrane_common_c, "0.15.0", "4b6005c562bf025e4a53c95a9646a9f5fa993ac440dd44c1a4d1ea210ec53793", [:mix], [{:membrane_core, "~> 0.12.0", [hex: :membrane_core, repo: "hexpm", optional: false]}, {:shmex, "~> 0.5.0", [hex: :shmex, repo: "hexpm", optional: false]}, {:unifex, "~> 1.0", [hex: :unifex, repo: "hexpm", optional: false]}], "hexpm", "f9584cca9865ed754b8333e362d49d6c449c708d7c87be6c5f7bd5a1d978d6bf"},
  "membrane_core": {:hex, :membrane_core, "0.12.5", "098733b1677bd9235a74fc3dabcdff5459d879466c7dc4b862e485c161153947", [:mix], [{:bunch, "~> 1.6", [hex: :bunch, repo: "hexpm", optional: false]}, {:qex, "~> 0.3", [hex: :qex, repo: "hexpm", optional: false]}, {:ratio, "~> 2.0", [hex: :ratio, repo: "hexpm", optional: false]}, {:telemetry, "~> 1.0", [hex: :telemetry, repo: "hexpm", optional: false]}], "hexpm", "59ecef38a9c184a41810d23dfc77b899717538dd0a177bdbd57383c199f7675b"},
  "membrane_ffmpeg_swscale_plugin": {:hex, :membrane_ffmpeg_swscale_plugin, "0.12.0", "005d9b227f92f8738621dbf7f33817c0adaee6de4e52e0082d152877ce3a1777", [:mix], [{:membrane_common_c, "~> 0.15.0", [hex: :membrane_common_c, repo: "hexpm", optional: false]}, {:membrane_core, "~> 0.12.0", [hex: :membrane_core, repo: "hexpm", optional: false]}, {:membrane_raw_video_format, "~> 0.3.0", [hex: :membrane_raw_video_format, repo: "hexpm", optional: false]}, {:unifex, "~> 1.0", [hex: :unifex, repo: "hexpm", optional: false]}], "hexpm", "e504a8973ba95f29f3b567d76f1410889d5e3fcd72e3738803fd6e74e44df6f1"},
  "membrane_file_plugin": {:hex, :membrane_file_plugin, "0.14.0", "87f19f5f5afbfbaf2219b8f1d8496534cb9ad01fca74687910bf3f7aa866e244", [:mix], [{:membrane_core, "~> 0.12.0", [hex: :membrane_core, repo: "hexpm", optional: false]}], "hexpm", "28956f8d5d87735d499c57f1c24f62aeab71e0211863759e7e695ead966eb433"},
  "membrane_h264_ffmpeg_plugin": {:hex, :membrane_h264_ffmpeg_plugin, "0.27.0", "4fced15b5791b87758869537770d00b39d103d1239ef7311f4a883e036d83d7b", [:mix], [{:bunch, "~> 1.6", [hex: :bunch, repo: "hexpm", optional: false]}, {:membrane_common_c, "~> 0.15.0", [hex: :membrane_common_c, repo: "hexpm", optional: false]}, {:membrane_core, "~> 0.12.0", [hex: :membrane_core, repo: "hexpm", optional: false]}, {:membrane_h264_format, "~> 0.5.0", [hex: :membrane_h264_format, repo: "hexpm", optional: false]}, {:membrane_raw_video_format, "~> 0.3.0", [hex: :membrane_raw_video_format, repo: "hexpm", optional: false]}, {:ratio, "~> 2.4.0", [hex: :ratio, repo: "hexpm", optional: false]}, {:unifex, "~> 1.1", [hex: :unifex, repo: "hexpm", optional: false]}], "hexpm", "031887921970f793d11bfd2e2ed36ba6c3010b17c61a4702bcf50028431786dc"},
  "membrane_h264_format": {:hex, :membrane_h264_format, "0.5.0", "95c1cc00896dab6de322cee3be0c9b0b0840537b4cc49e82a34e901b4e4763f9", [:mix], [], "hexpm", "7b44e0b02d86b45d24699de3c970186dffbca6d51aca80bbed2f6a3fe5c9eba1"},
  "membrane_h264_plugin": {:hex, :membrane_h264_plugin, "0.4.1", "73f4019a298091605fc34f21296328cae81d1223991ae4cb1aae96509f6e20b9", [:mix], [{:bunch, "~> 1.4", [hex: :bunch, repo: "hexpm", optional: false]}, {:membrane_core, "~> 0.12.0", [hex: :membrane_core, repo: "hexpm", optional: false]}, {:membrane_h264_format, "~> 0.5.0", [hex: :membrane_h264_format, repo: "hexpm", optional: false]}], "hexpm", "4593d6f43e4a4829dd35c1d7e5405c411b42aa0a11fd0548e337852407ad3118"},
  "membrane_http_adaptive_stream_plugin": {:hex, :membrane_http_adaptive_stream_plugin, "0.15.0", "f1f1084b7c9a1a227da4bf31c3637d3cadc2d111e830f34f442faaf6d776539d", [:mix], [{:bunch, "~> 1.5", [hex: :bunch, repo: "hexpm", optional: false]}, {:membrane_cmaf_format, "~> 0.6.1", [hex: :membrane_cmaf_format, repo: "hexpm", optional: false]}, {:membrane_core, "~> 0.12.3", [hex: :membrane_core, repo: "hexpm", optional: false]}, {:membrane_mp4_plugin, "~> 0.24.1", [hex: :membrane_mp4_plugin, repo: "hexpm", optional: false]}, {:membrane_tee_plugin, "~> 0.11.0", [hex: :membrane_tee_plugin, repo: "hexpm", optional: false]}], "hexpm", "7e85d26ad72fbfe171fbd897292feb78bd4396355a075fd79c64d11a5e4fe902"},
  "membrane_mp4_format": {:hex, :membrane_mp4_format, "0.7.0", "0cc33f21dc571b43b4d2db66a056e2b7eecdc7ada71a9e0e923ab7a1554f15f2", [:mix], [], "hexpm", "7653a20e7b0c048ea05ffad6df88249abf4c1b63772c14dee843acffcad6b038"},
  "membrane_mp4_plugin": {:hex, :membrane_mp4_plugin, "0.24.1", "d6dda76d9811e6c0fc5c8c6f5701920432ef024a2f82973ce7fccdee10cdc9f5", [:mix], [{:bunch, "~> 1.5", [hex: :bunch, repo: "hexpm", optional: false]}, {:membrane_aac_format, "~> 0.7.0", [hex: :membrane_aac_format, repo: "hexpm", optional: false]}, {:membrane_cmaf_format, "~> 0.6.0", [hex: :membrane_cmaf_format, repo: "hexpm", optional: false]}, {:membrane_core, "~> 0.12.3", [hex: :membrane_core, repo: "hexpm", optional: false]}, {:membrane_file_plugin, "~> 0.14.0", [hex: :membrane_file_plugin, repo: "hexpm", optional: false]}, {:membrane_h264_format, "~> 0.5.0", [hex: :membrane_h264_format, repo: "hexpm", optional: false]}, {:membrane_h264_plugin, "~> 0.4.0", [hex: :membrane_h264_plugin, repo: "hexpm", optional: false]}, {:membrane_mp4_format, "~> 0.7.0", [hex: :membrane_mp4_format, repo: "hexpm", optional: false]}, {:membrane_opus_format, "~> 0.3.0", [hex: :membrane_opus_format, repo: "hexpm", optional: false]}], "hexpm", "d0f95edd324b6f0dfeeac70967da10082b156b1c56029c18cfc3860f15009a75"},
  "membrane_opus_format": {:hex, :membrane_opus_format, "0.3.0", "3804d9916058b7cfa2baa0131a644d8186198d64f52d592ae09e0942513cb4c2", [:mix], [], "hexpm", "8fc89c97be50de23ded15f2050fe603dcce732566fe6fdd15a2de01cb6b81afe"},
  "membrane_raw_video_format": {:hex, :membrane_raw_video_format, "0.3.0", "ba10f475e0814a6fe79602a74536b796047577c7ef5b0e33def27cd344229699", [:mix], [], "hexpm", "2f08760061c8a5386ecf04273480f10e48d25a1a40aa99476302b0bcd34ccb1c"},
  "membrane_tee_plugin": {:hex, :membrane_tee_plugin, "0.11.0", "7891283843fb42df788793217cc4117aa054de515b5e8a5b45109f069976e264", [:mix], [{:bunch, "~> 1.0", [hex: :bunch, repo: "hexpm", optional: false]}, {:membrane_core, "~> 0.12.0", [hex: :membrane_core, repo: "hexpm", optional: false]}], "hexpm", "1af8aff9488eb2303f18757a58d8d4a872f967fe66d2470e055e3c38dc770e88"},
  "mockery": {:hex, :mockery, "2.3.1", "a02fd60b10ac9ed37a7a2ecf6786c1f1dd5c75d2b079a60594b089fba32dc087", [:mix], [], "hexpm", "1d0971d88ebf084e962da3f2cfee16f0ea8e04ff73a7710428500d4500b947fa"},
  "numbers": {:hex, :numbers, "5.2.4", "f123d5bb7f6acc366f8f445e10a32bd403c8469bdbce8ce049e1f0972b607080", [:mix], [{:coerce, "~> 1.0", [hex: :coerce, repo: "hexpm", optional: false]}, {:decimal, "~> 1.9 or ~> 2.0", [hex: :decimal, repo: "hexpm", optional: true]}], "hexpm", "eeccf5c61d5f4922198395bf87a465b6f980b8b862dd22d28198c5e6fab38582"},
  "qex": {:hex, :qex, "0.5.1", "0d82c0f008551d24fffb99d97f8299afcb8ea9cf99582b770bd004ed5af63fd6", [:mix], [], "hexpm", "935a39fdaf2445834b95951456559e9dc2063d0a055742c558a99987b38d6bab"},
  "ratio": {:hex, :ratio, "2.4.2", "c8518f3536d49b1b00d88dd20d49f8b11abb7819638093314a6348139f14f9f9", [:mix], [{:decimal, "~> 1.6 or ~> 2.0", [hex: :decimal, repo: "hexpm", optional: true]}, {:numbers, "~> 5.2.0", [hex: :numbers, repo: "hexpm", optional: false]}], "hexpm", "441ef6f73172a3503de65ccf1769030997b0d533b1039422f1e5e0e0b4cbf89e"},
  "secure_random": {:hex, :secure_random, "0.5.1", "c5532b37c89d175c328f5196a0c2a5680b15ebce3e654da37129a9fe40ebf51b", [:mix], [], "hexpm", "1b9754f15e3940a143baafd19da12293f100044df69ea12db5d72878312ae6ab"},
  "shmex": {:hex, :shmex, "0.5.0", "7dc4fb1a8bd851085a652605d690bdd070628717864b442f53d3447326bcd3e8", [:mix], [{:bunch_native, "~> 0.5.0", [hex: :bunch_native, repo: "hexpm", optional: false]}, {:bundlex, "~> 1.0", [hex: :bundlex, repo: "hexpm", optional: false]}], "hexpm", "b67bb1e22734758397c84458dbb746519e28eac210423c267c7248e59fc97bdc"},
  "telemetry": {:hex, :telemetry, "1.2.1", "68fdfe8d8f05a8428483a97d7aab2f268aaff24b49e0f599faa091f1d4e7f61c", [:rebar3], [], "hexpm", "dad9ce9d8effc621708f99eac538ef1cbe05d6a874dd741de2e689c47feafed5"},
  "unifex": {:hex, :unifex, "1.1.0", "26b1bcb6c3b3454e1ea15f85b2e570aaa5b5c609566aa9f5c2e0a8b213379d6b", [:mix], [{:bunch, "~> 1.0", [hex: :bunch, repo: "hexpm", optional: false]}, {:bundlex, "~> 1.0", [hex: :bundlex, repo: "hexpm", optional: false]}, {:shmex, "~> 0.5.0", [hex: :shmex, repo: "hexpm", optional: false]}], "hexpm", "d8f47e9e3240301f5b20eec5792d1d4341e1a3a268d94f7204703b48da4aaa06"},
}
